
Microsoft Visual Studio Solution File, Format Version 12.00
# Visual Studio 15
VisualStudioVersion = 15.0.27130.2010
MinimumVisualStudioVersion = 10.0.40219.1
Project("{8BC9CEB8-8B4A-11D0-8D11-00A0C91BC942}") = "1로 만들기", "[DP]1로 만들기\[DP]1로 만들기.vcxproj", "{594FBF20-F9DD-4CB1-A971-61263A48D5C0}"
EndProject
Project("{8BC9CEB8-8B4A-11D0-8D11-00A0C91BC942}") = "욕심쟁이 판다", "[DP]욕심쟁이 판다\[DP]욕심쟁이 판다.vcxproj", "{C27FF94F-D59C-4D39-A9F1-2DE46D660662}"
EndProject
Project("{8BC9CEB8-8B4A-11D0-8D11-00A0C91BC942}") = "피보나치 함수", "[DP]피보나치 함수\[DP]피보나치 함수.vcxproj", "{A85EE9BF-4670-4264-9E00-874216039452}"
EndProject
Project("{8BC9CEB8-8B4A-11D0-8D11-00A0C91BC942}") = "Z", "[분할정복]Z\[분할정복]Z.vcxproj", "{FD08DDDB-2696-46F3-B502-67C8FC87E1EC}"
EndProject
Project("{8BC9CEB8-8B4A-11D0-8D11-00A0C91BC942}") = "종이의개수", "[분할정복]종이의개수\[분할정복]종이의개수.vcxproj", "{CA55FD85-84A8-4113-80DB-2D7CA166AB1B}"
EndProject
Project("{8BC9CEB8-8B4A-11D0-8D11-00A0C91BC942}") = "로또", "[완전탐색]로또\[완전탐색]로또.vcxproj", "{163FEA8F-43ED-48C3-A4BF-097E5799F90B}"
EndProject
Project("{8BC9CEB8-8B4A-11D0-8D11-00A0C91BC942}") = "일곱난쟁이", "[완전탐섹]일곱난쟁이\[완전탐섹]일곱난쟁이.vcxproj", "{C183459E-6C3E-41C8-86E9-FF52EFFA07D4}"
EndProject
Project("{8BC9CEB8-8B4A-11D0-8D11-00A0C91BC942}") = "A-B", "A-B\A-B.vcxproj", "{7A2649A6-6723-4266-8D4F-11F3B8C17F86}"
EndProject
Project("{8BC9CEB8-8B4A-11D0-8D11-00A0C91BC942}") = "막대기", "막대기\막대기.vcxproj", "{E2606293-23D7-4A8F-A8C3-EBE4E02BD691}"
EndProject
Project("{8BC9CEB8-8B4A-11D0-8D11-00A0C91BC942}") = "!___C++Test____", "!C++Test\!C++Test.vcxproj", "{56F73131-39AB-4E5B-9A20-4B3D32081318}"
EndProject
Project("{8BC9CEB8-8B4A-11D0-8D11-00A0C91BC942}") = "숫자의 개수", "숫자의 개수\숫자의 개수.vcxproj", "{E1A6EAA3-EFEB-4AB8-A813-7DD0072C11A6}"
EndProject
Project("{8BC9CEB8-8B4A-11D0-8D11-00A0C91BC942}") = "부녀회장이 될테야", "부녀회장이 될테야\부녀회장이 될테야.vcxproj", "{327CD8BE-48DD-4F6A-9D80-EB9AC7C46F05}"
EndProject
Project("{8BC9CEB8-8B4A-11D0-8D11-00A0C91BC942}") = "붕어빵 판매하기", "붕어빵 판매하기\붕어빵 판매하기.vcxproj", "{D35897AD-807E-426C-B44C-1AD78FF80E56}"
EndProject
Project("{8BC9CEB8-8B4A-11D0-8D11-00A0C91BC942}") = "OX퀴즈", "OX퀴즈\OX퀴즈.vcxproj", "{1A352A97-4805-4BAC-8292-622B1AD9F4C1}"
EndProject
Project("{8BC9CEB8-8B4A-11D0-8D11-00A0C91BC942}") = "셀프 넘버", "셀프 넘버\셀프 넘버.vcxproj", "{D8750082-B2B2-42F9-9E9A-0A0DCD9AEB11}"
EndProject
Project("{8BC9CEB8-8B4A-11D0-8D11-00A0C91BC942}") = "분수찾기", "분수찾기\분수찾기.vcxproj", "{DBD0FBE1-099B-43F9-85A9-50B4AFF88E9E}"
EndProject
Project("{8BC9CEB8-8B4A-11D0-8D11-00A0C91BC942}") = "이항 계수 1", "이항 계수 1\이항 계수 1.vcxproj", "{C2D72C78-BB50-4A36-833A-A61F57D3FDE6}"
EndProject
Project("{8BC9CEB8-8B4A-11D0-8D11-00A0C91BC942}") = "열 개씩 끊어 출력하기", "열 개씩 끊어 출력하기\열 개씩 끊어 출력하기.vcxproj", "{D5DDAFCC-3256-474A-9884-DF2FE54BB59C}"
EndProject
Project("{8BC9CEB8-8B4A-11D0-8D11-00A0C91BC942}") = "그룹 단어 체커", "그룹 단어 체커\그룹 단어 체커.vcxproj", "{AAA8C929-3FFB-4628-9ED4-57AFC5C0BDE8}"
EndProject
Project("{8BC9CEB8-8B4A-11D0-8D11-00A0C91BC942}") = "더하기 사이클", "더하기 사이클\더하기 사이클.vcxproj", "{1ECC65AD-F062-4AC5-9A1B-1709F75A7848}"
EndProject
Project("{8BC9CEB8-8B4A-11D0-8D11-00A0C91BC942}") = "벌집", "벌집\벌집.vcxproj", "{9AABAFE3-E7E8-4B2C-A5E2-924BB897602C}"
EndProject
Project("{8BC9CEB8-8B4A-11D0-8D11-00A0C91BC942}") = "평균", "평균\평균.vcxproj", "{C66BD765-37BD-49DA-A8A8-837A37BA01C8}"
EndProject
Project("{8BC9CEB8-8B4A-11D0-8D11-00A0C91BC942}") = "가장 큰 증가 부분 수열", "가장 큰 증가 부분 수열\가장 큰 증가 부분 수열.vcxproj", "{1A621C3E-7CCC-4D9D-B6D0-083543C06C1B}"
EndProject
Project("{8BC9CEB8-8B4A-11D0-8D11-00A0C91BC942}") = "큐", "큐\큐.vcxproj", "{F08A7F67-1D05-44F7-8C92-5C0A28736345}"
EndProject
Project("{8BC9CEB8-8B4A-11D0-8D11-00A0C91BC942}") = "최대공약수와 최소공배수", "최대공약수와 최소공배수\최대공약수와 최소공배수.vcxproj", "{837A339D-367B-4171-9152-DF756BB06640}"
EndProject
Project("{8BC9CEB8-8B4A-11D0-8D11-00A0C91BC942}") = "이동하기", "이동하기\이동하기.vcxproj", "{0AEF5682-4E54-4550-A49E-DDF1A8D21CA1}"
EndProject
Project("{8BC9CEB8-8B4A-11D0-8D11-00A0C91BC942}") = "한수", "한수\한수.vcxproj", "{168EC1BC-7CD2-4E99-89F5-FD99F6243816}"
EndProject
Project("{8BC9CEB8-8B4A-11D0-8D11-00A0C91BC942}") = "숫자의 합", "숫자의 합\숫자의 합.vcxproj", "{CCF69AD2-CE01-4541-BE41-00FF2B06F329}"
EndProject
Project("{8BC9CEB8-8B4A-11D0-8D11-00A0C91BC942}") = "2007년", "2007년\2007년.vcxproj", "{08CCCE4B-AAC2-4AC5-87EC-B7019303D7B0}"
EndProject
Project("{8BC9CEB8-8B4A-11D0-8D11-00A0C91BC942}") = "평균은 넘겠지", "평균은 넘겠지\평균은 넘겠지.vcxproj", "{C2817E12-D002-45CD-9519-05BA0584B6C3}"
EndProject
Project("{8BC9CEB8-8B4A-11D0-8D11-00A0C91BC942}") = "방 번호", "방 번호\방 번호.vcxproj", "{3FDDB1F9-5398-479D-AB4E-7B4860EE3BFE}"
EndProject
Project("{8BC9CEB8-8B4A-11D0-8D11-00A0C91BC942}") = "제곱수의 합", "제곱수의 합\제곱수의 합.vcxproj", "{689DBCB6-55DE-406F-B5F9-10D58E304F11}"
EndProject
Project("{8BC9CEB8-8B4A-11D0-8D11-00A0C91BC942}") = "스택", "스택\스택.vcxproj", "{D82CF23D-0213-4417-8006-87A5BA3D1DA3}"
EndProject
Project("{8BC9CEB8-8B4A-11D0-8D11-00A0C91BC942}") = "단지번호붙이기", "단지번호붙이기\단지번호붙이기.vcxproj", "{EF807B68-B62A-4147-B1E1-BFBF6E87A19C}"
EndProject
Project("{8BC9CEB8-8B4A-11D0-8D11-00A0C91BC942}") = "괄호", "괄호\괄호.vcxproj", "{7A1E5E74-F14F-42ED-805B-165D663BC215}"
EndProject
Project("{8BC9CEB8-8B4A-11D0-8D11-00A0C91BC942}") = "오르막 수", "오르막 수\오르막 수.vcxproj", "{2A22AA43-5D92-4D08-879D-7D60CD7351C3}"
EndProject
Project("{8BC9CEB8-8B4A-11D0-8D11-00A0C91BC942}") = "파도반 수열", "파도반 수열\파도반 수열.vcxproj", "{B5ABD590-450B-4FF2-ACA8-A2883E4998A6}"
EndProject
Project("{8BC9CEB8-8B4A-11D0-8D11-00A0C91BC942}") = "나이순 정렬", "나이순 정렬\나이순 정렬.vcxproj", "{DE5FC583-2B0D-45B5-8462-B3C41471E984}"
EndProject
Project("{8BC9CEB8-8B4A-11D0-8D11-00A0C91BC942}") = "ACM 호텔", "ACM 호텔\ACM 호텔.vcxproj", "{BAAAA189-D82F-4123-8571-B535C213EEED}"
EndProject
Project("{8BC9CEB8-8B4A-11D0-8D11-00A0C91BC942}") = "크로아티아 알파벳", "크로아티아 알파벳\크로아티아 알파벳.vcxproj", "{83FF6357-FDE4-45DF-8FDC-9EA7A6D9B1ED}"
EndProject
Project("{8BC9CEB8-8B4A-11D0-8D11-00A0C91BC942}") = "괄호의 값", "괄호의 값\괄호의 값.vcxproj", "{935B89C9-D930-4704-B781-5DAC6371A705}"
EndProject
Project("{8BC9CEB8-8B4A-11D0-8D11-00A0C91BC942}") = "경로 찾기", "경로 찾기\경로 찾기.vcxproj", "{D3E2811C-FA13-4229-8DBE-F953622E3711}"
EndProject
Project("{8BC9CEB8-8B4A-11D0-8D11-00A0C91BC942}") = "소수", "소수\소수.vcxproj", "{9F0FEC43-66D4-4946-97F6-CC0C76B98454}"
EndProject
Project("{8BC9CEB8-8B4A-11D0-8D11-00A0C91BC942}") = "단어 정렬", "단어 정렬\단어 정렬.vcxproj", "{57718D7F-F48F-4F94-BCAA-8F291297949B}"
EndProject
Project("{8BC9CEB8-8B4A-11D0-8D11-00A0C91BC942}") = "피보나치 수 2", "피보나치 수 2\피보나치 수 2.vcxproj", "{19C3704A-91EE-464E-A6B4-80F49D97A1F5}"
EndProject
Project("{8BC9CEB8-8B4A-11D0-8D11-00A0C91BC942}") = "이친수", "이친수\이친수.vcxproj", "{84401526-E36A-43BF-AD1E-B5FE984097B5}"
EndProject
Project("{8BC9CEB8-8B4A-11D0-8D11-00A0C91BC942}") = "알파벳", "알파벳\알파벳.vcxproj", "{F84115B4-614F-49BA-8D7E-0714CEF75E74}"
EndProject
Project("{8BC9CEB8-8B4A-11D0-8D11-00A0C91BC942}") = "조세퍼스 문제", "조세퍼스 문제\조세퍼스 문제.vcxproj", "{A7CBE76F-52A8-4118-990D-83F1EACA69C7}"
EndProject
Project("{8BC9CEB8-8B4A-11D0-8D11-00A0C91BC942}") = "연산자 끼워넣기", "연산자 끼워넣기\연산자 끼워넣기.vcxproj", "{9B378538-D441-439B-B7DD-109EA2240A99}"
EndProject
Project("{8BC9CEB8-8B4A-11D0-8D11-00A0C91BC942}") = "유기농 배추", "유기농 배추\유기농 배추.vcxproj", "{8A3B3721-EEAD-4C45-B910-5AE266AED9FB}"
EndProject
Project("{8BC9CEB8-8B4A-11D0-8D11-00A0C91BC942}") = "단어 공부", "단어 공부\단어 공부.vcxproj", "{093E4A69-CD91-4E94-8A90-735E9A24AA72}"
EndProject
Project("{8BC9CEB8-8B4A-11D0-8D11-00A0C91BC942}") = "팰린드롬", "팰린드롬\팰린드롬.vcxproj", "{91D96B21-226B-49EF-ADFA-540670F8B016}"
EndProject
Project("{8BC9CEB8-8B4A-11D0-8D11-00A0C91BC942}") = "소수 구하기", "소수 구하기\소수 구하기.vcxproj", "{4F809FCE-4206-4322-A35E-FD0E84B09B00}"
EndProject
Project("{8BC9CEB8-8B4A-11D0-8D11-00A0C91BC942}") = "휴대폰 자판", "휴대폰 자판\휴대폰 자판.vcxproj", "{E278B56B-D069-4197-81CD-A1FABAFA105E}"
EndProject
Project("{8BC9CEB8-8B4A-11D0-8D11-00A0C91BC942}") = "네트워크 연결", "네트워크 연결\네트워크 연결.vcxproj", "{857D1393-7D84-43ED-9945-D83EE96D6082}"
EndProject
Project("{8BC9CEB8-8B4A-11D0-8D11-00A0C91BC942}") = "타일 채우기", "타일 채우기\타일 채우기.vcxproj", "{AB7A4829-3D95-499F-BB1A-847C9A8A545F}"
EndProject
Project("{8BC9CEB8-8B4A-11D0-8D11-00A0C91BC942}") = "초콜릿 자르기", "초콜릿 자르기\초콜릿 자르기.vcxproj", "{F2FB44B1-2479-456B-BA5A-FEB2322132FE}"
EndProject
Project("{8BC9CEB8-8B4A-11D0-8D11-00A0C91BC942}") = "만취한 상범", "만취한 상범\만취한 상범.vcxproj", "{AA6D2721-6438-47EE-BE51-78A4F93D216B}"
EndProject
Project("{8BC9CEB8-8B4A-11D0-8D11-00A0C91BC942}") = "수 정렬하기 3", "수 정렬하기 3\수 정렬하기 3.vcxproj", "{2254A8D4-8AC5-4A9D-B862-3670710FACC1}"
EndProject
Project("{8BC9CEB8-8B4A-11D0-8D11-00A0C91BC942}") = "기타리스트", "기타리스트\기타리스트.vcxproj", "{16103BA6-7C1A-48BE-ACD6-3D632A64472F}"
EndProject
Project("{8BC9CEB8-8B4A-11D0-8D11-00A0C91BC942}") = "화학식량", "화학식량\화학식량.vcxproj", "{87D7FAF8-01A4-4D8F-A12A-F0C635CF7DF1}"
EndProject
Project("{8BC9CEB8-8B4A-11D0-8D11-00A0C91BC942}") = "행성 터널", "행성 터널\행성 터널.vcxproj", "{A5C0DF45-2336-44A4-B51F-80A814E15F40}"
EndProject
Project("{8BC9CEB8-8B4A-11D0-8D11-00A0C91BC942}") = "여우는 어떻게 울지", "여우는 어떻게 울지\여우는 어떻게 울지.vcxproj", "{1D55F59C-9975-43D1-BE32-A6F99DC383CE}"
EndProject
Project("{8BC9CEB8-8B4A-11D0-8D11-00A0C91BC942}") = "거스름돈", "거스름돈\거스름돈.vcxproj", "{202F4DE7-7FB3-4ABD-857C-62757F1A144C}"
EndProject
Project("{8BC9CEB8-8B4A-11D0-8D11-00A0C91BC942}") = "가장 긴 감소하는 부분 수열", "가장 긴 감소하는 부분 수열\가장 긴 감소하는 부분 수열.vcxproj", "{24C214A9-F942-4CBB-A745-C8FADCC57B5C}"
EndProject
Project("{8BC9CEB8-8B4A-11D0-8D11-00A0C91BC942}") = "파스칼 삼각형", "파스칼 삼각형\파스칼 삼각형.vcxproj", "{AC466B04-059D-4CC8-9F07-60442389D6CB}"
EndProject
Project("{8BC9CEB8-8B4A-11D0-8D11-00A0C91BC942}") = "다리 놓기", "다리 놓기\다리 놓기.vcxproj", "{0E1870B4-E8B0-4931-825A-B65015488CD9}"
EndProject
Project("{8BC9CEB8-8B4A-11D0-8D11-00A0C91BC942}") = "나이트의 이동", "나이트의 이동\나이트의 이동.vcxproj", "{913BBE3D-B45B-4233-A600-B36051DCCFB9}"
EndProject
Project("{8BC9CEB8-8B4A-11D0-8D11-00A0C91BC942}") = "데스스타", "데스스타\데스스타.vcxproj", "{2A1B7EE0-D6B0-410B-BE23-571EE1B3447B}"
EndProject
Project("{8BC9CEB8-8B4A-11D0-8D11-00A0C91BC942}") = "이진수", "이진수\이진수.vcxproj", "{9BC16C16-7C68-4264-A110-19D005438186}"
EndProject
Project("{8BC9CEB8-8B4A-11D0-8D11-00A0C91BC942}") = "암호 만들기", "암호 만들기\암호 만들기.vcxproj", "{39CB86C8-FE57-469E-85D9-654A0FC6FB2C}"
EndProject
Project("{8BC9CEB8-8B4A-11D0-8D11-00A0C91BC942}") = "국영수", "국영수\국영수.vcxproj", "{78A80E8A-D369-4AA3-8C69-191F93CCBFFA}"
EndProject
Project("{8BC9CEB8-8B4A-11D0-8D11-00A0C91BC942}") = "바이러스", "바이러스\바이러스.vcxproj", "{8615A556-8D49-4620-8FBB-796B48D6A6C4}"
EndProject
Project("{8BC9CEB8-8B4A-11D0-8D11-00A0C91BC942}") = "달팽이는 올라가고 싶다", "달팽이는 올라가고 싶다\달팽이는 올라가고 싶다.vcxproj", "{6EF29F53-C7DB-4249-8162-27B31D77AB20}"
EndProject
Project("{8BC9CEB8-8B4A-11D0-8D11-00A0C91BC942}") = "안전 영역", "안전 영역\안전 영역.vcxproj", "{3556A71E-D6A9-4E76-B771-8AF9C38FCD3C}"
EndProject
Project("{8BC9CEB8-8B4A-11D0-8D11-00A0C91BC942}") = "2×n 타일링 2", "2×n 타일링 2\2×n 타일링 2.vcxproj", "{62B14805-9C0B-495D-97A2-3B3F19544A79}"
EndProject
Project("{8BC9CEB8-8B4A-11D0-8D11-00A0C91BC942}") = "부분집합의 합", "부분집합의 합\부분집합의 합.vcxproj", "{0CB94535-56D0-4798-ABD8-255333E4BDC6}"
EndProject
Project("{8BC9CEB8-8B4A-11D0-8D11-00A0C91BC942}") = "미로 탐색", "미로 탐색\미로 탐색.vcxproj", "{341B725A-B12A-45F1-AE9D-F49B282E56D4}"
EndProject
Project("{8BC9CEB8-8B4A-11D0-8D11-00A0C91BC942}") = "DFS와 BFS", "DFS와 BFS\DFS와 BFS.vcxproj", "{24B03135-7A7D-45DA-A091-92B3C3CC2F32}"
EndProject
Project("{8BC9CEB8-8B4A-11D0-8D11-00A0C91BC942}") = "구간 합 구하기(SegmentTree)", "세그먼트 트리\세그먼트 트리.vcxproj", "{19459C94-FDCE-4542-9C03-959C2933121E}"
EndProject
Project("{8BC9CEB8-8B4A-11D0-8D11-00A0C91BC942}") = "최단경로(다익스트라)", "최단경로(다익스트라)\최단경로(다익스트라).vcxproj", "{7E6DA097-2500-4AD1-BAA9-F831CDFBE900}"
EndProject
Project("{8BC9CEB8-8B4A-11D0-8D11-00A0C91BC942}") = "그대로 출력하기", "그대로 출력하기\그대로 출력하기.vcxproj", "{4A56E1DD-0C61-4A74-A926-E377CC48BE73}"
EndProject
Project("{8BC9CEB8-8B4A-11D0-8D11-00A0C91BC942}") = "집합의 표현(유니온 파인드)", "집합의 표현(유니온 파인드)\집합의 표현(유니온 파인드).vcxproj", "{EA7AAC1E-1708-4F24-AA01-8FCD92212D47}"
EndProject
Project("{8BC9CEB8-8B4A-11D0-8D11-00A0C91BC942}") = "점프", "점프\점프.vcxproj", "{C432A086-E81B-4997-9C3D-FF81F77E486F}"
EndProject
Project("{8BC9CEB8-8B4A-11D0-8D11-00A0C91BC942}") = "연속합", "연속합(LIS)\연속합(LIS).vcxproj", "{3B6C6E0D-5F84-439C-BF91-19373AF2C416}"
EndProject
Project("{8BC9CEB8-8B4A-11D0-8D11-00A0C91BC942}") = "집합", "집합\집합.vcxproj", "{9358D735-6DA8-4A48-ADE3-8C7A82BBBE2B}"
EndProject
Project("{8BC9CEB8-8B4A-11D0-8D11-00A0C91BC942}") = "설탕 배달", "설탕 배달\설탕 배달.vcxproj", "{EDC675B5-B4EC-4B38-B81F-892F5025BAD1}"
EndProject
Project("{8BC9CEB8-8B4A-11D0-8D11-00A0C91BC942}") = "소인수분해", "소인수분해\소인수분해.vcxproj", "{B448FDE6-8B4B-4A17-A65D-A91CF9D3612B}"
EndProject
Project("{8BC9CEB8-8B4A-11D0-8D11-00A0C91BC942}") = "회의실배정", "회의실배정\회의실배정.vcxproj", "{5080955D-45C6-439E-8765-B92B2BF0BC0C}"
EndProject
Project("{8BC9CEB8-8B4A-11D0-8D11-00A0C91BC942}") = "Fly me to the Alpha Centauri", "Fly me to the Alpha Centauri\Fly me to the Alpha Centauri.vcxproj", "{87219C32-55E7-40D7-92EF-7E1D441FA160}"
EndProject
Project("{8BC9CEB8-8B4A-11D0-8D11-00A0C91BC942}") = "섬의 개수", "섬의 개수\섬의 개수.vcxproj", "{963ECF8A-ECE5-4BCA-8F40-801E313F3120}"
EndProject
Project("{8BC9CEB8-8B4A-11D0-8D11-00A0C91BC942}") = "숨바꼭질", "숨바꼽질\숨바꼽질.vcxproj", "{0A64D5B7-CA4E-4648-83E0-B20A9A67DFF0}"
EndProject
Project("{8BC9CEB8-8B4A-11D0-8D11-00A0C91BC942}") = "토마토", "토마토\토마토.vcxproj", "{6E23A453-E68B-4CF1-B8F7-E9CA58A4D3C4}"
EndProject
Project("{8BC9CEB8-8B4A-11D0-8D11-00A0C91BC942}") = "최소비용 구하기", "최소비용 구하기\최소비용 구하기.vcxproj", "{ACD73757-786F-4D16-93AE-46FA6BD403E2}"
EndProject
Project("{8BC9CEB8-8B4A-11D0-8D11-00A0C91BC942}") = "특정한 최단 경로", "특정한 최단 경로\특정한 최단 경로.vcxproj", "{A93ABE20-C1A8-4660-8AC7-D6A51512C538}"
EndProject
Project("{8BC9CEB8-8B4A-11D0-8D11-00A0C91BC942}") = "큰수 A+B", "큰수 A+B\큰수 A+B.vcxproj", "{C04FBD2C-593B-40EA-B930-B730959D94DA}"
EndProject
Project("{8BC9CEB8-8B4A-11D0-8D11-00A0C91BC942}") = "타임머신", "타임머신\타임머신.vcxproj", "{A74EEBC1-F58B-4D02-B5BC-20D1BC333D41}"
EndProject
Project("{8BC9CEB8-8B4A-11D0-8D11-00A0C91BC942}") = "웜홀", "웜홀\웜홀.vcxproj", "{00304524-A6BF-4A8E-A152-AE56596C4D9E}"
EndProject
Project("{8BC9CEB8-8B4A-11D0-8D11-00A0C91BC942}") = "프린터 큐", "프린터 큐\프린터 큐.vcxproj", "{45D1AF44-1F9F-4B4E-97B9-42471DC9E868}"
EndProject
Project("{8BC9CEB8-8B4A-11D0-8D11-00A0C91BC942}") = "칠무해", "칠무해\칠무해.vcxproj", "{B859CCEC-E21A-4AB1-8230-546878568DA1}"
EndProject
Project("{8BC9CEB8-8B4A-11D0-8D11-00A0C91BC942}") = "스티커", "스티커\스티커.vcxproj", "{15999D3E-D3D2-4CBB-BDF9-F4849727FA66}"
EndProject
Project("{8BC9CEB8-8B4A-11D0-8D11-00A0C91BC942}") = "나무 자르기", "나무 자르기\나무 자르기.vcxproj", "{DF274980-5CD3-4450-BBBF-9B2412DBAE51}"
EndProject
Project("{8BC9CEB8-8B4A-11D0-8D11-00A0C91BC942}") = "예산", "예산\예산.vcxproj", "{A64081A5-9FDA-4E18-A282-06376EB90AF8}"
EndProject
Project("{8BC9CEB8-8B4A-11D0-8D11-00A0C91BC942}") = "중량제한", "중량제한\중량제한.vcxproj", "{933F31FB-3120-4DB0-8E6B-B827F352CB4C}"
EndProject
Project("{8BC9CEB8-8B4A-11D0-8D11-00A0C91BC942}") = "게임(이분탐색)", "게임(이분탐색)\게임(이분탐색).vcxproj", "{2F45BB3C-7FF6-4879-854C-EBE8BA8923C8}"
EndProject
Project("{8BC9CEB8-8B4A-11D0-8D11-00A0C91BC942}") = "합이 0인 네 정수", "합이 0인 네 정수\합이 0인 네 정수.vcxproj", "{3154497B-EF99-4F47-A55D-8E4DAA3FFD55}"
EndProject
Project("{8BC9CEB8-8B4A-11D0-8D11-00A0C91BC942}") = "입국심사", "입국심사\입국심사.vcxproj", "{A509B070-180F-4CD4-AED3-E2957A73C098}"
EndProject
Project("{8BC9CEB8-8B4A-11D0-8D11-00A0C91BC942}") = "개똥벌레", "개똥벌레\개똥벌레.vcxproj", "{E53D05CB-2E88-4972-8548-4ACB1512DD1D}"
EndProject
Project("{8BC9CEB8-8B4A-11D0-8D11-00A0C91BC942}") = "로봇 프로젝트", "로봇 프로젝트\로봇 프로젝트.vcxproj", "{4FE7C82C-3BEA-424C-B502-21690D09883D}"
EndProject
Project("{8BC9CEB8-8B4A-11D0-8D11-00A0C91BC942}") = "기타 레슨", "기타 레슨\기타 레슨.vcxproj", "{DEE4127C-DFFD-4E86-A32A-6B2B4434A8AB}"
EndProject
Project("{8BC9CEB8-8B4A-11D0-8D11-00A0C91BC942}") = "보석 상자", "보석 상자\보석 상자.vcxproj", "{3AE783DD-66EF-448E-8D5F-87E036697F1F}"
EndProject
Project("{8BC9CEB8-8B4A-11D0-8D11-00A0C91BC942}") = "백설공주와 난쟁이", "백설공주와 난쟁이\백설공주와 난쟁이.vcxproj", "{60A003D9-4990-4F1A-982B-AD1F87B4A0D9}"
EndProject
Project("{8BC9CEB8-8B4A-11D0-8D11-00A0C91BC942}") = "사다리", "사다리\사다리.vcxproj", "{2FA7CAE8-0AD0-4490-AE43-1505BC84E306}"
EndProject
Project("{8BC9CEB8-8B4A-11D0-8D11-00A0C91BC942}") = "용돈 관리", "용돈 관리\용돈 관리.vcxproj", "{9352B561-D7FE-4EA7-AE9F-4482E21C1B9C}"
EndProject
Project("{8BC9CEB8-8B4A-11D0-8D11-00A0C91BC942}") = "쇠막대기", "쇠막대기\쇠막대기.vcxproj", "{2CA8F1D6-A49E-4E6E-8DF2-D75515C85DE7}"
EndProject
Project("{8BC9CEB8-8B4A-11D0-8D11-00A0C91BC942}") = "에디터", "에디터\에디터.vcxproj", "{846A5B9F-0857-418D-9369-BF5964636E8C}"
EndProject
Project("{8BC9CEB8-8B4A-11D0-8D11-00A0C91BC942}") = "가장 긴 증가하는 부분 수열", "가장 긴 증가하는 부분 수열\가장 긴 증가하는 부분 수열.vcxproj", "{AB93030B-4F60-45E7-B17E-D57C65F53C77}"
EndProject
Project("{8BC9CEB8-8B4A-11D0-8D11-00A0C91BC942}") = "합분해", "합분해\합분해.vcxproj", "{BD3223AA-691C-452E-9C99-471A08D8792B}"
EndProject
Project("{8BC9CEB8-8B4A-11D0-8D11-00A0C91BC942}") = "암호코드", "암호코드\암호코드.vcxproj", "{A27DD20E-6B79-4A63-84A2-801F1208DB35}"
EndProject
Project("{8BC9CEB8-8B4A-11D0-8D11-00A0C91BC942}") = "네 수", "네 수\네 수.vcxproj", "{3BE0D731-8498-47B1-A716-67572E819A06}"
EndProject
Project("{8BC9CEB8-8B4A-11D0-8D11-00A0C91BC942}") = "가장 긴 바이토닉 부분 수열", "가장 긴 바이토닉 부분 수열\가장 긴 바이토닉 부분 수열.vcxproj", "{8D68A08A-14DB-4E23-B292-D7429A4D178C}"
EndProject
Global
	GlobalSection(SolutionConfigurationPlatforms) = preSolution
		Debug|x64 = Debug|x64
		Debug|x86 = Debug|x86
		Release|x64 = Release|x64
		Release|x86 = Release|x86
	EndGlobalSection
	GlobalSection(ProjectConfigurationPlatforms) = postSolution
		{594FBF20-F9DD-4CB1-A971-61263A48D5C0}.Debug|x64.ActiveCfg = Debug|x64
		{594FBF20-F9DD-4CB1-A971-61263A48D5C0}.Debug|x64.Build.0 = Debug|x64
		{594FBF20-F9DD-4CB1-A971-61263A48D5C0}.Debug|x86.ActiveCfg = Debug|Win32
		{594FBF20-F9DD-4CB1-A971-61263A48D5C0}.Debug|x86.Build.0 = Debug|Win32
		{594FBF20-F9DD-4CB1-A971-61263A48D5C0}.Release|x64.ActiveCfg = Release|x64
		{594FBF20-F9DD-4CB1-A971-61263A48D5C0}.Release|x64.Build.0 = Release|x64
		{594FBF20-F9DD-4CB1-A971-61263A48D5C0}.Release|x86.ActiveCfg = Release|Win32
		{594FBF20-F9DD-4CB1-A971-61263A48D5C0}.Release|x86.Build.0 = Release|Win32
		{C27FF94F-D59C-4D39-A9F1-2DE46D660662}.Debug|x64.ActiveCfg = Debug|x64
		{C27FF94F-D59C-4D39-A9F1-2DE46D660662}.Debug|x64.Build.0 = Debug|x64
		{C27FF94F-D59C-4D39-A9F1-2DE46D660662}.Debug|x86.ActiveCfg = Debug|Win32
		{C27FF94F-D59C-4D39-A9F1-2DE46D660662}.Debug|x86.Build.0 = Debug|Win32
		{C27FF94F-D59C-4D39-A9F1-2DE46D660662}.Release|x64.ActiveCfg = Release|x64
		{C27FF94F-D59C-4D39-A9F1-2DE46D660662}.Release|x64.Build.0 = Release|x64
		{C27FF94F-D59C-4D39-A9F1-2DE46D660662}.Release|x86.ActiveCfg = Release|Win32
		{C27FF94F-D59C-4D39-A9F1-2DE46D660662}.Release|x86.Build.0 = Release|Win32
		{A85EE9BF-4670-4264-9E00-874216039452}.Debug|x64.ActiveCfg = Debug|x64
		{A85EE9BF-4670-4264-9E00-874216039452}.Debug|x64.Build.0 = Debug|x64
		{A85EE9BF-4670-4264-9E00-874216039452}.Debug|x86.ActiveCfg = Debug|Win32
		{A85EE9BF-4670-4264-9E00-874216039452}.Debug|x86.Build.0 = Debug|Win32
		{A85EE9BF-4670-4264-9E00-874216039452}.Release|x64.ActiveCfg = Release|x64
		{A85EE9BF-4670-4264-9E00-874216039452}.Release|x64.Build.0 = Release|x64
		{A85EE9BF-4670-4264-9E00-874216039452}.Release|x86.ActiveCfg = Release|Win32
		{A85EE9BF-4670-4264-9E00-874216039452}.Release|x86.Build.0 = Release|Win32
		{FD08DDDB-2696-46F3-B502-67C8FC87E1EC}.Debug|x64.ActiveCfg = Debug|x64
		{FD08DDDB-2696-46F3-B502-67C8FC87E1EC}.Debug|x64.Build.0 = Debug|x64
		{FD08DDDB-2696-46F3-B502-67C8FC87E1EC}.Debug|x86.ActiveCfg = Debug|Win32
		{FD08DDDB-2696-46F3-B502-67C8FC87E1EC}.Debug|x86.Build.0 = Debug|Win32
		{FD08DDDB-2696-46F3-B502-67C8FC87E1EC}.Release|x64.ActiveCfg = Release|x64
		{FD08DDDB-2696-46F3-B502-67C8FC87E1EC}.Release|x64.Build.0 = Release|x64
		{FD08DDDB-2696-46F3-B502-67C8FC87E1EC}.Release|x86.ActiveCfg = Release|Win32
		{FD08DDDB-2696-46F3-B502-67C8FC87E1EC}.Release|x86.Build.0 = Release|Win32
		{CA55FD85-84A8-4113-80DB-2D7CA166AB1B}.Debug|x64.ActiveCfg = Debug|x64
		{CA55FD85-84A8-4113-80DB-2D7CA166AB1B}.Debug|x64.Build.0 = Debug|x64
		{CA55FD85-84A8-4113-80DB-2D7CA166AB1B}.Debug|x86.ActiveCfg = Debug|Win32
		{CA55FD85-84A8-4113-80DB-2D7CA166AB1B}.Debug|x86.Build.0 = Debug|Win32
		{CA55FD85-84A8-4113-80DB-2D7CA166AB1B}.Release|x64.ActiveCfg = Release|x64
		{CA55FD85-84A8-4113-80DB-2D7CA166AB1B}.Release|x64.Build.0 = Release|x64
		{CA55FD85-84A8-4113-80DB-2D7CA166AB1B}.Release|x86.ActiveCfg = Release|Win32
		{CA55FD85-84A8-4113-80DB-2D7CA166AB1B}.Release|x86.Build.0 = Release|Win32
		{163FEA8F-43ED-48C3-A4BF-097E5799F90B}.Debug|x64.ActiveCfg = Debug|x64
		{163FEA8F-43ED-48C3-A4BF-097E5799F90B}.Debug|x64.Build.0 = Debug|x64
		{163FEA8F-43ED-48C3-A4BF-097E5799F90B}.Debug|x86.ActiveCfg = Debug|Win32
		{163FEA8F-43ED-48C3-A4BF-097E5799F90B}.Debug|x86.Build.0 = Debug|Win32
		{163FEA8F-43ED-48C3-A4BF-097E5799F90B}.Release|x64.ActiveCfg = Release|x64
		{163FEA8F-43ED-48C3-A4BF-097E5799F90B}.Release|x64.Build.0 = Release|x64
		{163FEA8F-43ED-48C3-A4BF-097E5799F90B}.Release|x86.ActiveCfg = Release|Win32
		{163FEA8F-43ED-48C3-A4BF-097E5799F90B}.Release|x86.Build.0 = Release|Win32
		{C183459E-6C3E-41C8-86E9-FF52EFFA07D4}.Debug|x64.ActiveCfg = Debug|x64
		{C183459E-6C3E-41C8-86E9-FF52EFFA07D4}.Debug|x64.Build.0 = Debug|x64
		{C183459E-6C3E-41C8-86E9-FF52EFFA07D4}.Debug|x86.ActiveCfg = Debug|Win32
		{C183459E-6C3E-41C8-86E9-FF52EFFA07D4}.Debug|x86.Build.0 = Debug|Win32
		{C183459E-6C3E-41C8-86E9-FF52EFFA07D4}.Release|x64.ActiveCfg = Release|x64
		{C183459E-6C3E-41C8-86E9-FF52EFFA07D4}.Release|x64.Build.0 = Release|x64
		{C183459E-6C3E-41C8-86E9-FF52EFFA07D4}.Release|x86.ActiveCfg = Release|Win32
		{C183459E-6C3E-41C8-86E9-FF52EFFA07D4}.Release|x86.Build.0 = Release|Win32
		{7A2649A6-6723-4266-8D4F-11F3B8C17F86}.Debug|x64.ActiveCfg = Debug|x64
		{7A2649A6-6723-4266-8D4F-11F3B8C17F86}.Debug|x64.Build.0 = Debug|x64
		{7A2649A6-6723-4266-8D4F-11F3B8C17F86}.Debug|x86.ActiveCfg = Debug|Win32
		{7A2649A6-6723-4266-8D4F-11F3B8C17F86}.Debug|x86.Build.0 = Debug|Win32
		{7A2649A6-6723-4266-8D4F-11F3B8C17F86}.Release|x64.ActiveCfg = Release|x64
		{7A2649A6-6723-4266-8D4F-11F3B8C17F86}.Release|x64.Build.0 = Release|x64
		{7A2649A6-6723-4266-8D4F-11F3B8C17F86}.Release|x86.ActiveCfg = Release|Win32
		{7A2649A6-6723-4266-8D4F-11F3B8C17F86}.Release|x86.Build.0 = Release|Win32
		{E2606293-23D7-4A8F-A8C3-EBE4E02BD691}.Debug|x64.ActiveCfg = Debug|x64
		{E2606293-23D7-4A8F-A8C3-EBE4E02BD691}.Debug|x64.Build.0 = Debug|x64
		{E2606293-23D7-4A8F-A8C3-EBE4E02BD691}.Debug|x86.ActiveCfg = Debug|Win32
		{E2606293-23D7-4A8F-A8C3-EBE4E02BD691}.Debug|x86.Build.0 = Debug|Win32
		{E2606293-23D7-4A8F-A8C3-EBE4E02BD691}.Release|x64.ActiveCfg = Release|x64
		{E2606293-23D7-4A8F-A8C3-EBE4E02BD691}.Release|x64.Build.0 = Release|x64
		{E2606293-23D7-4A8F-A8C3-EBE4E02BD691}.Release|x86.ActiveCfg = Release|Win32
		{E2606293-23D7-4A8F-A8C3-EBE4E02BD691}.Release|x86.Build.0 = Release|Win32
		{56F73131-39AB-4E5B-9A20-4B3D32081318}.Debug|x64.ActiveCfg = Debug|x64
		{56F73131-39AB-4E5B-9A20-4B3D32081318}.Debug|x64.Build.0 = Debug|x64
		{56F73131-39AB-4E5B-9A20-4B3D32081318}.Debug|x86.ActiveCfg = Debug|Win32
		{56F73131-39AB-4E5B-9A20-4B3D32081318}.Debug|x86.Build.0 = Debug|Win32
		{56F73131-39AB-4E5B-9A20-4B3D32081318}.Release|x64.ActiveCfg = Release|x64
		{56F73131-39AB-4E5B-9A20-4B3D32081318}.Release|x64.Build.0 = Release|x64
		{56F73131-39AB-4E5B-9A20-4B3D32081318}.Release|x86.ActiveCfg = Release|Win32
		{56F73131-39AB-4E5B-9A20-4B3D32081318}.Release|x86.Build.0 = Release|Win32
		{E1A6EAA3-EFEB-4AB8-A813-7DD0072C11A6}.Debug|x64.ActiveCfg = Debug|x64
		{E1A6EAA3-EFEB-4AB8-A813-7DD0072C11A6}.Debug|x64.Build.0 = Debug|x64
		{E1A6EAA3-EFEB-4AB8-A813-7DD0072C11A6}.Debug|x86.ActiveCfg = Debug|Win32
		{E1A6EAA3-EFEB-4AB8-A813-7DD0072C11A6}.Debug|x86.Build.0 = Debug|Win32
		{E1A6EAA3-EFEB-4AB8-A813-7DD0072C11A6}.Release|x64.ActiveCfg = Release|x64
		{E1A6EAA3-EFEB-4AB8-A813-7DD0072C11A6}.Release|x64.Build.0 = Release|x64
		{E1A6EAA3-EFEB-4AB8-A813-7DD0072C11A6}.Release|x86.ActiveCfg = Release|Win32
		{E1A6EAA3-EFEB-4AB8-A813-7DD0072C11A6}.Release|x86.Build.0 = Release|Win32
		{327CD8BE-48DD-4F6A-9D80-EB9AC7C46F05}.Debug|x64.ActiveCfg = Debug|x64
		{327CD8BE-48DD-4F6A-9D80-EB9AC7C46F05}.Debug|x64.Build.0 = Debug|x64
		{327CD8BE-48DD-4F6A-9D80-EB9AC7C46F05}.Debug|x86.ActiveCfg = Debug|Win32
		{327CD8BE-48DD-4F6A-9D80-EB9AC7C46F05}.Debug|x86.Build.0 = Debug|Win32
		{327CD8BE-48DD-4F6A-9D80-EB9AC7C46F05}.Release|x64.ActiveCfg = Release|x64
		{327CD8BE-48DD-4F6A-9D80-EB9AC7C46F05}.Release|x64.Build.0 = Release|x64
		{327CD8BE-48DD-4F6A-9D80-EB9AC7C46F05}.Release|x86.ActiveCfg = Release|Win32
		{327CD8BE-48DD-4F6A-9D80-EB9AC7C46F05}.Release|x86.Build.0 = Release|Win32
		{D35897AD-807E-426C-B44C-1AD78FF80E56}.Debug|x64.ActiveCfg = Debug|x64
		{D35897AD-807E-426C-B44C-1AD78FF80E56}.Debug|x64.Build.0 = Debug|x64
		{D35897AD-807E-426C-B44C-1AD78FF80E56}.Debug|x86.ActiveCfg = Debug|Win32
		{D35897AD-807E-426C-B44C-1AD78FF80E56}.Debug|x86.Build.0 = Debug|Win32
		{D35897AD-807E-426C-B44C-1AD78FF80E56}.Release|x64.ActiveCfg = Release|x64
		{D35897AD-807E-426C-B44C-1AD78FF80E56}.Release|x64.Build.0 = Release|x64
		{D35897AD-807E-426C-B44C-1AD78FF80E56}.Release|x86.ActiveCfg = Release|Win32
		{D35897AD-807E-426C-B44C-1AD78FF80E56}.Release|x86.Build.0 = Release|Win32
		{1A352A97-4805-4BAC-8292-622B1AD9F4C1}.Debug|x64.ActiveCfg = Debug|x64
		{1A352A97-4805-4BAC-8292-622B1AD9F4C1}.Debug|x64.Build.0 = Debug|x64
		{1A352A97-4805-4BAC-8292-622B1AD9F4C1}.Debug|x86.ActiveCfg = Debug|Win32
		{1A352A97-4805-4BAC-8292-622B1AD9F4C1}.Debug|x86.Build.0 = Debug|Win32
		{1A352A97-4805-4BAC-8292-622B1AD9F4C1}.Release|x64.ActiveCfg = Release|x64
		{1A352A97-4805-4BAC-8292-622B1AD9F4C1}.Release|x64.Build.0 = Release|x64
		{1A352A97-4805-4BAC-8292-622B1AD9F4C1}.Release|x86.ActiveCfg = Release|Win32
		{1A352A97-4805-4BAC-8292-622B1AD9F4C1}.Release|x86.Build.0 = Release|Win32
		{D8750082-B2B2-42F9-9E9A-0A0DCD9AEB11}.Debug|x64.ActiveCfg = Debug|x64
		{D8750082-B2B2-42F9-9E9A-0A0DCD9AEB11}.Debug|x64.Build.0 = Debug|x64
		{D8750082-B2B2-42F9-9E9A-0A0DCD9AEB11}.Debug|x86.ActiveCfg = Debug|Win32
		{D8750082-B2B2-42F9-9E9A-0A0DCD9AEB11}.Debug|x86.Build.0 = Debug|Win32
		{D8750082-B2B2-42F9-9E9A-0A0DCD9AEB11}.Release|x64.ActiveCfg = Release|x64
		{D8750082-B2B2-42F9-9E9A-0A0DCD9AEB11}.Release|x64.Build.0 = Release|x64
		{D8750082-B2B2-42F9-9E9A-0A0DCD9AEB11}.Release|x86.ActiveCfg = Release|Win32
		{D8750082-B2B2-42F9-9E9A-0A0DCD9AEB11}.Release|x86.Build.0 = Release|Win32
		{DBD0FBE1-099B-43F9-85A9-50B4AFF88E9E}.Debug|x64.ActiveCfg = Debug|x64
		{DBD0FBE1-099B-43F9-85A9-50B4AFF88E9E}.Debug|x64.Build.0 = Debug|x64
		{DBD0FBE1-099B-43F9-85A9-50B4AFF88E9E}.Debug|x86.ActiveCfg = Debug|Win32
		{DBD0FBE1-099B-43F9-85A9-50B4AFF88E9E}.Debug|x86.Build.0 = Debug|Win32
		{DBD0FBE1-099B-43F9-85A9-50B4AFF88E9E}.Release|x64.ActiveCfg = Release|x64
		{DBD0FBE1-099B-43F9-85A9-50B4AFF88E9E}.Release|x64.Build.0 = Release|x64
		{DBD0FBE1-099B-43F9-85A9-50B4AFF88E9E}.Release|x86.ActiveCfg = Release|Win32
		{DBD0FBE1-099B-43F9-85A9-50B4AFF88E9E}.Release|x86.Build.0 = Release|Win32
		{C2D72C78-BB50-4A36-833A-A61F57D3FDE6}.Debug|x64.ActiveCfg = Debug|x64
		{C2D72C78-BB50-4A36-833A-A61F57D3FDE6}.Debug|x64.Build.0 = Debug|x64
		{C2D72C78-BB50-4A36-833A-A61F57D3FDE6}.Debug|x86.ActiveCfg = Debug|Win32
		{C2D72C78-BB50-4A36-833A-A61F57D3FDE6}.Debug|x86.Build.0 = Debug|Win32
		{C2D72C78-BB50-4A36-833A-A61F57D3FDE6}.Release|x64.ActiveCfg = Release|x64
		{C2D72C78-BB50-4A36-833A-A61F57D3FDE6}.Release|x64.Build.0 = Release|x64
		{C2D72C78-BB50-4A36-833A-A61F57D3FDE6}.Release|x86.ActiveCfg = Release|Win32
		{C2D72C78-BB50-4A36-833A-A61F57D3FDE6}.Release|x86.Build.0 = Release|Win32
		{D5DDAFCC-3256-474A-9884-DF2FE54BB59C}.Debug|x64.ActiveCfg = Debug|x64
		{D5DDAFCC-3256-474A-9884-DF2FE54BB59C}.Debug|x64.Build.0 = Debug|x64
		{D5DDAFCC-3256-474A-9884-DF2FE54BB59C}.Debug|x86.ActiveCfg = Debug|Win32
		{D5DDAFCC-3256-474A-9884-DF2FE54BB59C}.Debug|x86.Build.0 = Debug|Win32
		{D5DDAFCC-3256-474A-9884-DF2FE54BB59C}.Release|x64.ActiveCfg = Release|x64
		{D5DDAFCC-3256-474A-9884-DF2FE54BB59C}.Release|x64.Build.0 = Release|x64
		{D5DDAFCC-3256-474A-9884-DF2FE54BB59C}.Release|x86.ActiveCfg = Release|Win32
		{D5DDAFCC-3256-474A-9884-DF2FE54BB59C}.Release|x86.Build.0 = Release|Win32
		{AAA8C929-3FFB-4628-9ED4-57AFC5C0BDE8}.Debug|x64.ActiveCfg = Debug|x64
		{AAA8C929-3FFB-4628-9ED4-57AFC5C0BDE8}.Debug|x64.Build.0 = Debug|x64
		{AAA8C929-3FFB-4628-9ED4-57AFC5C0BDE8}.Debug|x86.ActiveCfg = Debug|Win32
		{AAA8C929-3FFB-4628-9ED4-57AFC5C0BDE8}.Debug|x86.Build.0 = Debug|Win32
		{AAA8C929-3FFB-4628-9ED4-57AFC5C0BDE8}.Release|x64.ActiveCfg = Release|x64
		{AAA8C929-3FFB-4628-9ED4-57AFC5C0BDE8}.Release|x64.Build.0 = Release|x64
		{AAA8C929-3FFB-4628-9ED4-57AFC5C0BDE8}.Release|x86.ActiveCfg = Release|Win32
		{AAA8C929-3FFB-4628-9ED4-57AFC5C0BDE8}.Release|x86.Build.0 = Release|Win32
		{1ECC65AD-F062-4AC5-9A1B-1709F75A7848}.Debug|x64.ActiveCfg = Debug|x64
		{1ECC65AD-F062-4AC5-9A1B-1709F75A7848}.Debug|x64.Build.0 = Debug|x64
		{1ECC65AD-F062-4AC5-9A1B-1709F75A7848}.Debug|x86.ActiveCfg = Debug|Win32
		{1ECC65AD-F062-4AC5-9A1B-1709F75A7848}.Debug|x86.Build.0 = Debug|Win32
		{1ECC65AD-F062-4AC5-9A1B-1709F75A7848}.Release|x64.ActiveCfg = Release|x64
		{1ECC65AD-F062-4AC5-9A1B-1709F75A7848}.Release|x64.Build.0 = Release|x64
		{1ECC65AD-F062-4AC5-9A1B-1709F75A7848}.Release|x86.ActiveCfg = Release|Win32
		{1ECC65AD-F062-4AC5-9A1B-1709F75A7848}.Release|x86.Build.0 = Release|Win32
		{9AABAFE3-E7E8-4B2C-A5E2-924BB897602C}.Debug|x64.ActiveCfg = Debug|x64
		{9AABAFE3-E7E8-4B2C-A5E2-924BB897602C}.Debug|x64.Build.0 = Debug|x64
		{9AABAFE3-E7E8-4B2C-A5E2-924BB897602C}.Debug|x86.ActiveCfg = Debug|Win32
		{9AABAFE3-E7E8-4B2C-A5E2-924BB897602C}.Debug|x86.Build.0 = Debug|Win32
		{9AABAFE3-E7E8-4B2C-A5E2-924BB897602C}.Release|x64.ActiveCfg = Release|x64
		{9AABAFE3-E7E8-4B2C-A5E2-924BB897602C}.Release|x64.Build.0 = Release|x64
		{9AABAFE3-E7E8-4B2C-A5E2-924BB897602C}.Release|x86.ActiveCfg = Release|Win32
		{9AABAFE3-E7E8-4B2C-A5E2-924BB897602C}.Release|x86.Build.0 = Release|Win32
		{C66BD765-37BD-49DA-A8A8-837A37BA01C8}.Debug|x64.ActiveCfg = Debug|x64
		{C66BD765-37BD-49DA-A8A8-837A37BA01C8}.Debug|x64.Build.0 = Debug|x64
		{C66BD765-37BD-49DA-A8A8-837A37BA01C8}.Debug|x86.ActiveCfg = Debug|Win32
		{C66BD765-37BD-49DA-A8A8-837A37BA01C8}.Debug|x86.Build.0 = Debug|Win32
		{C66BD765-37BD-49DA-A8A8-837A37BA01C8}.Release|x64.ActiveCfg = Release|x64
		{C66BD765-37BD-49DA-A8A8-837A37BA01C8}.Release|x64.Build.0 = Release|x64
		{C66BD765-37BD-49DA-A8A8-837A37BA01C8}.Release|x86.ActiveCfg = Release|Win32
		{C66BD765-37BD-49DA-A8A8-837A37BA01C8}.Release|x86.Build.0 = Release|Win32
		{1A621C3E-7CCC-4D9D-B6D0-083543C06C1B}.Debug|x64.ActiveCfg = Debug|x64
		{1A621C3E-7CCC-4D9D-B6D0-083543C06C1B}.Debug|x64.Build.0 = Debug|x64
		{1A621C3E-7CCC-4D9D-B6D0-083543C06C1B}.Debug|x86.ActiveCfg = Debug|Win32
		{1A621C3E-7CCC-4D9D-B6D0-083543C06C1B}.Debug|x86.Build.0 = Debug|Win32
		{1A621C3E-7CCC-4D9D-B6D0-083543C06C1B}.Release|x64.ActiveCfg = Release|x64
		{1A621C3E-7CCC-4D9D-B6D0-083543C06C1B}.Release|x64.Build.0 = Release|x64
		{1A621C3E-7CCC-4D9D-B6D0-083543C06C1B}.Release|x86.ActiveCfg = Release|Win32
		{1A621C3E-7CCC-4D9D-B6D0-083543C06C1B}.Release|x86.Build.0 = Release|Win32
		{F08A7F67-1D05-44F7-8C92-5C0A28736345}.Debug|x64.ActiveCfg = Debug|x64
		{F08A7F67-1D05-44F7-8C92-5C0A28736345}.Debug|x64.Build.0 = Debug|x64
		{F08A7F67-1D05-44F7-8C92-5C0A28736345}.Debug|x86.ActiveCfg = Debug|Win32
		{F08A7F67-1D05-44F7-8C92-5C0A28736345}.Debug|x86.Build.0 = Debug|Win32
		{F08A7F67-1D05-44F7-8C92-5C0A28736345}.Release|x64.ActiveCfg = Release|x64
		{F08A7F67-1D05-44F7-8C92-5C0A28736345}.Release|x64.Build.0 = Release|x64
		{F08A7F67-1D05-44F7-8C92-5C0A28736345}.Release|x86.ActiveCfg = Release|Win32
		{F08A7F67-1D05-44F7-8C92-5C0A28736345}.Release|x86.Build.0 = Release|Win32
		{837A339D-367B-4171-9152-DF756BB06640}.Debug|x64.ActiveCfg = Debug|x64
		{837A339D-367B-4171-9152-DF756BB06640}.Debug|x64.Build.0 = Debug|x64
		{837A339D-367B-4171-9152-DF756BB06640}.Debug|x86.ActiveCfg = Debug|Win32
		{837A339D-367B-4171-9152-DF756BB06640}.Debug|x86.Build.0 = Debug|Win32
		{837A339D-367B-4171-9152-DF756BB06640}.Release|x64.ActiveCfg = Release|x64
		{837A339D-367B-4171-9152-DF756BB06640}.Release|x64.Build.0 = Release|x64
		{837A339D-367B-4171-9152-DF756BB06640}.Release|x86.ActiveCfg = Release|Win32
		{837A339D-367B-4171-9152-DF756BB06640}.Release|x86.Build.0 = Release|Win32
		{0AEF5682-4E54-4550-A49E-DDF1A8D21CA1}.Debug|x64.ActiveCfg = Debug|x64
		{0AEF5682-4E54-4550-A49E-DDF1A8D21CA1}.Debug|x64.Build.0 = Debug|x64
		{0AEF5682-4E54-4550-A49E-DDF1A8D21CA1}.Debug|x86.ActiveCfg = Debug|Win32
		{0AEF5682-4E54-4550-A49E-DDF1A8D21CA1}.Debug|x86.Build.0 = Debug|Win32
		{0AEF5682-4E54-4550-A49E-DDF1A8D21CA1}.Release|x64.ActiveCfg = Release|x64
		{0AEF5682-4E54-4550-A49E-DDF1A8D21CA1}.Release|x64.Build.0 = Release|x64
		{0AEF5682-4E54-4550-A49E-DDF1A8D21CA1}.Release|x86.ActiveCfg = Release|Win32
		{0AEF5682-4E54-4550-A49E-DDF1A8D21CA1}.Release|x86.Build.0 = Release|Win32
		{168EC1BC-7CD2-4E99-89F5-FD99F6243816}.Debug|x64.ActiveCfg = Debug|x64
		{168EC1BC-7CD2-4E99-89F5-FD99F6243816}.Debug|x64.Build.0 = Debug|x64
		{168EC1BC-7CD2-4E99-89F5-FD99F6243816}.Debug|x86.ActiveCfg = Debug|Win32
		{168EC1BC-7CD2-4E99-89F5-FD99F6243816}.Debug|x86.Build.0 = Debug|Win32
		{168EC1BC-7CD2-4E99-89F5-FD99F6243816}.Release|x64.ActiveCfg = Release|x64
		{168EC1BC-7CD2-4E99-89F5-FD99F6243816}.Release|x64.Build.0 = Release|x64
		{168EC1BC-7CD2-4E99-89F5-FD99F6243816}.Release|x86.ActiveCfg = Release|Win32
		{168EC1BC-7CD2-4E99-89F5-FD99F6243816}.Release|x86.Build.0 = Release|Win32
		{CCF69AD2-CE01-4541-BE41-00FF2B06F329}.Debug|x64.ActiveCfg = Debug|x64
		{CCF69AD2-CE01-4541-BE41-00FF2B06F329}.Debug|x64.Build.0 = Debug|x64
		{CCF69AD2-CE01-4541-BE41-00FF2B06F329}.Debug|x86.ActiveCfg = Debug|Win32
		{CCF69AD2-CE01-4541-BE41-00FF2B06F329}.Debug|x86.Build.0 = Debug|Win32
		{CCF69AD2-CE01-4541-BE41-00FF2B06F329}.Release|x64.ActiveCfg = Release|x64
		{CCF69AD2-CE01-4541-BE41-00FF2B06F329}.Release|x64.Build.0 = Release|x64
		{CCF69AD2-CE01-4541-BE41-00FF2B06F329}.Release|x86.ActiveCfg = Release|Win32
		{CCF69AD2-CE01-4541-BE41-00FF2B06F329}.Release|x86.Build.0 = Release|Win32
		{08CCCE4B-AAC2-4AC5-87EC-B7019303D7B0}.Debug|x64.ActiveCfg = Debug|x64
		{08CCCE4B-AAC2-4AC5-87EC-B7019303D7B0}.Debug|x64.Build.0 = Debug|x64
		{08CCCE4B-AAC2-4AC5-87EC-B7019303D7B0}.Debug|x86.ActiveCfg = Debug|Win32
		{08CCCE4B-AAC2-4AC5-87EC-B7019303D7B0}.Debug|x86.Build.0 = Debug|Win32
		{08CCCE4B-AAC2-4AC5-87EC-B7019303D7B0}.Release|x64.ActiveCfg = Release|x64
		{08CCCE4B-AAC2-4AC5-87EC-B7019303D7B0}.Release|x64.Build.0 = Release|x64
		{08CCCE4B-AAC2-4AC5-87EC-B7019303D7B0}.Release|x86.ActiveCfg = Release|Win32
		{08CCCE4B-AAC2-4AC5-87EC-B7019303D7B0}.Release|x86.Build.0 = Release|Win32
		{C2817E12-D002-45CD-9519-05BA0584B6C3}.Debug|x64.ActiveCfg = Debug|x64
		{C2817E12-D002-45CD-9519-05BA0584B6C3}.Debug|x64.Build.0 = Debug|x64
		{C2817E12-D002-45CD-9519-05BA0584B6C3}.Debug|x86.ActiveCfg = Debug|Win32
		{C2817E12-D002-45CD-9519-05BA0584B6C3}.Debug|x86.Build.0 = Debug|Win32
		{C2817E12-D002-45CD-9519-05BA0584B6C3}.Release|x64.ActiveCfg = Release|x64
		{C2817E12-D002-45CD-9519-05BA0584B6C3}.Release|x64.Build.0 = Release|x64
		{C2817E12-D002-45CD-9519-05BA0584B6C3}.Release|x86.ActiveCfg = Release|Win32
		{C2817E12-D002-45CD-9519-05BA0584B6C3}.Release|x86.Build.0 = Release|Win32
		{3FDDB1F9-5398-479D-AB4E-7B4860EE3BFE}.Debug|x64.ActiveCfg = Debug|x64
		{3FDDB1F9-5398-479D-AB4E-7B4860EE3BFE}.Debug|x64.Build.0 = Debug|x64
		{3FDDB1F9-5398-479D-AB4E-7B4860EE3BFE}.Debug|x86.ActiveCfg = Debug|Win32
		{3FDDB1F9-5398-479D-AB4E-7B4860EE3BFE}.Debug|x86.Build.0 = Debug|Win32
		{3FDDB1F9-5398-479D-AB4E-7B4860EE3BFE}.Release|x64.ActiveCfg = Release|x64
		{3FDDB1F9-5398-479D-AB4E-7B4860EE3BFE}.Release|x64.Build.0 = Release|x64
		{3FDDB1F9-5398-479D-AB4E-7B4860EE3BFE}.Release|x86.ActiveCfg = Release|Win32
		{3FDDB1F9-5398-479D-AB4E-7B4860EE3BFE}.Release|x86.Build.0 = Release|Win32
		{689DBCB6-55DE-406F-B5F9-10D58E304F11}.Debug|x64.ActiveCfg = Debug|x64
		{689DBCB6-55DE-406F-B5F9-10D58E304F11}.Debug|x64.Build.0 = Debug|x64
		{689DBCB6-55DE-406F-B5F9-10D58E304F11}.Debug|x86.ActiveCfg = Debug|Win32
		{689DBCB6-55DE-406F-B5F9-10D58E304F11}.Debug|x86.Build.0 = Debug|Win32
		{689DBCB6-55DE-406F-B5F9-10D58E304F11}.Release|x64.ActiveCfg = Release|x64
		{689DBCB6-55DE-406F-B5F9-10D58E304F11}.Release|x64.Build.0 = Release|x64
		{689DBCB6-55DE-406F-B5F9-10D58E304F11}.Release|x86.ActiveCfg = Release|Win32
		{689DBCB6-55DE-406F-B5F9-10D58E304F11}.Release|x86.Build.0 = Release|Win32
		{D82CF23D-0213-4417-8006-87A5BA3D1DA3}.Debug|x64.ActiveCfg = Debug|x64
		{D82CF23D-0213-4417-8006-87A5BA3D1DA3}.Debug|x64.Build.0 = Debug|x64
		{D82CF23D-0213-4417-8006-87A5BA3D1DA3}.Debug|x86.ActiveCfg = Debug|Win32
		{D82CF23D-0213-4417-8006-87A5BA3D1DA3}.Debug|x86.Build.0 = Debug|Win32
		{D82CF23D-0213-4417-8006-87A5BA3D1DA3}.Release|x64.ActiveCfg = Release|x64
		{D82CF23D-0213-4417-8006-87A5BA3D1DA3}.Release|x64.Build.0 = Release|x64
		{D82CF23D-0213-4417-8006-87A5BA3D1DA3}.Release|x86.ActiveCfg = Release|Win32
		{D82CF23D-0213-4417-8006-87A5BA3D1DA3}.Release|x86.Build.0 = Release|Win32
		{EF807B68-B62A-4147-B1E1-BFBF6E87A19C}.Debug|x64.ActiveCfg = Debug|x64
		{EF807B68-B62A-4147-B1E1-BFBF6E87A19C}.Debug|x64.Build.0 = Debug|x64
		{EF807B68-B62A-4147-B1E1-BFBF6E87A19C}.Debug|x86.ActiveCfg = Debug|Win32
		{EF807B68-B62A-4147-B1E1-BFBF6E87A19C}.Debug|x86.Build.0 = Debug|Win32
		{EF807B68-B62A-4147-B1E1-BFBF6E87A19C}.Release|x64.ActiveCfg = Release|x64
		{EF807B68-B62A-4147-B1E1-BFBF6E87A19C}.Release|x64.Build.0 = Release|x64
		{EF807B68-B62A-4147-B1E1-BFBF6E87A19C}.Release|x86.ActiveCfg = Release|Win32
		{EF807B68-B62A-4147-B1E1-BFBF6E87A19C}.Release|x86.Build.0 = Release|Win32
		{7A1E5E74-F14F-42ED-805B-165D663BC215}.Debug|x64.ActiveCfg = Debug|x64
		{7A1E5E74-F14F-42ED-805B-165D663BC215}.Debug|x64.Build.0 = Debug|x64
		{7A1E5E74-F14F-42ED-805B-165D663BC215}.Debug|x86.ActiveCfg = Debug|Win32
		{7A1E5E74-F14F-42ED-805B-165D663BC215}.Debug|x86.Build.0 = Debug|Win32
		{7A1E5E74-F14F-42ED-805B-165D663BC215}.Release|x64.ActiveCfg = Release|x64
		{7A1E5E74-F14F-42ED-805B-165D663BC215}.Release|x64.Build.0 = Release|x64
		{7A1E5E74-F14F-42ED-805B-165D663BC215}.Release|x86.ActiveCfg = Release|Win32
		{7A1E5E74-F14F-42ED-805B-165D663BC215}.Release|x86.Build.0 = Release|Win32
		{2A22AA43-5D92-4D08-879D-7D60CD7351C3}.Debug|x64.ActiveCfg = Debug|x64
		{2A22AA43-5D92-4D08-879D-7D60CD7351C3}.Debug|x64.Build.0 = Debug|x64
		{2A22AA43-5D92-4D08-879D-7D60CD7351C3}.Debug|x86.ActiveCfg = Debug|Win32
		{2A22AA43-5D92-4D08-879D-7D60CD7351C3}.Debug|x86.Build.0 = Debug|Win32
		{2A22AA43-5D92-4D08-879D-7D60CD7351C3}.Release|x64.ActiveCfg = Release|x64
		{2A22AA43-5D92-4D08-879D-7D60CD7351C3}.Release|x64.Build.0 = Release|x64
		{2A22AA43-5D92-4D08-879D-7D60CD7351C3}.Release|x86.ActiveCfg = Release|Win32
		{2A22AA43-5D92-4D08-879D-7D60CD7351C3}.Release|x86.Build.0 = Release|Win32
		{B5ABD590-450B-4FF2-ACA8-A2883E4998A6}.Debug|x64.ActiveCfg = Debug|x64
		{B5ABD590-450B-4FF2-ACA8-A2883E4998A6}.Debug|x64.Build.0 = Debug|x64
		{B5ABD590-450B-4FF2-ACA8-A2883E4998A6}.Debug|x86.ActiveCfg = Debug|Win32
		{B5ABD590-450B-4FF2-ACA8-A2883E4998A6}.Debug|x86.Build.0 = Debug|Win32
		{B5ABD590-450B-4FF2-ACA8-A2883E4998A6}.Release|x64.ActiveCfg = Release|x64
		{B5ABD590-450B-4FF2-ACA8-A2883E4998A6}.Release|x64.Build.0 = Release|x64
		{B5ABD590-450B-4FF2-ACA8-A2883E4998A6}.Release|x86.ActiveCfg = Release|Win32
		{B5ABD590-450B-4FF2-ACA8-A2883E4998A6}.Release|x86.Build.0 = Release|Win32
		{DE5FC583-2B0D-45B5-8462-B3C41471E984}.Debug|x64.ActiveCfg = Debug|x64
		{DE5FC583-2B0D-45B5-8462-B3C41471E984}.Debug|x64.Build.0 = Debug|x64
		{DE5FC583-2B0D-45B5-8462-B3C41471E984}.Debug|x86.ActiveCfg = Debug|Win32
		{DE5FC583-2B0D-45B5-8462-B3C41471E984}.Debug|x86.Build.0 = Debug|Win32
		{DE5FC583-2B0D-45B5-8462-B3C41471E984}.Release|x64.ActiveCfg = Release|x64
		{DE5FC583-2B0D-45B5-8462-B3C41471E984}.Release|x64.Build.0 = Release|x64
		{DE5FC583-2B0D-45B5-8462-B3C41471E984}.Release|x86.ActiveCfg = Release|Win32
		{DE5FC583-2B0D-45B5-8462-B3C41471E984}.Release|x86.Build.0 = Release|Win32
		{BAAAA189-D82F-4123-8571-B535C213EEED}.Debug|x64.ActiveCfg = Debug|x64
		{BAAAA189-D82F-4123-8571-B535C213EEED}.Debug|x64.Build.0 = Debug|x64
		{BAAAA189-D82F-4123-8571-B535C213EEED}.Debug|x86.ActiveCfg = Debug|Win32
		{BAAAA189-D82F-4123-8571-B535C213EEED}.Debug|x86.Build.0 = Debug|Win32
		{BAAAA189-D82F-4123-8571-B535C213EEED}.Release|x64.ActiveCfg = Release|x64
		{BAAAA189-D82F-4123-8571-B535C213EEED}.Release|x64.Build.0 = Release|x64
		{BAAAA189-D82F-4123-8571-B535C213EEED}.Release|x86.ActiveCfg = Release|Win32
		{BAAAA189-D82F-4123-8571-B535C213EEED}.Release|x86.Build.0 = Release|Win32
		{83FF6357-FDE4-45DF-8FDC-9EA7A6D9B1ED}.Debug|x64.ActiveCfg = Debug|x64
		{83FF6357-FDE4-45DF-8FDC-9EA7A6D9B1ED}.Debug|x64.Build.0 = Debug|x64
		{83FF6357-FDE4-45DF-8FDC-9EA7A6D9B1ED}.Debug|x86.ActiveCfg = Debug|Win32
		{83FF6357-FDE4-45DF-8FDC-9EA7A6D9B1ED}.Debug|x86.Build.0 = Debug|Win32
		{83FF6357-FDE4-45DF-8FDC-9EA7A6D9B1ED}.Release|x64.ActiveCfg = Release|x64
		{83FF6357-FDE4-45DF-8FDC-9EA7A6D9B1ED}.Release|x64.Build.0 = Release|x64
		{83FF6357-FDE4-45DF-8FDC-9EA7A6D9B1ED}.Release|x86.ActiveCfg = Release|Win32
		{83FF6357-FDE4-45DF-8FDC-9EA7A6D9B1ED}.Release|x86.Build.0 = Release|Win32
		{935B89C9-D930-4704-B781-5DAC6371A705}.Debug|x64.ActiveCfg = Debug|x64
		{935B89C9-D930-4704-B781-5DAC6371A705}.Debug|x64.Build.0 = Debug|x64
		{935B89C9-D930-4704-B781-5DAC6371A705}.Debug|x86.ActiveCfg = Debug|Win32
		{935B89C9-D930-4704-B781-5DAC6371A705}.Debug|x86.Build.0 = Debug|Win32
		{935B89C9-D930-4704-B781-5DAC6371A705}.Release|x64.ActiveCfg = Release|x64
		{935B89C9-D930-4704-B781-5DAC6371A705}.Release|x64.Build.0 = Release|x64
		{935B89C9-D930-4704-B781-5DAC6371A705}.Release|x86.ActiveCfg = Release|Win32
		{935B89C9-D930-4704-B781-5DAC6371A705}.Release|x86.Build.0 = Release|Win32
		{D3E2811C-FA13-4229-8DBE-F953622E3711}.Debug|x64.ActiveCfg = Debug|x64
		{D3E2811C-FA13-4229-8DBE-F953622E3711}.Debug|x64.Build.0 = Debug|x64
		{D3E2811C-FA13-4229-8DBE-F953622E3711}.Debug|x86.ActiveCfg = Debug|Win32
		{D3E2811C-FA13-4229-8DBE-F953622E3711}.Debug|x86.Build.0 = Debug|Win32
		{D3E2811C-FA13-4229-8DBE-F953622E3711}.Release|x64.ActiveCfg = Release|x64
		{D3E2811C-FA13-4229-8DBE-F953622E3711}.Release|x64.Build.0 = Release|x64
		{D3E2811C-FA13-4229-8DBE-F953622E3711}.Release|x86.ActiveCfg = Release|Win32
		{D3E2811C-FA13-4229-8DBE-F953622E3711}.Release|x86.Build.0 = Release|Win32
		{9F0FEC43-66D4-4946-97F6-CC0C76B98454}.Debug|x64.ActiveCfg = Debug|x64
		{9F0FEC43-66D4-4946-97F6-CC0C76B98454}.Debug|x64.Build.0 = Debug|x64
		{9F0FEC43-66D4-4946-97F6-CC0C76B98454}.Debug|x86.ActiveCfg = Debug|Win32
		{9F0FEC43-66D4-4946-97F6-CC0C76B98454}.Debug|x86.Build.0 = Debug|Win32
		{9F0FEC43-66D4-4946-97F6-CC0C76B98454}.Release|x64.ActiveCfg = Release|x64
		{9F0FEC43-66D4-4946-97F6-CC0C76B98454}.Release|x64.Build.0 = Release|x64
		{9F0FEC43-66D4-4946-97F6-CC0C76B98454}.Release|x86.ActiveCfg = Release|Win32
		{9F0FEC43-66D4-4946-97F6-CC0C76B98454}.Release|x86.Build.0 = Release|Win32
		{57718D7F-F48F-4F94-BCAA-8F291297949B}.Debug|x64.ActiveCfg = Debug|x64
		{57718D7F-F48F-4F94-BCAA-8F291297949B}.Debug|x64.Build.0 = Debug|x64
		{57718D7F-F48F-4F94-BCAA-8F291297949B}.Debug|x86.ActiveCfg = Debug|Win32
		{57718D7F-F48F-4F94-BCAA-8F291297949B}.Debug|x86.Build.0 = Debug|Win32
		{57718D7F-F48F-4F94-BCAA-8F291297949B}.Release|x64.ActiveCfg = Release|x64
		{57718D7F-F48F-4F94-BCAA-8F291297949B}.Release|x64.Build.0 = Release|x64
		{57718D7F-F48F-4F94-BCAA-8F291297949B}.Release|x86.ActiveCfg = Release|Win32
		{57718D7F-F48F-4F94-BCAA-8F291297949B}.Release|x86.Build.0 = Release|Win32
		{19C3704A-91EE-464E-A6B4-80F49D97A1F5}.Debug|x64.ActiveCfg = Debug|x64
		{19C3704A-91EE-464E-A6B4-80F49D97A1F5}.Debug|x64.Build.0 = Debug|x64
		{19C3704A-91EE-464E-A6B4-80F49D97A1F5}.Debug|x86.ActiveCfg = Debug|Win32
		{19C3704A-91EE-464E-A6B4-80F49D97A1F5}.Debug|x86.Build.0 = Debug|Win32
		{19C3704A-91EE-464E-A6B4-80F49D97A1F5}.Release|x64.ActiveCfg = Release|x64
		{19C3704A-91EE-464E-A6B4-80F49D97A1F5}.Release|x64.Build.0 = Release|x64
		{19C3704A-91EE-464E-A6B4-80F49D97A1F5}.Release|x86.ActiveCfg = Release|Win32
		{19C3704A-91EE-464E-A6B4-80F49D97A1F5}.Release|x86.Build.0 = Release|Win32
		{84401526-E36A-43BF-AD1E-B5FE984097B5}.Debug|x64.ActiveCfg = Debug|x64
		{84401526-E36A-43BF-AD1E-B5FE984097B5}.Debug|x64.Build.0 = Debug|x64
		{84401526-E36A-43BF-AD1E-B5FE984097B5}.Debug|x86.ActiveCfg = Debug|Win32
		{84401526-E36A-43BF-AD1E-B5FE984097B5}.Debug|x86.Build.0 = Debug|Win32
		{84401526-E36A-43BF-AD1E-B5FE984097B5}.Release|x64.ActiveCfg = Release|x64
		{84401526-E36A-43BF-AD1E-B5FE984097B5}.Release|x64.Build.0 = Release|x64
		{84401526-E36A-43BF-AD1E-B5FE984097B5}.Release|x86.ActiveCfg = Release|Win32
		{84401526-E36A-43BF-AD1E-B5FE984097B5}.Release|x86.Build.0 = Release|Win32
		{F84115B4-614F-49BA-8D7E-0714CEF75E74}.Debug|x64.ActiveCfg = Debug|x64
		{F84115B4-614F-49BA-8D7E-0714CEF75E74}.Debug|x64.Build.0 = Debug|x64
		{F84115B4-614F-49BA-8D7E-0714CEF75E74}.Debug|x86.ActiveCfg = Debug|Win32
		{F84115B4-614F-49BA-8D7E-0714CEF75E74}.Debug|x86.Build.0 = Debug|Win32
		{F84115B4-614F-49BA-8D7E-0714CEF75E74}.Release|x64.ActiveCfg = Release|x64
		{F84115B4-614F-49BA-8D7E-0714CEF75E74}.Release|x64.Build.0 = Release|x64
		{F84115B4-614F-49BA-8D7E-0714CEF75E74}.Release|x86.ActiveCfg = Release|Win32
		{F84115B4-614F-49BA-8D7E-0714CEF75E74}.Release|x86.Build.0 = Release|Win32
		{A7CBE76F-52A8-4118-990D-83F1EACA69C7}.Debug|x64.ActiveCfg = Debug|x64
		{A7CBE76F-52A8-4118-990D-83F1EACA69C7}.Debug|x64.Build.0 = Debug|x64
		{A7CBE76F-52A8-4118-990D-83F1EACA69C7}.Debug|x86.ActiveCfg = Debug|Win32
		{A7CBE76F-52A8-4118-990D-83F1EACA69C7}.Debug|x86.Build.0 = Debug|Win32
		{A7CBE76F-52A8-4118-990D-83F1EACA69C7}.Release|x64.ActiveCfg = Release|x64
		{A7CBE76F-52A8-4118-990D-83F1EACA69C7}.Release|x64.Build.0 = Release|x64
		{A7CBE76F-52A8-4118-990D-83F1EACA69C7}.Release|x86.ActiveCfg = Release|Win32
		{A7CBE76F-52A8-4118-990D-83F1EACA69C7}.Release|x86.Build.0 = Release|Win32
		{9B378538-D441-439B-B7DD-109EA2240A99}.Debug|x64.ActiveCfg = Debug|x64
		{9B378538-D441-439B-B7DD-109EA2240A99}.Debug|x64.Build.0 = Debug|x64
		{9B378538-D441-439B-B7DD-109EA2240A99}.Debug|x86.ActiveCfg = Debug|Win32
		{9B378538-D441-439B-B7DD-109EA2240A99}.Debug|x86.Build.0 = Debug|Win32
		{9B378538-D441-439B-B7DD-109EA2240A99}.Release|x64.ActiveCfg = Release|x64
		{9B378538-D441-439B-B7DD-109EA2240A99}.Release|x64.Build.0 = Release|x64
		{9B378538-D441-439B-B7DD-109EA2240A99}.Release|x86.ActiveCfg = Release|Win32
		{9B378538-D441-439B-B7DD-109EA2240A99}.Release|x86.Build.0 = Release|Win32
		{8A3B3721-EEAD-4C45-B910-5AE266AED9FB}.Debug|x64.ActiveCfg = Debug|x64
		{8A3B3721-EEAD-4C45-B910-5AE266AED9FB}.Debug|x64.Build.0 = Debug|x64
		{8A3B3721-EEAD-4C45-B910-5AE266AED9FB}.Debug|x86.ActiveCfg = Debug|Win32
		{8A3B3721-EEAD-4C45-B910-5AE266AED9FB}.Debug|x86.Build.0 = Debug|Win32
		{8A3B3721-EEAD-4C45-B910-5AE266AED9FB}.Release|x64.ActiveCfg = Release|x64
		{8A3B3721-EEAD-4C45-B910-5AE266AED9FB}.Release|x64.Build.0 = Release|x64
		{8A3B3721-EEAD-4C45-B910-5AE266AED9FB}.Release|x86.ActiveCfg = Release|Win32
		{8A3B3721-EEAD-4C45-B910-5AE266AED9FB}.Release|x86.Build.0 = Release|Win32
		{093E4A69-CD91-4E94-8A90-735E9A24AA72}.Debug|x64.ActiveCfg = Debug|x64
		{093E4A69-CD91-4E94-8A90-735E9A24AA72}.Debug|x64.Build.0 = Debug|x64
		{093E4A69-CD91-4E94-8A90-735E9A24AA72}.Debug|x86.ActiveCfg = Debug|Win32
		{093E4A69-CD91-4E94-8A90-735E9A24AA72}.Debug|x86.Build.0 = Debug|Win32
		{093E4A69-CD91-4E94-8A90-735E9A24AA72}.Release|x64.ActiveCfg = Release|x64
		{093E4A69-CD91-4E94-8A90-735E9A24AA72}.Release|x64.Build.0 = Release|x64
		{093E4A69-CD91-4E94-8A90-735E9A24AA72}.Release|x86.ActiveCfg = Release|Win32
		{093E4A69-CD91-4E94-8A90-735E9A24AA72}.Release|x86.Build.0 = Release|Win32
		{91D96B21-226B-49EF-ADFA-540670F8B016}.Debug|x64.ActiveCfg = Debug|x64
		{91D96B21-226B-49EF-ADFA-540670F8B016}.Debug|x64.Build.0 = Debug|x64
		{91D96B21-226B-49EF-ADFA-540670F8B016}.Debug|x86.ActiveCfg = Debug|Win32
		{91D96B21-226B-49EF-ADFA-540670F8B016}.Debug|x86.Build.0 = Debug|Win32
		{91D96B21-226B-49EF-ADFA-540670F8B016}.Release|x64.ActiveCfg = Release|x64
		{91D96B21-226B-49EF-ADFA-540670F8B016}.Release|x64.Build.0 = Release|x64
		{91D96B21-226B-49EF-ADFA-540670F8B016}.Release|x86.ActiveCfg = Release|Win32
		{91D96B21-226B-49EF-ADFA-540670F8B016}.Release|x86.Build.0 = Release|Win32
		{4F809FCE-4206-4322-A35E-FD0E84B09B00}.Debug|x64.ActiveCfg = Debug|x64
		{4F809FCE-4206-4322-A35E-FD0E84B09B00}.Debug|x64.Build.0 = Debug|x64
		{4F809FCE-4206-4322-A35E-FD0E84B09B00}.Debug|x86.ActiveCfg = Debug|Win32
		{4F809FCE-4206-4322-A35E-FD0E84B09B00}.Debug|x86.Build.0 = Debug|Win32
		{4F809FCE-4206-4322-A35E-FD0E84B09B00}.Release|x64.ActiveCfg = Release|x64
		{4F809FCE-4206-4322-A35E-FD0E84B09B00}.Release|x64.Build.0 = Release|x64
		{4F809FCE-4206-4322-A35E-FD0E84B09B00}.Release|x86.ActiveCfg = Release|Win32
		{4F809FCE-4206-4322-A35E-FD0E84B09B00}.Release|x86.Build.0 = Release|Win32
		{E278B56B-D069-4197-81CD-A1FABAFA105E}.Debug|x64.ActiveCfg = Debug|x64
		{E278B56B-D069-4197-81CD-A1FABAFA105E}.Debug|x64.Build.0 = Debug|x64
		{E278B56B-D069-4197-81CD-A1FABAFA105E}.Debug|x86.ActiveCfg = Debug|Win32
		{E278B56B-D069-4197-81CD-A1FABAFA105E}.Debug|x86.Build.0 = Debug|Win32
		{E278B56B-D069-4197-81CD-A1FABAFA105E}.Release|x64.ActiveCfg = Release|x64
		{E278B56B-D069-4197-81CD-A1FABAFA105E}.Release|x64.Build.0 = Release|x64
		{E278B56B-D069-4197-81CD-A1FABAFA105E}.Release|x86.ActiveCfg = Release|Win32
		{E278B56B-D069-4197-81CD-A1FABAFA105E}.Release|x86.Build.0 = Release|Win32
		{857D1393-7D84-43ED-9945-D83EE96D6082}.Debug|x64.ActiveCfg = Debug|x64
		{857D1393-7D84-43ED-9945-D83EE96D6082}.Debug|x64.Build.0 = Debug|x64
		{857D1393-7D84-43ED-9945-D83EE96D6082}.Debug|x86.ActiveCfg = Debug|Win32
		{857D1393-7D84-43ED-9945-D83EE96D6082}.Debug|x86.Build.0 = Debug|Win32
		{857D1393-7D84-43ED-9945-D83EE96D6082}.Release|x64.ActiveCfg = Release|x64
		{857D1393-7D84-43ED-9945-D83EE96D6082}.Release|x64.Build.0 = Release|x64
		{857D1393-7D84-43ED-9945-D83EE96D6082}.Release|x86.ActiveCfg = Release|Win32
		{857D1393-7D84-43ED-9945-D83EE96D6082}.Release|x86.Build.0 = Release|Win32
		{AB7A4829-3D95-499F-BB1A-847C9A8A545F}.Debug|x64.ActiveCfg = Debug|x64
		{AB7A4829-3D95-499F-BB1A-847C9A8A545F}.Debug|x64.Build.0 = Debug|x64
		{AB7A4829-3D95-499F-BB1A-847C9A8A545F}.Debug|x86.ActiveCfg = Debug|Win32
		{AB7A4829-3D95-499F-BB1A-847C9A8A545F}.Debug|x86.Build.0 = Debug|Win32
		{AB7A4829-3D95-499F-BB1A-847C9A8A545F}.Release|x64.ActiveCfg = Release|x64
		{AB7A4829-3D95-499F-BB1A-847C9A8A545F}.Release|x64.Build.0 = Release|x64
		{AB7A4829-3D95-499F-BB1A-847C9A8A545F}.Release|x86.ActiveCfg = Release|Win32
		{AB7A4829-3D95-499F-BB1A-847C9A8A545F}.Release|x86.Build.0 = Release|Win32
		{F2FB44B1-2479-456B-BA5A-FEB2322132FE}.Debug|x64.ActiveCfg = Debug|x64
		{F2FB44B1-2479-456B-BA5A-FEB2322132FE}.Debug|x64.Build.0 = Debug|x64
		{F2FB44B1-2479-456B-BA5A-FEB2322132FE}.Debug|x86.ActiveCfg = Debug|Win32
		{F2FB44B1-2479-456B-BA5A-FEB2322132FE}.Debug|x86.Build.0 = Debug|Win32
		{F2FB44B1-2479-456B-BA5A-FEB2322132FE}.Release|x64.ActiveCfg = Release|x64
		{F2FB44B1-2479-456B-BA5A-FEB2322132FE}.Release|x64.Build.0 = Release|x64
		{F2FB44B1-2479-456B-BA5A-FEB2322132FE}.Release|x86.ActiveCfg = Release|Win32
		{F2FB44B1-2479-456B-BA5A-FEB2322132FE}.Release|x86.Build.0 = Release|Win32
		{AA6D2721-6438-47EE-BE51-78A4F93D216B}.Debug|x64.ActiveCfg = Debug|x64
		{AA6D2721-6438-47EE-BE51-78A4F93D216B}.Debug|x64.Build.0 = Debug|x64
		{AA6D2721-6438-47EE-BE51-78A4F93D216B}.Debug|x86.ActiveCfg = Debug|Win32
		{AA6D2721-6438-47EE-BE51-78A4F93D216B}.Debug|x86.Build.0 = Debug|Win32
		{AA6D2721-6438-47EE-BE51-78A4F93D216B}.Release|x64.ActiveCfg = Release|x64
		{AA6D2721-6438-47EE-BE51-78A4F93D216B}.Release|x64.Build.0 = Release|x64
		{AA6D2721-6438-47EE-BE51-78A4F93D216B}.Release|x86.ActiveCfg = Release|Win32
		{AA6D2721-6438-47EE-BE51-78A4F93D216B}.Release|x86.Build.0 = Release|Win32
		{2254A8D4-8AC5-4A9D-B862-3670710FACC1}.Debug|x64.ActiveCfg = Debug|x64
		{2254A8D4-8AC5-4A9D-B862-3670710FACC1}.Debug|x64.Build.0 = Debug|x64
		{2254A8D4-8AC5-4A9D-B862-3670710FACC1}.Debug|x86.ActiveCfg = Debug|Win32
		{2254A8D4-8AC5-4A9D-B862-3670710FACC1}.Debug|x86.Build.0 = Debug|Win32
		{2254A8D4-8AC5-4A9D-B862-3670710FACC1}.Release|x64.ActiveCfg = Release|x64
		{2254A8D4-8AC5-4A9D-B862-3670710FACC1}.Release|x64.Build.0 = Release|x64
		{2254A8D4-8AC5-4A9D-B862-3670710FACC1}.Release|x86.ActiveCfg = Release|Win32
		{2254A8D4-8AC5-4A9D-B862-3670710FACC1}.Release|x86.Build.0 = Release|Win32
		{16103BA6-7C1A-48BE-ACD6-3D632A64472F}.Debug|x64.ActiveCfg = Debug|x64
		{16103BA6-7C1A-48BE-ACD6-3D632A64472F}.Debug|x64.Build.0 = Debug|x64
		{16103BA6-7C1A-48BE-ACD6-3D632A64472F}.Debug|x86.ActiveCfg = Debug|Win32
		{16103BA6-7C1A-48BE-ACD6-3D632A64472F}.Debug|x86.Build.0 = Debug|Win32
		{16103BA6-7C1A-48BE-ACD6-3D632A64472F}.Release|x64.ActiveCfg = Release|x64
		{16103BA6-7C1A-48BE-ACD6-3D632A64472F}.Release|x64.Build.0 = Release|x64
		{16103BA6-7C1A-48BE-ACD6-3D632A64472F}.Release|x86.ActiveCfg = Release|Win32
		{16103BA6-7C1A-48BE-ACD6-3D632A64472F}.Release|x86.Build.0 = Release|Win32
		{87D7FAF8-01A4-4D8F-A12A-F0C635CF7DF1}.Debug|x64.ActiveCfg = Debug|x64
		{87D7FAF8-01A4-4D8F-A12A-F0C635CF7DF1}.Debug|x64.Build.0 = Debug|x64
		{87D7FAF8-01A4-4D8F-A12A-F0C635CF7DF1}.Debug|x86.ActiveCfg = Debug|Win32
		{87D7FAF8-01A4-4D8F-A12A-F0C635CF7DF1}.Debug|x86.Build.0 = Debug|Win32
		{87D7FAF8-01A4-4D8F-A12A-F0C635CF7DF1}.Release|x64.ActiveCfg = Release|x64
		{87D7FAF8-01A4-4D8F-A12A-F0C635CF7DF1}.Release|x64.Build.0 = Release|x64
		{87D7FAF8-01A4-4D8F-A12A-F0C635CF7DF1}.Release|x86.ActiveCfg = Release|Win32
		{87D7FAF8-01A4-4D8F-A12A-F0C635CF7DF1}.Release|x86.Build.0 = Release|Win32
		{A5C0DF45-2336-44A4-B51F-80A814E15F40}.Debug|x64.ActiveCfg = Debug|x64
		{A5C0DF45-2336-44A4-B51F-80A814E15F40}.Debug|x64.Build.0 = Debug|x64
		{A5C0DF45-2336-44A4-B51F-80A814E15F40}.Debug|x86.ActiveCfg = Debug|Win32
		{A5C0DF45-2336-44A4-B51F-80A814E15F40}.Debug|x86.Build.0 = Debug|Win32
		{A5C0DF45-2336-44A4-B51F-80A814E15F40}.Release|x64.ActiveCfg = Release|x64
		{A5C0DF45-2336-44A4-B51F-80A814E15F40}.Release|x64.Build.0 = Release|x64
		{A5C0DF45-2336-44A4-B51F-80A814E15F40}.Release|x86.ActiveCfg = Release|Win32
		{A5C0DF45-2336-44A4-B51F-80A814E15F40}.Release|x86.Build.0 = Release|Win32
		{1D55F59C-9975-43D1-BE32-A6F99DC383CE}.Debug|x64.ActiveCfg = Debug|x64
		{1D55F59C-9975-43D1-BE32-A6F99DC383CE}.Debug|x64.Build.0 = Debug|x64
		{1D55F59C-9975-43D1-BE32-A6F99DC383CE}.Debug|x86.ActiveCfg = Debug|Win32
		{1D55F59C-9975-43D1-BE32-A6F99DC383CE}.Debug|x86.Build.0 = Debug|Win32
		{1D55F59C-9975-43D1-BE32-A6F99DC383CE}.Release|x64.ActiveCfg = Release|x64
		{1D55F59C-9975-43D1-BE32-A6F99DC383CE}.Release|x64.Build.0 = Release|x64
		{1D55F59C-9975-43D1-BE32-A6F99DC383CE}.Release|x86.ActiveCfg = Release|Win32
		{1D55F59C-9975-43D1-BE32-A6F99DC383CE}.Release|x86.Build.0 = Release|Win32
		{202F4DE7-7FB3-4ABD-857C-62757F1A144C}.Debug|x64.ActiveCfg = Debug|x64
		{202F4DE7-7FB3-4ABD-857C-62757F1A144C}.Debug|x64.Build.0 = Debug|x64
		{202F4DE7-7FB3-4ABD-857C-62757F1A144C}.Debug|x86.ActiveCfg = Debug|Win32
		{202F4DE7-7FB3-4ABD-857C-62757F1A144C}.Debug|x86.Build.0 = Debug|Win32
		{202F4DE7-7FB3-4ABD-857C-62757F1A144C}.Release|x64.ActiveCfg = Release|x64
		{202F4DE7-7FB3-4ABD-857C-62757F1A144C}.Release|x64.Build.0 = Release|x64
		{202F4DE7-7FB3-4ABD-857C-62757F1A144C}.Release|x86.ActiveCfg = Release|Win32
		{202F4DE7-7FB3-4ABD-857C-62757F1A144C}.Release|x86.Build.0 = Release|Win32
		{24C214A9-F942-4CBB-A745-C8FADCC57B5C}.Debug|x64.ActiveCfg = Debug|x64
		{24C214A9-F942-4CBB-A745-C8FADCC57B5C}.Debug|x64.Build.0 = Debug|x64
		{24C214A9-F942-4CBB-A745-C8FADCC57B5C}.Debug|x86.ActiveCfg = Debug|Win32
		{24C214A9-F942-4CBB-A745-C8FADCC57B5C}.Debug|x86.Build.0 = Debug|Win32
		{24C214A9-F942-4CBB-A745-C8FADCC57B5C}.Release|x64.ActiveCfg = Release|x64
		{24C214A9-F942-4CBB-A745-C8FADCC57B5C}.Release|x64.Build.0 = Release|x64
		{24C214A9-F942-4CBB-A745-C8FADCC57B5C}.Release|x86.ActiveCfg = Release|Win32
		{24C214A9-F942-4CBB-A745-C8FADCC57B5C}.Release|x86.Build.0 = Release|Win32
		{AC466B04-059D-4CC8-9F07-60442389D6CB}.Debug|x64.ActiveCfg = Debug|x64
		{AC466B04-059D-4CC8-9F07-60442389D6CB}.Debug|x64.Build.0 = Debug|x64
		{AC466B04-059D-4CC8-9F07-60442389D6CB}.Debug|x86.ActiveCfg = Debug|Win32
		{AC466B04-059D-4CC8-9F07-60442389D6CB}.Debug|x86.Build.0 = Debug|Win32
		{AC466B04-059D-4CC8-9F07-60442389D6CB}.Release|x64.ActiveCfg = Release|x64
		{AC466B04-059D-4CC8-9F07-60442389D6CB}.Release|x64.Build.0 = Release|x64
		{AC466B04-059D-4CC8-9F07-60442389D6CB}.Release|x86.ActiveCfg = Release|Win32
		{AC466B04-059D-4CC8-9F07-60442389D6CB}.Release|x86.Build.0 = Release|Win32
		{0E1870B4-E8B0-4931-825A-B65015488CD9}.Debug|x64.ActiveCfg = Debug|x64
		{0E1870B4-E8B0-4931-825A-B65015488CD9}.Debug|x64.Build.0 = Debug|x64
		{0E1870B4-E8B0-4931-825A-B65015488CD9}.Debug|x86.ActiveCfg = Debug|Win32
		{0E1870B4-E8B0-4931-825A-B65015488CD9}.Debug|x86.Build.0 = Debug|Win32
		{0E1870B4-E8B0-4931-825A-B65015488CD9}.Release|x64.ActiveCfg = Release|x64
		{0E1870B4-E8B0-4931-825A-B65015488CD9}.Release|x64.Build.0 = Release|x64
		{0E1870B4-E8B0-4931-825A-B65015488CD9}.Release|x86.ActiveCfg = Release|Win32
		{0E1870B4-E8B0-4931-825A-B65015488CD9}.Release|x86.Build.0 = Release|Win32
		{913BBE3D-B45B-4233-A600-B36051DCCFB9}.Debug|x64.ActiveCfg = Debug|x64
		{913BBE3D-B45B-4233-A600-B36051DCCFB9}.Debug|x64.Build.0 = Debug|x64
		{913BBE3D-B45B-4233-A600-B36051DCCFB9}.Debug|x86.ActiveCfg = Debug|Win32
		{913BBE3D-B45B-4233-A600-B36051DCCFB9}.Debug|x86.Build.0 = Debug|Win32
		{913BBE3D-B45B-4233-A600-B36051DCCFB9}.Release|x64.ActiveCfg = Release|x64
		{913BBE3D-B45B-4233-A600-B36051DCCFB9}.Release|x64.Build.0 = Release|x64
		{913BBE3D-B45B-4233-A600-B36051DCCFB9}.Release|x86.ActiveCfg = Release|Win32
		{913BBE3D-B45B-4233-A600-B36051DCCFB9}.Release|x86.Build.0 = Release|Win32
		{2A1B7EE0-D6B0-410B-BE23-571EE1B3447B}.Debug|x64.ActiveCfg = Debug|x64
		{2A1B7EE0-D6B0-410B-BE23-571EE1B3447B}.Debug|x64.Build.0 = Debug|x64
		{2A1B7EE0-D6B0-410B-BE23-571EE1B3447B}.Debug|x86.ActiveCfg = Debug|Win32
		{2A1B7EE0-D6B0-410B-BE23-571EE1B3447B}.Debug|x86.Build.0 = Debug|Win32
		{2A1B7EE0-D6B0-410B-BE23-571EE1B3447B}.Release|x64.ActiveCfg = Release|x64
		{2A1B7EE0-D6B0-410B-BE23-571EE1B3447B}.Release|x64.Build.0 = Release|x64
		{2A1B7EE0-D6B0-410B-BE23-571EE1B3447B}.Release|x86.ActiveCfg = Release|Win32
		{2A1B7EE0-D6B0-410B-BE23-571EE1B3447B}.Release|x86.Build.0 = Release|Win32
		{9BC16C16-7C68-4264-A110-19D005438186}.Debug|x64.ActiveCfg = Debug|x64
		{9BC16C16-7C68-4264-A110-19D005438186}.Debug|x64.Build.0 = Debug|x64
		{9BC16C16-7C68-4264-A110-19D005438186}.Debug|x86.ActiveCfg = Debug|Win32
		{9BC16C16-7C68-4264-A110-19D005438186}.Debug|x86.Build.0 = Debug|Win32
		{9BC16C16-7C68-4264-A110-19D005438186}.Release|x64.ActiveCfg = Release|x64
		{9BC16C16-7C68-4264-A110-19D005438186}.Release|x64.Build.0 = Release|x64
		{9BC16C16-7C68-4264-A110-19D005438186}.Release|x86.ActiveCfg = Release|Win32
		{9BC16C16-7C68-4264-A110-19D005438186}.Release|x86.Build.0 = Release|Win32
		{39CB86C8-FE57-469E-85D9-654A0FC6FB2C}.Debug|x64.ActiveCfg = Debug|x64
		{39CB86C8-FE57-469E-85D9-654A0FC6FB2C}.Debug|x64.Build.0 = Debug|x64
		{39CB86C8-FE57-469E-85D9-654A0FC6FB2C}.Debug|x86.ActiveCfg = Debug|Win32
		{39CB86C8-FE57-469E-85D9-654A0FC6FB2C}.Debug|x86.Build.0 = Debug|Win32
		{39CB86C8-FE57-469E-85D9-654A0FC6FB2C}.Release|x64.ActiveCfg = Release|x64
		{39CB86C8-FE57-469E-85D9-654A0FC6FB2C}.Release|x64.Build.0 = Release|x64
		{39CB86C8-FE57-469E-85D9-654A0FC6FB2C}.Release|x86.ActiveCfg = Release|Win32
		{39CB86C8-FE57-469E-85D9-654A0FC6FB2C}.Release|x86.Build.0 = Release|Win32
		{78A80E8A-D369-4AA3-8C69-191F93CCBFFA}.Debug|x64.ActiveCfg = Debug|x64
		{78A80E8A-D369-4AA3-8C69-191F93CCBFFA}.Debug|x64.Build.0 = Debug|x64
		{78A80E8A-D369-4AA3-8C69-191F93CCBFFA}.Debug|x86.ActiveCfg = Debug|Win32
		{78A80E8A-D369-4AA3-8C69-191F93CCBFFA}.Debug|x86.Build.0 = Debug|Win32
		{78A80E8A-D369-4AA3-8C69-191F93CCBFFA}.Release|x64.ActiveCfg = Release|x64
		{78A80E8A-D369-4AA3-8C69-191F93CCBFFA}.Release|x64.Build.0 = Release|x64
		{78A80E8A-D369-4AA3-8C69-191F93CCBFFA}.Release|x86.ActiveCfg = Release|Win32
		{78A80E8A-D369-4AA3-8C69-191F93CCBFFA}.Release|x86.Build.0 = Release|Win32
		{8615A556-8D49-4620-8FBB-796B48D6A6C4}.Debug|x64.ActiveCfg = Debug|x64
		{8615A556-8D49-4620-8FBB-796B48D6A6C4}.Debug|x64.Build.0 = Debug|x64
		{8615A556-8D49-4620-8FBB-796B48D6A6C4}.Debug|x86.ActiveCfg = Debug|Win32
		{8615A556-8D49-4620-8FBB-796B48D6A6C4}.Debug|x86.Build.0 = Debug|Win32
		{8615A556-8D49-4620-8FBB-796B48D6A6C4}.Release|x64.ActiveCfg = Release|x64
		{8615A556-8D49-4620-8FBB-796B48D6A6C4}.Release|x64.Build.0 = Release|x64
		{8615A556-8D49-4620-8FBB-796B48D6A6C4}.Release|x86.ActiveCfg = Release|Win32
		{8615A556-8D49-4620-8FBB-796B48D6A6C4}.Release|x86.Build.0 = Release|Win32
		{6EF29F53-C7DB-4249-8162-27B31D77AB20}.Debug|x64.ActiveCfg = Debug|x64
		{6EF29F53-C7DB-4249-8162-27B31D77AB20}.Debug|x64.Build.0 = Debug|x64
		{6EF29F53-C7DB-4249-8162-27B31D77AB20}.Debug|x86.ActiveCfg = Debug|Win32
		{6EF29F53-C7DB-4249-8162-27B31D77AB20}.Debug|x86.Build.0 = Debug|Win32
		{6EF29F53-C7DB-4249-8162-27B31D77AB20}.Release|x64.ActiveCfg = Release|x64
		{6EF29F53-C7DB-4249-8162-27B31D77AB20}.Release|x64.Build.0 = Release|x64
		{6EF29F53-C7DB-4249-8162-27B31D77AB20}.Release|x86.ActiveCfg = Release|Win32
		{6EF29F53-C7DB-4249-8162-27B31D77AB20}.Release|x86.Build.0 = Release|Win32
		{3556A71E-D6A9-4E76-B771-8AF9C38FCD3C}.Debug|x64.ActiveCfg = Debug|x64
		{3556A71E-D6A9-4E76-B771-8AF9C38FCD3C}.Debug|x64.Build.0 = Debug|x64
		{3556A71E-D6A9-4E76-B771-8AF9C38FCD3C}.Debug|x86.ActiveCfg = Debug|Win32
		{3556A71E-D6A9-4E76-B771-8AF9C38FCD3C}.Debug|x86.Build.0 = Debug|Win32
		{3556A71E-D6A9-4E76-B771-8AF9C38FCD3C}.Release|x64.ActiveCfg = Release|x64
		{3556A71E-D6A9-4E76-B771-8AF9C38FCD3C}.Release|x64.Build.0 = Release|x64
		{3556A71E-D6A9-4E76-B771-8AF9C38FCD3C}.Release|x86.ActiveCfg = Release|Win32
		{3556A71E-D6A9-4E76-B771-8AF9C38FCD3C}.Release|x86.Build.0 = Release|Win32
		{62B14805-9C0B-495D-97A2-3B3F19544A79}.Debug|x64.ActiveCfg = Debug|x64
		{62B14805-9C0B-495D-97A2-3B3F19544A79}.Debug|x64.Build.0 = Debug|x64
		{62B14805-9C0B-495D-97A2-3B3F19544A79}.Debug|x86.ActiveCfg = Debug|Win32
		{62B14805-9C0B-495D-97A2-3B3F19544A79}.Debug|x86.Build.0 = Debug|Win32
		{62B14805-9C0B-495D-97A2-3B3F19544A79}.Release|x64.ActiveCfg = Release|x64
		{62B14805-9C0B-495D-97A2-3B3F19544A79}.Release|x64.Build.0 = Release|x64
		{62B14805-9C0B-495D-97A2-3B3F19544A79}.Release|x86.ActiveCfg = Release|Win32
		{62B14805-9C0B-495D-97A2-3B3F19544A79}.Release|x86.Build.0 = Release|Win32
		{0CB94535-56D0-4798-ABD8-255333E4BDC6}.Debug|x64.ActiveCfg = Debug|x64
		{0CB94535-56D0-4798-ABD8-255333E4BDC6}.Debug|x64.Build.0 = Debug|x64
		{0CB94535-56D0-4798-ABD8-255333E4BDC6}.Debug|x86.ActiveCfg = Debug|Win32
		{0CB94535-56D0-4798-ABD8-255333E4BDC6}.Debug|x86.Build.0 = Debug|Win32
		{0CB94535-56D0-4798-ABD8-255333E4BDC6}.Release|x64.ActiveCfg = Release|x64
		{0CB94535-56D0-4798-ABD8-255333E4BDC6}.Release|x64.Build.0 = Release|x64
		{0CB94535-56D0-4798-ABD8-255333E4BDC6}.Release|x86.ActiveCfg = Release|Win32
		{0CB94535-56D0-4798-ABD8-255333E4BDC6}.Release|x86.Build.0 = Release|Win32
		{341B725A-B12A-45F1-AE9D-F49B282E56D4}.Debug|x64.ActiveCfg = Debug|x64
		{341B725A-B12A-45F1-AE9D-F49B282E56D4}.Debug|x64.Build.0 = Debug|x64
		{341B725A-B12A-45F1-AE9D-F49B282E56D4}.Debug|x86.ActiveCfg = Debug|Win32
		{341B725A-B12A-45F1-AE9D-F49B282E56D4}.Debug|x86.Build.0 = Debug|Win32
		{341B725A-B12A-45F1-AE9D-F49B282E56D4}.Release|x64.ActiveCfg = Release|x64
		{341B725A-B12A-45F1-AE9D-F49B282E56D4}.Release|x64.Build.0 = Release|x64
		{341B725A-B12A-45F1-AE9D-F49B282E56D4}.Release|x86.ActiveCfg = Release|Win32
		{341B725A-B12A-45F1-AE9D-F49B282E56D4}.Release|x86.Build.0 = Release|Win32
		{24B03135-7A7D-45DA-A091-92B3C3CC2F32}.Debug|x64.ActiveCfg = Debug|x64
		{24B03135-7A7D-45DA-A091-92B3C3CC2F32}.Debug|x64.Build.0 = Debug|x64
		{24B03135-7A7D-45DA-A091-92B3C3CC2F32}.Debug|x86.ActiveCfg = Debug|Win32
		{24B03135-7A7D-45DA-A091-92B3C3CC2F32}.Debug|x86.Build.0 = Debug|Win32
		{24B03135-7A7D-45DA-A091-92B3C3CC2F32}.Release|x64.ActiveCfg = Release|x64
		{24B03135-7A7D-45DA-A091-92B3C3CC2F32}.Release|x64.Build.0 = Release|x64
		{24B03135-7A7D-45DA-A091-92B3C3CC2F32}.Release|x86.ActiveCfg = Release|Win32
		{24B03135-7A7D-45DA-A091-92B3C3CC2F32}.Release|x86.Build.0 = Release|Win32
		{19459C94-FDCE-4542-9C03-959C2933121E}.Debug|x64.ActiveCfg = Debug|x64
		{19459C94-FDCE-4542-9C03-959C2933121E}.Debug|x64.Build.0 = Debug|x64
		{19459C94-FDCE-4542-9C03-959C2933121E}.Debug|x86.ActiveCfg = Debug|Win32
		{19459C94-FDCE-4542-9C03-959C2933121E}.Debug|x86.Build.0 = Debug|Win32
		{19459C94-FDCE-4542-9C03-959C2933121E}.Release|x64.ActiveCfg = Release|x64
		{19459C94-FDCE-4542-9C03-959C2933121E}.Release|x64.Build.0 = Release|x64
		{19459C94-FDCE-4542-9C03-959C2933121E}.Release|x86.ActiveCfg = Release|Win32
		{19459C94-FDCE-4542-9C03-959C2933121E}.Release|x86.Build.0 = Release|Win32
		{7E6DA097-2500-4AD1-BAA9-F831CDFBE900}.Debug|x64.ActiveCfg = Debug|x64
		{7E6DA097-2500-4AD1-BAA9-F831CDFBE900}.Debug|x64.Build.0 = Debug|x64
		{7E6DA097-2500-4AD1-BAA9-F831CDFBE900}.Debug|x86.ActiveCfg = Debug|Win32
		{7E6DA097-2500-4AD1-BAA9-F831CDFBE900}.Debug|x86.Build.0 = Debug|Win32
		{7E6DA097-2500-4AD1-BAA9-F831CDFBE900}.Release|x64.ActiveCfg = Release|x64
		{7E6DA097-2500-4AD1-BAA9-F831CDFBE900}.Release|x64.Build.0 = Release|x64
		{7E6DA097-2500-4AD1-BAA9-F831CDFBE900}.Release|x86.ActiveCfg = Release|Win32
		{7E6DA097-2500-4AD1-BAA9-F831CDFBE900}.Release|x86.Build.0 = Release|Win32
		{4A56E1DD-0C61-4A74-A926-E377CC48BE73}.Debug|x64.ActiveCfg = Debug|x64
		{4A56E1DD-0C61-4A74-A926-E377CC48BE73}.Debug|x64.Build.0 = Debug|x64
		{4A56E1DD-0C61-4A74-A926-E377CC48BE73}.Debug|x86.ActiveCfg = Debug|Win32
		{4A56E1DD-0C61-4A74-A926-E377CC48BE73}.Debug|x86.Build.0 = Debug|Win32
		{4A56E1DD-0C61-4A74-A926-E377CC48BE73}.Release|x64.ActiveCfg = Release|x64
		{4A56E1DD-0C61-4A74-A926-E377CC48BE73}.Release|x64.Build.0 = Release|x64
		{4A56E1DD-0C61-4A74-A926-E377CC48BE73}.Release|x86.ActiveCfg = Release|Win32
		{4A56E1DD-0C61-4A74-A926-E377CC48BE73}.Release|x86.Build.0 = Release|Win32
		{EA7AAC1E-1708-4F24-AA01-8FCD92212D47}.Debug|x64.ActiveCfg = Debug|x64
		{EA7AAC1E-1708-4F24-AA01-8FCD92212D47}.Debug|x64.Build.0 = Debug|x64
		{EA7AAC1E-1708-4F24-AA01-8FCD92212D47}.Debug|x86.ActiveCfg = Debug|Win32
		{EA7AAC1E-1708-4F24-AA01-8FCD92212D47}.Debug|x86.Build.0 = Debug|Win32
		{EA7AAC1E-1708-4F24-AA01-8FCD92212D47}.Release|x64.ActiveCfg = Release|x64
		{EA7AAC1E-1708-4F24-AA01-8FCD92212D47}.Release|x64.Build.0 = Release|x64
		{EA7AAC1E-1708-4F24-AA01-8FCD92212D47}.Release|x86.ActiveCfg = Release|Win32
		{EA7AAC1E-1708-4F24-AA01-8FCD92212D47}.Release|x86.Build.0 = Release|Win32
		{C432A086-E81B-4997-9C3D-FF81F77E486F}.Debug|x64.ActiveCfg = Debug|x64
		{C432A086-E81B-4997-9C3D-FF81F77E486F}.Debug|x64.Build.0 = Debug|x64
		{C432A086-E81B-4997-9C3D-FF81F77E486F}.Debug|x86.ActiveCfg = Debug|Win32
		{C432A086-E81B-4997-9C3D-FF81F77E486F}.Debug|x86.Build.0 = Debug|Win32
		{C432A086-E81B-4997-9C3D-FF81F77E486F}.Release|x64.ActiveCfg = Release|x64
		{C432A086-E81B-4997-9C3D-FF81F77E486F}.Release|x64.Build.0 = Release|x64
		{C432A086-E81B-4997-9C3D-FF81F77E486F}.Release|x86.ActiveCfg = Release|Win32
		{C432A086-E81B-4997-9C3D-FF81F77E486F}.Release|x86.Build.0 = Release|Win32
		{3B6C6E0D-5F84-439C-BF91-19373AF2C416}.Debug|x64.ActiveCfg = Debug|x64
		{3B6C6E0D-5F84-439C-BF91-19373AF2C416}.Debug|x64.Build.0 = Debug|x64
		{3B6C6E0D-5F84-439C-BF91-19373AF2C416}.Debug|x86.ActiveCfg = Debug|Win32
		{3B6C6E0D-5F84-439C-BF91-19373AF2C416}.Debug|x86.Build.0 = Debug|Win32
		{3B6C6E0D-5F84-439C-BF91-19373AF2C416}.Release|x64.ActiveCfg = Release|x64
		{3B6C6E0D-5F84-439C-BF91-19373AF2C416}.Release|x64.Build.0 = Release|x64
		{3B6C6E0D-5F84-439C-BF91-19373AF2C416}.Release|x86.ActiveCfg = Release|Win32
		{3B6C6E0D-5F84-439C-BF91-19373AF2C416}.Release|x86.Build.0 = Release|Win32
		{9358D735-6DA8-4A48-ADE3-8C7A82BBBE2B}.Debug|x64.ActiveCfg = Debug|x64
		{9358D735-6DA8-4A48-ADE3-8C7A82BBBE2B}.Debug|x64.Build.0 = Debug|x64
		{9358D735-6DA8-4A48-ADE3-8C7A82BBBE2B}.Debug|x86.ActiveCfg = Debug|Win32
		{9358D735-6DA8-4A48-ADE3-8C7A82BBBE2B}.Debug|x86.Build.0 = Debug|Win32
		{9358D735-6DA8-4A48-ADE3-8C7A82BBBE2B}.Release|x64.ActiveCfg = Release|x64
		{9358D735-6DA8-4A48-ADE3-8C7A82BBBE2B}.Release|x64.Build.0 = Release|x64
		{9358D735-6DA8-4A48-ADE3-8C7A82BBBE2B}.Release|x86.ActiveCfg = Release|Win32
		{9358D735-6DA8-4A48-ADE3-8C7A82BBBE2B}.Release|x86.Build.0 = Release|Win32
		{EDC675B5-B4EC-4B38-B81F-892F5025BAD1}.Debug|x64.ActiveCfg = Debug|x64
		{EDC675B5-B4EC-4B38-B81F-892F5025BAD1}.Debug|x64.Build.0 = Debug|x64
		{EDC675B5-B4EC-4B38-B81F-892F5025BAD1}.Debug|x86.ActiveCfg = Debug|Win32
		{EDC675B5-B4EC-4B38-B81F-892F5025BAD1}.Debug|x86.Build.0 = Debug|Win32
		{EDC675B5-B4EC-4B38-B81F-892F5025BAD1}.Release|x64.ActiveCfg = Release|x64
		{EDC675B5-B4EC-4B38-B81F-892F5025BAD1}.Release|x64.Build.0 = Release|x64
		{EDC675B5-B4EC-4B38-B81F-892F5025BAD1}.Release|x86.ActiveCfg = Release|Win32
		{EDC675B5-B4EC-4B38-B81F-892F5025BAD1}.Release|x86.Build.0 = Release|Win32
		{B448FDE6-8B4B-4A17-A65D-A91CF9D3612B}.Debug|x64.ActiveCfg = Debug|x64
		{B448FDE6-8B4B-4A17-A65D-A91CF9D3612B}.Debug|x64.Build.0 = Debug|x64
		{B448FDE6-8B4B-4A17-A65D-A91CF9D3612B}.Debug|x86.ActiveCfg = Debug|Win32
		{B448FDE6-8B4B-4A17-A65D-A91CF9D3612B}.Debug|x86.Build.0 = Debug|Win32
		{B448FDE6-8B4B-4A17-A65D-A91CF9D3612B}.Release|x64.ActiveCfg = Release|x64
		{B448FDE6-8B4B-4A17-A65D-A91CF9D3612B}.Release|x64.Build.0 = Release|x64
		{B448FDE6-8B4B-4A17-A65D-A91CF9D3612B}.Release|x86.ActiveCfg = Release|Win32
		{B448FDE6-8B4B-4A17-A65D-A91CF9D3612B}.Release|x86.Build.0 = Release|Win32
		{5080955D-45C6-439E-8765-B92B2BF0BC0C}.Debug|x64.ActiveCfg = Debug|x64
		{5080955D-45C6-439E-8765-B92B2BF0BC0C}.Debug|x64.Build.0 = Debug|x64
		{5080955D-45C6-439E-8765-B92B2BF0BC0C}.Debug|x86.ActiveCfg = Debug|Win32
		{5080955D-45C6-439E-8765-B92B2BF0BC0C}.Debug|x86.Build.0 = Debug|Win32
		{5080955D-45C6-439E-8765-B92B2BF0BC0C}.Release|x64.ActiveCfg = Release|x64
		{5080955D-45C6-439E-8765-B92B2BF0BC0C}.Release|x64.Build.0 = Release|x64
		{5080955D-45C6-439E-8765-B92B2BF0BC0C}.Release|x86.ActiveCfg = Release|Win32
		{5080955D-45C6-439E-8765-B92B2BF0BC0C}.Release|x86.Build.0 = Release|Win32
		{87219C32-55E7-40D7-92EF-7E1D441FA160}.Debug|x64.ActiveCfg = Debug|x64
		{87219C32-55E7-40D7-92EF-7E1D441FA160}.Debug|x64.Build.0 = Debug|x64
		{87219C32-55E7-40D7-92EF-7E1D441FA160}.Debug|x86.ActiveCfg = Debug|Win32
		{87219C32-55E7-40D7-92EF-7E1D441FA160}.Debug|x86.Build.0 = Debug|Win32
		{87219C32-55E7-40D7-92EF-7E1D441FA160}.Release|x64.ActiveCfg = Release|x64
		{87219C32-55E7-40D7-92EF-7E1D441FA160}.Release|x64.Build.0 = Release|x64
		{87219C32-55E7-40D7-92EF-7E1D441FA160}.Release|x86.ActiveCfg = Release|Win32
		{87219C32-55E7-40D7-92EF-7E1D441FA160}.Release|x86.Build.0 = Release|Win32
		{963ECF8A-ECE5-4BCA-8F40-801E313F3120}.Debug|x64.ActiveCfg = Debug|x64
		{963ECF8A-ECE5-4BCA-8F40-801E313F3120}.Debug|x64.Build.0 = Debug|x64
		{963ECF8A-ECE5-4BCA-8F40-801E313F3120}.Debug|x86.ActiveCfg = Debug|Win32
		{963ECF8A-ECE5-4BCA-8F40-801E313F3120}.Debug|x86.Build.0 = Debug|Win32
		{963ECF8A-ECE5-4BCA-8F40-801E313F3120}.Release|x64.ActiveCfg = Release|x64
		{963ECF8A-ECE5-4BCA-8F40-801E313F3120}.Release|x64.Build.0 = Release|x64
		{963ECF8A-ECE5-4BCA-8F40-801E313F3120}.Release|x86.ActiveCfg = Release|Win32
		{963ECF8A-ECE5-4BCA-8F40-801E313F3120}.Release|x86.Build.0 = Release|Win32
		{0A64D5B7-CA4E-4648-83E0-B20A9A67DFF0}.Debug|x64.ActiveCfg = Debug|x64
		{0A64D5B7-CA4E-4648-83E0-B20A9A67DFF0}.Debug|x64.Build.0 = Debug|x64
		{0A64D5B7-CA4E-4648-83E0-B20A9A67DFF0}.Debug|x86.ActiveCfg = Debug|Win32
		{0A64D5B7-CA4E-4648-83E0-B20A9A67DFF0}.Debug|x86.Build.0 = Debug|Win32
		{0A64D5B7-CA4E-4648-83E0-B20A9A67DFF0}.Release|x64.ActiveCfg = Release|x64
		{0A64D5B7-CA4E-4648-83E0-B20A9A67DFF0}.Release|x64.Build.0 = Release|x64
		{0A64D5B7-CA4E-4648-83E0-B20A9A67DFF0}.Release|x86.ActiveCfg = Release|Win32
		{0A64D5B7-CA4E-4648-83E0-B20A9A67DFF0}.Release|x86.Build.0 = Release|Win32
		{6E23A453-E68B-4CF1-B8F7-E9CA58A4D3C4}.Debug|x64.ActiveCfg = Debug|x64
		{6E23A453-E68B-4CF1-B8F7-E9CA58A4D3C4}.Debug|x64.Build.0 = Debug|x64
		{6E23A453-E68B-4CF1-B8F7-E9CA58A4D3C4}.Debug|x86.ActiveCfg = Debug|Win32
		{6E23A453-E68B-4CF1-B8F7-E9CA58A4D3C4}.Debug|x86.Build.0 = Debug|Win32
		{6E23A453-E68B-4CF1-B8F7-E9CA58A4D3C4}.Release|x64.ActiveCfg = Release|x64
		{6E23A453-E68B-4CF1-B8F7-E9CA58A4D3C4}.Release|x64.Build.0 = Release|x64
		{6E23A453-E68B-4CF1-B8F7-E9CA58A4D3C4}.Release|x86.ActiveCfg = Release|Win32
		{6E23A453-E68B-4CF1-B8F7-E9CA58A4D3C4}.Release|x86.Build.0 = Release|Win32
		{ACD73757-786F-4D16-93AE-46FA6BD403E2}.Debug|x64.ActiveCfg = Debug|x64
		{ACD73757-786F-4D16-93AE-46FA6BD403E2}.Debug|x64.Build.0 = Debug|x64
		{ACD73757-786F-4D16-93AE-46FA6BD403E2}.Debug|x86.ActiveCfg = Debug|Win32
		{ACD73757-786F-4D16-93AE-46FA6BD403E2}.Debug|x86.Build.0 = Debug|Win32
		{ACD73757-786F-4D16-93AE-46FA6BD403E2}.Release|x64.ActiveCfg = Release|x64
		{ACD73757-786F-4D16-93AE-46FA6BD403E2}.Release|x64.Build.0 = Release|x64
		{ACD73757-786F-4D16-93AE-46FA6BD403E2}.Release|x86.ActiveCfg = Release|Win32
		{ACD73757-786F-4D16-93AE-46FA6BD403E2}.Release|x86.Build.0 = Release|Win32
		{A93ABE20-C1A8-4660-8AC7-D6A51512C538}.Debug|x64.ActiveCfg = Debug|x64
		{A93ABE20-C1A8-4660-8AC7-D6A51512C538}.Debug|x64.Build.0 = Debug|x64
		{A93ABE20-C1A8-4660-8AC7-D6A51512C538}.Debug|x86.ActiveCfg = Debug|Win32
		{A93ABE20-C1A8-4660-8AC7-D6A51512C538}.Debug|x86.Build.0 = Debug|Win32
		{A93ABE20-C1A8-4660-8AC7-D6A51512C538}.Release|x64.ActiveCfg = Release|x64
		{A93ABE20-C1A8-4660-8AC7-D6A51512C538}.Release|x64.Build.0 = Release|x64
		{A93ABE20-C1A8-4660-8AC7-D6A51512C538}.Release|x86.ActiveCfg = Release|Win32
		{A93ABE20-C1A8-4660-8AC7-D6A51512C538}.Release|x86.Build.0 = Release|Win32
		{C04FBD2C-593B-40EA-B930-B730959D94DA}.Debug|x64.ActiveCfg = Debug|x64
		{C04FBD2C-593B-40EA-B930-B730959D94DA}.Debug|x64.Build.0 = Debug|x64
		{C04FBD2C-593B-40EA-B930-B730959D94DA}.Debug|x86.ActiveCfg = Debug|Win32
		{C04FBD2C-593B-40EA-B930-B730959D94DA}.Debug|x86.Build.0 = Debug|Win32
		{C04FBD2C-593B-40EA-B930-B730959D94DA}.Release|x64.ActiveCfg = Release|x64
		{C04FBD2C-593B-40EA-B930-B730959D94DA}.Release|x64.Build.0 = Release|x64
		{C04FBD2C-593B-40EA-B930-B730959D94DA}.Release|x86.ActiveCfg = Release|Win32
		{C04FBD2C-593B-40EA-B930-B730959D94DA}.Release|x86.Build.0 = Release|Win32
		{A74EEBC1-F58B-4D02-B5BC-20D1BC333D41}.Debug|x64.ActiveCfg = Debug|x64
		{A74EEBC1-F58B-4D02-B5BC-20D1BC333D41}.Debug|x64.Build.0 = Debug|x64
		{A74EEBC1-F58B-4D02-B5BC-20D1BC333D41}.Debug|x86.ActiveCfg = Debug|Win32
		{A74EEBC1-F58B-4D02-B5BC-20D1BC333D41}.Debug|x86.Build.0 = Debug|Win32
		{A74EEBC1-F58B-4D02-B5BC-20D1BC333D41}.Release|x64.ActiveCfg = Release|x64
		{A74EEBC1-F58B-4D02-B5BC-20D1BC333D41}.Release|x64.Build.0 = Release|x64
		{A74EEBC1-F58B-4D02-B5BC-20D1BC333D41}.Release|x86.ActiveCfg = Release|Win32
		{A74EEBC1-F58B-4D02-B5BC-20D1BC333D41}.Release|x86.Build.0 = Release|Win32
		{00304524-A6BF-4A8E-A152-AE56596C4D9E}.Debug|x64.ActiveCfg = Debug|x64
		{00304524-A6BF-4A8E-A152-AE56596C4D9E}.Debug|x64.Build.0 = Debug|x64
		{00304524-A6BF-4A8E-A152-AE56596C4D9E}.Debug|x86.ActiveCfg = Debug|Win32
		{00304524-A6BF-4A8E-A152-AE56596C4D9E}.Debug|x86.Build.0 = Debug|Win32
		{00304524-A6BF-4A8E-A152-AE56596C4D9E}.Release|x64.ActiveCfg = Release|x64
		{00304524-A6BF-4A8E-A152-AE56596C4D9E}.Release|x64.Build.0 = Release|x64
		{00304524-A6BF-4A8E-A152-AE56596C4D9E}.Release|x86.ActiveCfg = Release|Win32
		{00304524-A6BF-4A8E-A152-AE56596C4D9E}.Release|x86.Build.0 = Release|Win32
		{45D1AF44-1F9F-4B4E-97B9-42471DC9E868}.Debug|x64.ActiveCfg = Debug|x64
		{45D1AF44-1F9F-4B4E-97B9-42471DC9E868}.Debug|x64.Build.0 = Debug|x64
		{45D1AF44-1F9F-4B4E-97B9-42471DC9E868}.Debug|x86.ActiveCfg = Debug|Win32
		{45D1AF44-1F9F-4B4E-97B9-42471DC9E868}.Debug|x86.Build.0 = Debug|Win32
		{45D1AF44-1F9F-4B4E-97B9-42471DC9E868}.Release|x64.ActiveCfg = Release|x64
		{45D1AF44-1F9F-4B4E-97B9-42471DC9E868}.Release|x64.Build.0 = Release|x64
		{45D1AF44-1F9F-4B4E-97B9-42471DC9E868}.Release|x86.ActiveCfg = Release|Win32
		{45D1AF44-1F9F-4B4E-97B9-42471DC9E868}.Release|x86.Build.0 = Release|Win32
		{B859CCEC-E21A-4AB1-8230-546878568DA1}.Debug|x64.ActiveCfg = Debug|x64
		{B859CCEC-E21A-4AB1-8230-546878568DA1}.Debug|x64.Build.0 = Debug|x64
		{B859CCEC-E21A-4AB1-8230-546878568DA1}.Debug|x86.ActiveCfg = Debug|Win32
		{B859CCEC-E21A-4AB1-8230-546878568DA1}.Debug|x86.Build.0 = Debug|Win32
		{B859CCEC-E21A-4AB1-8230-546878568DA1}.Release|x64.ActiveCfg = Release|x64
		{B859CCEC-E21A-4AB1-8230-546878568DA1}.Release|x64.Build.0 = Release|x64
		{B859CCEC-E21A-4AB1-8230-546878568DA1}.Release|x86.ActiveCfg = Release|Win32
		{B859CCEC-E21A-4AB1-8230-546878568DA1}.Release|x86.Build.0 = Release|Win32
		{15999D3E-D3D2-4CBB-BDF9-F4849727FA66}.Debug|x64.ActiveCfg = Debug|x64
		{15999D3E-D3D2-4CBB-BDF9-F4849727FA66}.Debug|x64.Build.0 = Debug|x64
		{15999D3E-D3D2-4CBB-BDF9-F4849727FA66}.Debug|x86.ActiveCfg = Debug|Win32
		{15999D3E-D3D2-4CBB-BDF9-F4849727FA66}.Debug|x86.Build.0 = Debug|Win32
		{15999D3E-D3D2-4CBB-BDF9-F4849727FA66}.Release|x64.ActiveCfg = Release|x64
		{15999D3E-D3D2-4CBB-BDF9-F4849727FA66}.Release|x64.Build.0 = Release|x64
		{15999D3E-D3D2-4CBB-BDF9-F4849727FA66}.Release|x86.ActiveCfg = Release|Win32
		{15999D3E-D3D2-4CBB-BDF9-F4849727FA66}.Release|x86.Build.0 = Release|Win32
		{DF274980-5CD3-4450-BBBF-9B2412DBAE51}.Debug|x64.ActiveCfg = Debug|x64
		{DF274980-5CD3-4450-BBBF-9B2412DBAE51}.Debug|x64.Build.0 = Debug|x64
		{DF274980-5CD3-4450-BBBF-9B2412DBAE51}.Debug|x86.ActiveCfg = Debug|Win32
		{DF274980-5CD3-4450-BBBF-9B2412DBAE51}.Debug|x86.Build.0 = Debug|Win32
		{DF274980-5CD3-4450-BBBF-9B2412DBAE51}.Release|x64.ActiveCfg = Release|x64
		{DF274980-5CD3-4450-BBBF-9B2412DBAE51}.Release|x64.Build.0 = Release|x64
		{DF274980-5CD3-4450-BBBF-9B2412DBAE51}.Release|x86.ActiveCfg = Release|Win32
		{DF274980-5CD3-4450-BBBF-9B2412DBAE51}.Release|x86.Build.0 = Release|Win32
		{A64081A5-9FDA-4E18-A282-06376EB90AF8}.Debug|x64.ActiveCfg = Debug|x64
		{A64081A5-9FDA-4E18-A282-06376EB90AF8}.Debug|x64.Build.0 = Debug|x64
		{A64081A5-9FDA-4E18-A282-06376EB90AF8}.Debug|x86.ActiveCfg = Debug|Win32
		{A64081A5-9FDA-4E18-A282-06376EB90AF8}.Debug|x86.Build.0 = Debug|Win32
		{A64081A5-9FDA-4E18-A282-06376EB90AF8}.Release|x64.ActiveCfg = Release|x64
		{A64081A5-9FDA-4E18-A282-06376EB90AF8}.Release|x64.Build.0 = Release|x64
		{A64081A5-9FDA-4E18-A282-06376EB90AF8}.Release|x86.ActiveCfg = Release|Win32
		{A64081A5-9FDA-4E18-A282-06376EB90AF8}.Release|x86.Build.0 = Release|Win32
		{933F31FB-3120-4DB0-8E6B-B827F352CB4C}.Debug|x64.ActiveCfg = Debug|x64
		{933F31FB-3120-4DB0-8E6B-B827F352CB4C}.Debug|x64.Build.0 = Debug|x64
		{933F31FB-3120-4DB0-8E6B-B827F352CB4C}.Debug|x86.ActiveCfg = Debug|Win32
		{933F31FB-3120-4DB0-8E6B-B827F352CB4C}.Debug|x86.Build.0 = Debug|Win32
		{933F31FB-3120-4DB0-8E6B-B827F352CB4C}.Release|x64.ActiveCfg = Release|x64
		{933F31FB-3120-4DB0-8E6B-B827F352CB4C}.Release|x64.Build.0 = Release|x64
		{933F31FB-3120-4DB0-8E6B-B827F352CB4C}.Release|x86.ActiveCfg = Release|Win32
		{933F31FB-3120-4DB0-8E6B-B827F352CB4C}.Release|x86.Build.0 = Release|Win32
		{2F45BB3C-7FF6-4879-854C-EBE8BA8923C8}.Debug|x64.ActiveCfg = Debug|x64
		{2F45BB3C-7FF6-4879-854C-EBE8BA8923C8}.Debug|x64.Build.0 = Debug|x64
		{2F45BB3C-7FF6-4879-854C-EBE8BA8923C8}.Debug|x86.ActiveCfg = Debug|Win32
		{2F45BB3C-7FF6-4879-854C-EBE8BA8923C8}.Debug|x86.Build.0 = Debug|Win32
		{2F45BB3C-7FF6-4879-854C-EBE8BA8923C8}.Release|x64.ActiveCfg = Release|x64
		{2F45BB3C-7FF6-4879-854C-EBE8BA8923C8}.Release|x64.Build.0 = Release|x64
		{2F45BB3C-7FF6-4879-854C-EBE8BA8923C8}.Release|x86.ActiveCfg = Release|Win32
		{2F45BB3C-7FF6-4879-854C-EBE8BA8923C8}.Release|x86.Build.0 = Release|Win32
		{3154497B-EF99-4F47-A55D-8E4DAA3FFD55}.Debug|x64.ActiveCfg = Debug|x64
		{3154497B-EF99-4F47-A55D-8E4DAA3FFD55}.Debug|x64.Build.0 = Debug|x64
		{3154497B-EF99-4F47-A55D-8E4DAA3FFD55}.Debug|x86.ActiveCfg = Debug|Win32
		{3154497B-EF99-4F47-A55D-8E4DAA3FFD55}.Debug|x86.Build.0 = Debug|Win32
		{3154497B-EF99-4F47-A55D-8E4DAA3FFD55}.Release|x64.ActiveCfg = Release|x64
		{3154497B-EF99-4F47-A55D-8E4DAA3FFD55}.Release|x64.Build.0 = Release|x64
		{3154497B-EF99-4F47-A55D-8E4DAA3FFD55}.Release|x86.ActiveCfg = Release|Win32
		{3154497B-EF99-4F47-A55D-8E4DAA3FFD55}.Release|x86.Build.0 = Release|Win32
		{A509B070-180F-4CD4-AED3-E2957A73C098}.Debug|x64.ActiveCfg = Debug|x64
		{A509B070-180F-4CD4-AED3-E2957A73C098}.Debug|x64.Build.0 = Debug|x64
		{A509B070-180F-4CD4-AED3-E2957A73C098}.Debug|x86.ActiveCfg = Debug|Win32
		{A509B070-180F-4CD4-AED3-E2957A73C098}.Debug|x86.Build.0 = Debug|Win32
		{A509B070-180F-4CD4-AED3-E2957A73C098}.Release|x64.ActiveCfg = Release|x64
		{A509B070-180F-4CD4-AED3-E2957A73C098}.Release|x64.Build.0 = Release|x64
		{A509B070-180F-4CD4-AED3-E2957A73C098}.Release|x86.ActiveCfg = Release|Win32
		{A509B070-180F-4CD4-AED3-E2957A73C098}.Release|x86.Build.0 = Release|Win32
		{E53D05CB-2E88-4972-8548-4ACB1512DD1D}.Debug|x64.ActiveCfg = Debug|x64
		{E53D05CB-2E88-4972-8548-4ACB1512DD1D}.Debug|x64.Build.0 = Debug|x64
		{E53D05CB-2E88-4972-8548-4ACB1512DD1D}.Debug|x86.ActiveCfg = Debug|Win32
		{E53D05CB-2E88-4972-8548-4ACB1512DD1D}.Debug|x86.Build.0 = Debug|Win32
		{E53D05CB-2E88-4972-8548-4ACB1512DD1D}.Release|x64.ActiveCfg = Release|x64
		{E53D05CB-2E88-4972-8548-4ACB1512DD1D}.Release|x64.Build.0 = Release|x64
		{E53D05CB-2E88-4972-8548-4ACB1512DD1D}.Release|x86.ActiveCfg = Release|Win32
		{E53D05CB-2E88-4972-8548-4ACB1512DD1D}.Release|x86.Build.0 = Release|Win32
		{4FE7C82C-3BEA-424C-B502-21690D09883D}.Debug|x64.ActiveCfg = Debug|x64
		{4FE7C82C-3BEA-424C-B502-21690D09883D}.Debug|x64.Build.0 = Debug|x64
		{4FE7C82C-3BEA-424C-B502-21690D09883D}.Debug|x86.ActiveCfg = Debug|Win32
		{4FE7C82C-3BEA-424C-B502-21690D09883D}.Debug|x86.Build.0 = Debug|Win32
		{4FE7C82C-3BEA-424C-B502-21690D09883D}.Release|x64.ActiveCfg = Release|x64
		{4FE7C82C-3BEA-424C-B502-21690D09883D}.Release|x64.Build.0 = Release|x64
		{4FE7C82C-3BEA-424C-B502-21690D09883D}.Release|x86.ActiveCfg = Release|Win32
		{4FE7C82C-3BEA-424C-B502-21690D09883D}.Release|x86.Build.0 = Release|Win32
		{DEE4127C-DFFD-4E86-A32A-6B2B4434A8AB}.Debug|x64.ActiveCfg = Debug|x64
		{DEE4127C-DFFD-4E86-A32A-6B2B4434A8AB}.Debug|x64.Build.0 = Debug|x64
		{DEE4127C-DFFD-4E86-A32A-6B2B4434A8AB}.Debug|x86.ActiveCfg = Debug|Win32
		{DEE4127C-DFFD-4E86-A32A-6B2B4434A8AB}.Debug|x86.Build.0 = Debug|Win32
		{DEE4127C-DFFD-4E86-A32A-6B2B4434A8AB}.Release|x64.ActiveCfg = Release|x64
		{DEE4127C-DFFD-4E86-A32A-6B2B4434A8AB}.Release|x64.Build.0 = Release|x64
		{DEE4127C-DFFD-4E86-A32A-6B2B4434A8AB}.Release|x86.ActiveCfg = Release|Win32
		{DEE4127C-DFFD-4E86-A32A-6B2B4434A8AB}.Release|x86.Build.0 = Release|Win32
		{3AE783DD-66EF-448E-8D5F-87E036697F1F}.Debug|x64.ActiveCfg = Debug|x64
		{3AE783DD-66EF-448E-8D5F-87E036697F1F}.Debug|x64.Build.0 = Debug|x64
		{3AE783DD-66EF-448E-8D5F-87E036697F1F}.Debug|x86.ActiveCfg = Debug|Win32
		{3AE783DD-66EF-448E-8D5F-87E036697F1F}.Debug|x86.Build.0 = Debug|Win32
		{3AE783DD-66EF-448E-8D5F-87E036697F1F}.Release|x64.ActiveCfg = Release|x64
		{3AE783DD-66EF-448E-8D5F-87E036697F1F}.Release|x64.Build.0 = Release|x64
		{3AE783DD-66EF-448E-8D5F-87E036697F1F}.Release|x86.ActiveCfg = Release|Win32
		{3AE783DD-66EF-448E-8D5F-87E036697F1F}.Release|x86.Build.0 = Release|Win32
		{60A003D9-4990-4F1A-982B-AD1F87B4A0D9}.Debug|x64.ActiveCfg = Debug|x64
		{60A003D9-4990-4F1A-982B-AD1F87B4A0D9}.Debug|x64.Build.0 = Debug|x64
		{60A003D9-4990-4F1A-982B-AD1F87B4A0D9}.Debug|x86.ActiveCfg = Debug|Win32
		{60A003D9-4990-4F1A-982B-AD1F87B4A0D9}.Debug|x86.Build.0 = Debug|Win32
		{60A003D9-4990-4F1A-982B-AD1F87B4A0D9}.Release|x64.ActiveCfg = Release|x64
		{60A003D9-4990-4F1A-982B-AD1F87B4A0D9}.Release|x64.Build.0 = Release|x64
		{60A003D9-4990-4F1A-982B-AD1F87B4A0D9}.Release|x86.ActiveCfg = Release|Win32
		{60A003D9-4990-4F1A-982B-AD1F87B4A0D9}.Release|x86.Build.0 = Release|Win32
		{2FA7CAE8-0AD0-4490-AE43-1505BC84E306}.Debug|x64.ActiveCfg = Debug|x64
		{2FA7CAE8-0AD0-4490-AE43-1505BC84E306}.Debug|x64.Build.0 = Debug|x64
		{2FA7CAE8-0AD0-4490-AE43-1505BC84E306}.Debug|x86.ActiveCfg = Debug|Win32
		{2FA7CAE8-0AD0-4490-AE43-1505BC84E306}.Debug|x86.Build.0 = Debug|Win32
		{2FA7CAE8-0AD0-4490-AE43-1505BC84E306}.Release|x64.ActiveCfg = Release|x64
		{2FA7CAE8-0AD0-4490-AE43-1505BC84E306}.Release|x64.Build.0 = Release|x64
		{2FA7CAE8-0AD0-4490-AE43-1505BC84E306}.Release|x86.ActiveCfg = Release|Win32
		{2FA7CAE8-0AD0-4490-AE43-1505BC84E306}.Release|x86.Build.0 = Release|Win32
		{9352B561-D7FE-4EA7-AE9F-4482E21C1B9C}.Debug|x64.ActiveCfg = Debug|x64
		{9352B561-D7FE-4EA7-AE9F-4482E21C1B9C}.Debug|x64.Build.0 = Debug|x64
		{9352B561-D7FE-4EA7-AE9F-4482E21C1B9C}.Debug|x86.ActiveCfg = Debug|Win32
		{9352B561-D7FE-4EA7-AE9F-4482E21C1B9C}.Debug|x86.Build.0 = Debug|Win32
		{9352B561-D7FE-4EA7-AE9F-4482E21C1B9C}.Release|x64.ActiveCfg = Release|x64
		{9352B561-D7FE-4EA7-AE9F-4482E21C1B9C}.Release|x64.Build.0 = Release|x64
		{9352B561-D7FE-4EA7-AE9F-4482E21C1B9C}.Release|x86.ActiveCfg = Release|Win32
		{9352B561-D7FE-4EA7-AE9F-4482E21C1B9C}.Release|x86.Build.0 = Release|Win32
		{2CA8F1D6-A49E-4E6E-8DF2-D75515C85DE7}.Debug|x64.ActiveCfg = Debug|x64
		{2CA8F1D6-A49E-4E6E-8DF2-D75515C85DE7}.Debug|x64.Build.0 = Debug|x64
		{2CA8F1D6-A49E-4E6E-8DF2-D75515C85DE7}.Debug|x86.ActiveCfg = Debug|Win32
		{2CA8F1D6-A49E-4E6E-8DF2-D75515C85DE7}.Debug|x86.Build.0 = Debug|Win32
		{2CA8F1D6-A49E-4E6E-8DF2-D75515C85DE7}.Release|x64.ActiveCfg = Release|x64
		{2CA8F1D6-A49E-4E6E-8DF2-D75515C85DE7}.Release|x64.Build.0 = Release|x64
		{2CA8F1D6-A49E-4E6E-8DF2-D75515C85DE7}.Release|x86.ActiveCfg = Release|Win32
		{2CA8F1D6-A49E-4E6E-8DF2-D75515C85DE7}.Release|x86.Build.0 = Release|Win32
		{846A5B9F-0857-418D-9369-BF5964636E8C}.Debug|x64.ActiveCfg = Debug|x64
		{846A5B9F-0857-418D-9369-BF5964636E8C}.Debug|x64.Build.0 = Debug|x64
		{846A5B9F-0857-418D-9369-BF5964636E8C}.Debug|x86.ActiveCfg = Debug|Win32
		{846A5B9F-0857-418D-9369-BF5964636E8C}.Debug|x86.Build.0 = Debug|Win32
		{846A5B9F-0857-418D-9369-BF5964636E8C}.Release|x64.ActiveCfg = Release|x64
		{846A5B9F-0857-418D-9369-BF5964636E8C}.Release|x64.Build.0 = Release|x64
		{846A5B9F-0857-418D-9369-BF5964636E8C}.Release|x86.ActiveCfg = Release|Win32
		{846A5B9F-0857-418D-9369-BF5964636E8C}.Release|x86.Build.0 = Release|Win32
		{AB93030B-4F60-45E7-B17E-D57C65F53C77}.Debug|x64.ActiveCfg = Debug|x64
		{AB93030B-4F60-45E7-B17E-D57C65F53C77}.Debug|x64.Build.0 = Debug|x64
		{AB93030B-4F60-45E7-B17E-D57C65F53C77}.Debug|x86.ActiveCfg = Debug|Win32
		{AB93030B-4F60-45E7-B17E-D57C65F53C77}.Debug|x86.Build.0 = Debug|Win32
		{AB93030B-4F60-45E7-B17E-D57C65F53C77}.Release|x64.ActiveCfg = Release|x64
		{AB93030B-4F60-45E7-B17E-D57C65F53C77}.Release|x64.Build.0 = Release|x64
		{AB93030B-4F60-45E7-B17E-D57C65F53C77}.Release|x86.ActiveCfg = Release|Win32
		{AB93030B-4F60-45E7-B17E-D57C65F53C77}.Release|x86.Build.0 = Release|Win32
		{BD3223AA-691C-452E-9C99-471A08D8792B}.Debug|x64.ActiveCfg = Debug|x64
		{BD3223AA-691C-452E-9C99-471A08D8792B}.Debug|x64.Build.0 = Debug|x64
		{BD3223AA-691C-452E-9C99-471A08D8792B}.Debug|x86.ActiveCfg = Debug|Win32
		{BD3223AA-691C-452E-9C99-471A08D8792B}.Debug|x86.Build.0 = Debug|Win32
		{BD3223AA-691C-452E-9C99-471A08D8792B}.Release|x64.ActiveCfg = Release|x64
		{BD3223AA-691C-452E-9C99-471A08D8792B}.Release|x64.Build.0 = Release|x64
		{BD3223AA-691C-452E-9C99-471A08D8792B}.Release|x86.ActiveCfg = Release|Win32
		{BD3223AA-691C-452E-9C99-471A08D8792B}.Release|x86.Build.0 = Release|Win32
		{A27DD20E-6B79-4A63-84A2-801F1208DB35}.Debug|x64.ActiveCfg = Debug|x64
		{A27DD20E-6B79-4A63-84A2-801F1208DB35}.Debug|x64.Build.0 = Debug|x64
		{A27DD20E-6B79-4A63-84A2-801F1208DB35}.Debug|x86.ActiveCfg = Debug|Win32
		{A27DD20E-6B79-4A63-84A2-801F1208DB35}.Debug|x86.Build.0 = Debug|Win32
		{A27DD20E-6B79-4A63-84A2-801F1208DB35}.Release|x64.ActiveCfg = Release|x64
		{A27DD20E-6B79-4A63-84A2-801F1208DB35}.Release|x64.Build.0 = Release|x64
		{A27DD20E-6B79-4A63-84A2-801F1208DB35}.Release|x86.ActiveCfg = Release|Win32
		{A27DD20E-6B79-4A63-84A2-801F1208DB35}.Release|x86.Build.0 = Release|Win32
		{3BE0D731-8498-47B1-A716-67572E819A06}.Debug|x64.ActiveCfg = Debug|x64
		{3BE0D731-8498-47B1-A716-67572E819A06}.Debug|x64.Build.0 = Debug|x64
		{3BE0D731-8498-47B1-A716-67572E819A06}.Debug|x86.ActiveCfg = Debug|Win32
		{3BE0D731-8498-47B1-A716-67572E819A06}.Debug|x86.Build.0 = Debug|Win32
		{3BE0D731-8498-47B1-A716-67572E819A06}.Release|x64.ActiveCfg = Release|x64
		{3BE0D731-8498-47B1-A716-67572E819A06}.Release|x64.Build.0 = Release|x64
		{3BE0D731-8498-47B1-A716-67572E819A06}.Release|x86.ActiveCfg = Release|Win32
		{3BE0D731-8498-47B1-A716-67572E819A06}.Release|x86.Build.0 = Release|Win32
		{8D68A08A-14DB-4E23-B292-D7429A4D178C}.Debug|x64.ActiveCfg = Debug|x64
		{8D68A08A-14DB-4E23-B292-D7429A4D178C}.Debug|x64.Build.0 = Debug|x64
		{8D68A08A-14DB-4E23-B292-D7429A4D178C}.Debug|x86.ActiveCfg = Debug|Win32
		{8D68A08A-14DB-4E23-B292-D7429A4D178C}.Debug|x86.Build.0 = Debug|Win32
		{8D68A08A-14DB-4E23-B292-D7429A4D178C}.Release|x64.ActiveCfg = Release|x64
		{8D68A08A-14DB-4E23-B292-D7429A4D178C}.Release|x64.Build.0 = Release|x64
		{8D68A08A-14DB-4E23-B292-D7429A4D178C}.Release|x86.ActiveCfg = Release|Win32
		{8D68A08A-14DB-4E23-B292-D7429A4D178C}.Release|x86.Build.0 = Release|Win32
	EndGlobalSection
	GlobalSection(SolutionProperties) = preSolution
		HideSolutionNode = FALSE
	EndGlobalSection
	GlobalSection(ExtensibilityGlobals) = postSolution
		SolutionGuid = {559B6C84-008B-491C-ABBB-27D3A28432DC}
	EndGlobalSection
EndGlobal
