
Microsoft Visual Studio Solution File, Format Version 12.00
# Visual Studio 15
VisualStudioVersion = 15.0.27130.2010
MinimumVisualStudioVersion = 10.0.40219.1
Project("{8BC9CEB8-8B4A-11D0-8D11-00A0C91BC942}") = "1로 만들기", "[DP]1로 만들기\[DP]1로 만들기.vcxproj", "{594FBF20-F9DD-4CB1-A971-61263A48D5C0}"
EndProject
Project("{8BC9CEB8-8B4A-11D0-8D11-00A0C91BC942}") = "욕심쟁이 판다", "[DP]욕심쟁이 판다\[DP]욕심쟁이 판다.vcxproj", "{C27FF94F-D59C-4D39-A9F1-2DE46D660662}"
EndProject
Project("{8BC9CEB8-8B4A-11D0-8D11-00A0C91BC942}") = "피보나치 함수", "[DP]피보나치 함수\[DP]피보나치 함수.vcxproj", "{A85EE9BF-4670-4264-9E00-874216039452}"
EndProject
Project("{8BC9CEB8-8B4A-11D0-8D11-00A0C91BC942}") = "Z", "[분할정복]Z\[분할정복]Z.vcxproj", "{FD08DDDB-2696-46F3-B502-67C8FC87E1EC}"
EndProject
Project("{8BC9CEB8-8B4A-11D0-8D11-00A0C91BC942}") = "종이의개수", "[분할정복]종이의개수\[분할정복]종이의개수.vcxproj", "{CA55FD85-84A8-4113-80DB-2D7CA166AB1B}"
EndProject
Project("{8BC9CEB8-8B4A-11D0-8D11-00A0C91BC942}") = "로또", "[완전탐색]로또\[완전탐색]로또.vcxproj", "{163FEA8F-43ED-48C3-A4BF-097E5799F90B}"
EndProject
Project("{8BC9CEB8-8B4A-11D0-8D11-00A0C91BC942}") = "일곱난쟁이", "[완전탐섹]일곱난쟁이\[완전탐섹]일곱난쟁이.vcxproj", "{C183459E-6C3E-41C8-86E9-FF52EFFA07D4}"
EndProject
Project("{8BC9CEB8-8B4A-11D0-8D11-00A0C91BC942}") = "A-B", "A-B\A-B.vcxproj", "{7A2649A6-6723-4266-8D4F-11F3B8C17F86}"
EndProject
Project("{8BC9CEB8-8B4A-11D0-8D11-00A0C91BC942}") = "막대기", "막대기\막대기.vcxproj", "{E2606293-23D7-4A8F-A8C3-EBE4E02BD691}"
EndProject
Project("{8BC9CEB8-8B4A-11D0-8D11-00A0C91BC942}") = "!___C++Test____", "!C++Test\!C++Test.vcxproj", "{56F73131-39AB-4E5B-9A20-4B3D32081318}"
EndProject
Project("{8BC9CEB8-8B4A-11D0-8D11-00A0C91BC942}") = "숫자의 개수", "숫자의 개수\숫자의 개수.vcxproj", "{E1A6EAA3-EFEB-4AB8-A813-7DD0072C11A6}"
EndProject
Project("{8BC9CEB8-8B4A-11D0-8D11-00A0C91BC942}") = "부녀회장이 될테야", "부녀회장이 될테야\부녀회장이 될테야.vcxproj", "{327CD8BE-48DD-4F6A-9D80-EB9AC7C46F05}"
EndProject
Project("{8BC9CEB8-8B4A-11D0-8D11-00A0C91BC942}") = "붕어빵 판매하기", "붕어빵 판매하기\붕어빵 판매하기.vcxproj", "{D35897AD-807E-426C-B44C-1AD78FF80E56}"
EndProject
Project("{8BC9CEB8-8B4A-11D0-8D11-00A0C91BC942}") = "OX퀴즈", "OX퀴즈\OX퀴즈.vcxproj", "{1A352A97-4805-4BAC-8292-622B1AD9F4C1}"
EndProject
Project("{8BC9CEB8-8B4A-11D0-8D11-00A0C91BC942}") = "셀프 넘버", "셀프 넘버\셀프 넘버.vcxproj", "{D8750082-B2B2-42F9-9E9A-0A0DCD9AEB11}"
EndProject
Project("{8BC9CEB8-8B4A-11D0-8D11-00A0C91BC942}") = "분수찾기", "분수찾기\분수찾기.vcxproj", "{DBD0FBE1-099B-43F9-85A9-50B4AFF88E9E}"
EndProject
Project("{8BC9CEB8-8B4A-11D0-8D11-00A0C91BC942}") = "이항 계수 1", "이항 계수 1\이항 계수 1.vcxproj", "{C2D72C78-BB50-4A36-833A-A61F57D3FDE6}"
EndProject
Project("{8BC9CEB8-8B4A-11D0-8D11-00A0C91BC942}") = "열 개씩 끊어 출력하기", "열 개씩 끊어 출력하기\열 개씩 끊어 출력하기.vcxproj", "{D5DDAFCC-3256-474A-9884-DF2FE54BB59C}"
EndProject
Project("{8BC9CEB8-8B4A-11D0-8D11-00A0C91BC942}") = "그룹 단어 체커", "그룹 단어 체커\그룹 단어 체커.vcxproj", "{AAA8C929-3FFB-4628-9ED4-57AFC5C0BDE8}"
EndProject
Project("{8BC9CEB8-8B4A-11D0-8D11-00A0C91BC942}") = "더하기 사이클", "더하기 사이클\더하기 사이클.vcxproj", "{1ECC65AD-F062-4AC5-9A1B-1709F75A7848}"
EndProject
Project("{8BC9CEB8-8B4A-11D0-8D11-00A0C91BC942}") = "벌집", "벌집\벌집.vcxproj", "{9AABAFE3-E7E8-4B2C-A5E2-924BB897602C}"
EndProject
Project("{8BC9CEB8-8B4A-11D0-8D11-00A0C91BC942}") = "평균", "평균\평균.vcxproj", "{C66BD765-37BD-49DA-A8A8-837A37BA01C8}"
EndProject
Project("{8BC9CEB8-8B4A-11D0-8D11-00A0C91BC942}") = "가장 큰 증가 부분 수열", "가장 큰 증가 부분 수열\가장 큰 증가 부분 수열.vcxproj", "{1A621C3E-7CCC-4D9D-B6D0-083543C06C1B}"
EndProject
Global
	GlobalSection(SolutionConfigurationPlatforms) = preSolution
		Debug|x64 = Debug|x64
		Debug|x86 = Debug|x86
		Release|x64 = Release|x64
		Release|x86 = Release|x86
	EndGlobalSection
	GlobalSection(ProjectConfigurationPlatforms) = postSolution
		{594FBF20-F9DD-4CB1-A971-61263A48D5C0}.Debug|x64.ActiveCfg = Debug|x64
		{594FBF20-F9DD-4CB1-A971-61263A48D5C0}.Debug|x64.Build.0 = Debug|x64
		{594FBF20-F9DD-4CB1-A971-61263A48D5C0}.Debug|x86.ActiveCfg = Debug|Win32
		{594FBF20-F9DD-4CB1-A971-61263A48D5C0}.Debug|x86.Build.0 = Debug|Win32
		{594FBF20-F9DD-4CB1-A971-61263A48D5C0}.Release|x64.ActiveCfg = Release|x64
		{594FBF20-F9DD-4CB1-A971-61263A48D5C0}.Release|x64.Build.0 = Release|x64
		{594FBF20-F9DD-4CB1-A971-61263A48D5C0}.Release|x86.ActiveCfg = Release|Win32
		{594FBF20-F9DD-4CB1-A971-61263A48D5C0}.Release|x86.Build.0 = Release|Win32
		{C27FF94F-D59C-4D39-A9F1-2DE46D660662}.Debug|x64.ActiveCfg = Debug|x64
		{C27FF94F-D59C-4D39-A9F1-2DE46D660662}.Debug|x64.Build.0 = Debug|x64
		{C27FF94F-D59C-4D39-A9F1-2DE46D660662}.Debug|x86.ActiveCfg = Debug|Win32
		{C27FF94F-D59C-4D39-A9F1-2DE46D660662}.Debug|x86.Build.0 = Debug|Win32
		{C27FF94F-D59C-4D39-A9F1-2DE46D660662}.Release|x64.ActiveCfg = Release|x64
		{C27FF94F-D59C-4D39-A9F1-2DE46D660662}.Release|x64.Build.0 = Release|x64
		{C27FF94F-D59C-4D39-A9F1-2DE46D660662}.Release|x86.ActiveCfg = Release|Win32
		{C27FF94F-D59C-4D39-A9F1-2DE46D660662}.Release|x86.Build.0 = Release|Win32
		{A85EE9BF-4670-4264-9E00-874216039452}.Debug|x64.ActiveCfg = Debug|x64
		{A85EE9BF-4670-4264-9E00-874216039452}.Debug|x64.Build.0 = Debug|x64
		{A85EE9BF-4670-4264-9E00-874216039452}.Debug|x86.ActiveCfg = Debug|Win32
		{A85EE9BF-4670-4264-9E00-874216039452}.Debug|x86.Build.0 = Debug|Win32
		{A85EE9BF-4670-4264-9E00-874216039452}.Release|x64.ActiveCfg = Release|x64
		{A85EE9BF-4670-4264-9E00-874216039452}.Release|x64.Build.0 = Release|x64
		{A85EE9BF-4670-4264-9E00-874216039452}.Release|x86.ActiveCfg = Release|Win32
		{A85EE9BF-4670-4264-9E00-874216039452}.Release|x86.Build.0 = Release|Win32
		{FD08DDDB-2696-46F3-B502-67C8FC87E1EC}.Debug|x64.ActiveCfg = Debug|x64
		{FD08DDDB-2696-46F3-B502-67C8FC87E1EC}.Debug|x64.Build.0 = Debug|x64
		{FD08DDDB-2696-46F3-B502-67C8FC87E1EC}.Debug|x86.ActiveCfg = Debug|Win32
		{FD08DDDB-2696-46F3-B502-67C8FC87E1EC}.Debug|x86.Build.0 = Debug|Win32
		{FD08DDDB-2696-46F3-B502-67C8FC87E1EC}.Release|x64.ActiveCfg = Release|x64
		{FD08DDDB-2696-46F3-B502-67C8FC87E1EC}.Release|x64.Build.0 = Release|x64
		{FD08DDDB-2696-46F3-B502-67C8FC87E1EC}.Release|x86.ActiveCfg = Release|Win32
		{FD08DDDB-2696-46F3-B502-67C8FC87E1EC}.Release|x86.Build.0 = Release|Win32
		{CA55FD85-84A8-4113-80DB-2D7CA166AB1B}.Debug|x64.ActiveCfg = Debug|x64
		{CA55FD85-84A8-4113-80DB-2D7CA166AB1B}.Debug|x64.Build.0 = Debug|x64
		{CA55FD85-84A8-4113-80DB-2D7CA166AB1B}.Debug|x86.ActiveCfg = Debug|Win32
		{CA55FD85-84A8-4113-80DB-2D7CA166AB1B}.Debug|x86.Build.0 = Debug|Win32
		{CA55FD85-84A8-4113-80DB-2D7CA166AB1B}.Release|x64.ActiveCfg = Release|x64
		{CA55FD85-84A8-4113-80DB-2D7CA166AB1B}.Release|x64.Build.0 = Release|x64
		{CA55FD85-84A8-4113-80DB-2D7CA166AB1B}.Release|x86.ActiveCfg = Release|Win32
		{CA55FD85-84A8-4113-80DB-2D7CA166AB1B}.Release|x86.Build.0 = Release|Win32
		{163FEA8F-43ED-48C3-A4BF-097E5799F90B}.Debug|x64.ActiveCfg = Debug|x64
		{163FEA8F-43ED-48C3-A4BF-097E5799F90B}.Debug|x64.Build.0 = Debug|x64
		{163FEA8F-43ED-48C3-A4BF-097E5799F90B}.Debug|x86.ActiveCfg = Debug|Win32
		{163FEA8F-43ED-48C3-A4BF-097E5799F90B}.Debug|x86.Build.0 = Debug|Win32
		{163FEA8F-43ED-48C3-A4BF-097E5799F90B}.Release|x64.ActiveCfg = Release|x64
		{163FEA8F-43ED-48C3-A4BF-097E5799F90B}.Release|x64.Build.0 = Release|x64
		{163FEA8F-43ED-48C3-A4BF-097E5799F90B}.Release|x86.ActiveCfg = Release|Win32
		{163FEA8F-43ED-48C3-A4BF-097E5799F90B}.Release|x86.Build.0 = Release|Win32
		{C183459E-6C3E-41C8-86E9-FF52EFFA07D4}.Debug|x64.ActiveCfg = Debug|x64
		{C183459E-6C3E-41C8-86E9-FF52EFFA07D4}.Debug|x64.Build.0 = Debug|x64
		{C183459E-6C3E-41C8-86E9-FF52EFFA07D4}.Debug|x86.ActiveCfg = Debug|Win32
		{C183459E-6C3E-41C8-86E9-FF52EFFA07D4}.Debug|x86.Build.0 = Debug|Win32
		{C183459E-6C3E-41C8-86E9-FF52EFFA07D4}.Release|x64.ActiveCfg = Release|x64
		{C183459E-6C3E-41C8-86E9-FF52EFFA07D4}.Release|x64.Build.0 = Release|x64
		{C183459E-6C3E-41C8-86E9-FF52EFFA07D4}.Release|x86.ActiveCfg = Release|Win32
		{C183459E-6C3E-41C8-86E9-FF52EFFA07D4}.Release|x86.Build.0 = Release|Win32
		{7A2649A6-6723-4266-8D4F-11F3B8C17F86}.Debug|x64.ActiveCfg = Debug|x64
		{7A2649A6-6723-4266-8D4F-11F3B8C17F86}.Debug|x64.Build.0 = Debug|x64
		{7A2649A6-6723-4266-8D4F-11F3B8C17F86}.Debug|x86.ActiveCfg = Debug|Win32
		{7A2649A6-6723-4266-8D4F-11F3B8C17F86}.Debug|x86.Build.0 = Debug|Win32
		{7A2649A6-6723-4266-8D4F-11F3B8C17F86}.Release|x64.ActiveCfg = Release|x64
		{7A2649A6-6723-4266-8D4F-11F3B8C17F86}.Release|x64.Build.0 = Release|x64
		{7A2649A6-6723-4266-8D4F-11F3B8C17F86}.Release|x86.ActiveCfg = Release|Win32
		{7A2649A6-6723-4266-8D4F-11F3B8C17F86}.Release|x86.Build.0 = Release|Win32
		{E2606293-23D7-4A8F-A8C3-EBE4E02BD691}.Debug|x64.ActiveCfg = Debug|x64
		{E2606293-23D7-4A8F-A8C3-EBE4E02BD691}.Debug|x64.Build.0 = Debug|x64
		{E2606293-23D7-4A8F-A8C3-EBE4E02BD691}.Debug|x86.ActiveCfg = Debug|Win32
		{E2606293-23D7-4A8F-A8C3-EBE4E02BD691}.Debug|x86.Build.0 = Debug|Win32
		{E2606293-23D7-4A8F-A8C3-EBE4E02BD691}.Release|x64.ActiveCfg = Release|x64
		{E2606293-23D7-4A8F-A8C3-EBE4E02BD691}.Release|x64.Build.0 = Release|x64
		{E2606293-23D7-4A8F-A8C3-EBE4E02BD691}.Release|x86.ActiveCfg = Release|Win32
		{E2606293-23D7-4A8F-A8C3-EBE4E02BD691}.Release|x86.Build.0 = Release|Win32
		{56F73131-39AB-4E5B-9A20-4B3D32081318}.Debug|x64.ActiveCfg = Debug|x64
		{56F73131-39AB-4E5B-9A20-4B3D32081318}.Debug|x64.Build.0 = Debug|x64
		{56F73131-39AB-4E5B-9A20-4B3D32081318}.Debug|x86.ActiveCfg = Debug|Win32
		{56F73131-39AB-4E5B-9A20-4B3D32081318}.Debug|x86.Build.0 = Debug|Win32
		{56F73131-39AB-4E5B-9A20-4B3D32081318}.Release|x64.ActiveCfg = Release|x64
		{56F73131-39AB-4E5B-9A20-4B3D32081318}.Release|x64.Build.0 = Release|x64
		{56F73131-39AB-4E5B-9A20-4B3D32081318}.Release|x86.ActiveCfg = Release|Win32
		{56F73131-39AB-4E5B-9A20-4B3D32081318}.Release|x86.Build.0 = Release|Win32
		{E1A6EAA3-EFEB-4AB8-A813-7DD0072C11A6}.Debug|x64.ActiveCfg = Debug|x64
		{E1A6EAA3-EFEB-4AB8-A813-7DD0072C11A6}.Debug|x64.Build.0 = Debug|x64
		{E1A6EAA3-EFEB-4AB8-A813-7DD0072C11A6}.Debug|x86.ActiveCfg = Debug|Win32
		{E1A6EAA3-EFEB-4AB8-A813-7DD0072C11A6}.Debug|x86.Build.0 = Debug|Win32
		{E1A6EAA3-EFEB-4AB8-A813-7DD0072C11A6}.Release|x64.ActiveCfg = Release|x64
		{E1A6EAA3-EFEB-4AB8-A813-7DD0072C11A6}.Release|x64.Build.0 = Release|x64
		{E1A6EAA3-EFEB-4AB8-A813-7DD0072C11A6}.Release|x86.ActiveCfg = Release|Win32
		{E1A6EAA3-EFEB-4AB8-A813-7DD0072C11A6}.Release|x86.Build.0 = Release|Win32
		{327CD8BE-48DD-4F6A-9D80-EB9AC7C46F05}.Debug|x64.ActiveCfg = Debug|x64
		{327CD8BE-48DD-4F6A-9D80-EB9AC7C46F05}.Debug|x64.Build.0 = Debug|x64
		{327CD8BE-48DD-4F6A-9D80-EB9AC7C46F05}.Debug|x86.ActiveCfg = Debug|Win32
		{327CD8BE-48DD-4F6A-9D80-EB9AC7C46F05}.Debug|x86.Build.0 = Debug|Win32
		{327CD8BE-48DD-4F6A-9D80-EB9AC7C46F05}.Release|x64.ActiveCfg = Release|x64
		{327CD8BE-48DD-4F6A-9D80-EB9AC7C46F05}.Release|x64.Build.0 = Release|x64
		{327CD8BE-48DD-4F6A-9D80-EB9AC7C46F05}.Release|x86.ActiveCfg = Release|Win32
		{327CD8BE-48DD-4F6A-9D80-EB9AC7C46F05}.Release|x86.Build.0 = Release|Win32
		{D35897AD-807E-426C-B44C-1AD78FF80E56}.Debug|x64.ActiveCfg = Debug|x64
		{D35897AD-807E-426C-B44C-1AD78FF80E56}.Debug|x64.Build.0 = Debug|x64
		{D35897AD-807E-426C-B44C-1AD78FF80E56}.Debug|x86.ActiveCfg = Debug|Win32
		{D35897AD-807E-426C-B44C-1AD78FF80E56}.Debug|x86.Build.0 = Debug|Win32
		{D35897AD-807E-426C-B44C-1AD78FF80E56}.Release|x64.ActiveCfg = Release|x64
		{D35897AD-807E-426C-B44C-1AD78FF80E56}.Release|x64.Build.0 = Release|x64
		{D35897AD-807E-426C-B44C-1AD78FF80E56}.Release|x86.ActiveCfg = Release|Win32
		{D35897AD-807E-426C-B44C-1AD78FF80E56}.Release|x86.Build.0 = Release|Win32
		{1A352A97-4805-4BAC-8292-622B1AD9F4C1}.Debug|x64.ActiveCfg = Debug|x64
		{1A352A97-4805-4BAC-8292-622B1AD9F4C1}.Debug|x64.Build.0 = Debug|x64
		{1A352A97-4805-4BAC-8292-622B1AD9F4C1}.Debug|x86.ActiveCfg = Debug|Win32
		{1A352A97-4805-4BAC-8292-622B1AD9F4C1}.Debug|x86.Build.0 = Debug|Win32
		{1A352A97-4805-4BAC-8292-622B1AD9F4C1}.Release|x64.ActiveCfg = Release|x64
		{1A352A97-4805-4BAC-8292-622B1AD9F4C1}.Release|x64.Build.0 = Release|x64
		{1A352A97-4805-4BAC-8292-622B1AD9F4C1}.Release|x86.ActiveCfg = Release|Win32
		{1A352A97-4805-4BAC-8292-622B1AD9F4C1}.Release|x86.Build.0 = Release|Win32
		{D8750082-B2B2-42F9-9E9A-0A0DCD9AEB11}.Debug|x64.ActiveCfg = Debug|x64
		{D8750082-B2B2-42F9-9E9A-0A0DCD9AEB11}.Debug|x64.Build.0 = Debug|x64
		{D8750082-B2B2-42F9-9E9A-0A0DCD9AEB11}.Debug|x86.ActiveCfg = Debug|Win32
		{D8750082-B2B2-42F9-9E9A-0A0DCD9AEB11}.Debug|x86.Build.0 = Debug|Win32
		{D8750082-B2B2-42F9-9E9A-0A0DCD9AEB11}.Release|x64.ActiveCfg = Release|x64
		{D8750082-B2B2-42F9-9E9A-0A0DCD9AEB11}.Release|x64.Build.0 = Release|x64
		{D8750082-B2B2-42F9-9E9A-0A0DCD9AEB11}.Release|x86.ActiveCfg = Release|Win32
		{D8750082-B2B2-42F9-9E9A-0A0DCD9AEB11}.Release|x86.Build.0 = Release|Win32
		{DBD0FBE1-099B-43F9-85A9-50B4AFF88E9E}.Debug|x64.ActiveCfg = Debug|x64
		{DBD0FBE1-099B-43F9-85A9-50B4AFF88E9E}.Debug|x64.Build.0 = Debug|x64
		{DBD0FBE1-099B-43F9-85A9-50B4AFF88E9E}.Debug|x86.ActiveCfg = Debug|Win32
		{DBD0FBE1-099B-43F9-85A9-50B4AFF88E9E}.Debug|x86.Build.0 = Debug|Win32
		{DBD0FBE1-099B-43F9-85A9-50B4AFF88E9E}.Release|x64.ActiveCfg = Release|x64
		{DBD0FBE1-099B-43F9-85A9-50B4AFF88E9E}.Release|x64.Build.0 = Release|x64
		{DBD0FBE1-099B-43F9-85A9-50B4AFF88E9E}.Release|x86.ActiveCfg = Release|Win32
		{DBD0FBE1-099B-43F9-85A9-50B4AFF88E9E}.Release|x86.Build.0 = Release|Win32
		{C2D72C78-BB50-4A36-833A-A61F57D3FDE6}.Debug|x64.ActiveCfg = Debug|x64
		{C2D72C78-BB50-4A36-833A-A61F57D3FDE6}.Debug|x64.Build.0 = Debug|x64
		{C2D72C78-BB50-4A36-833A-A61F57D3FDE6}.Debug|x86.ActiveCfg = Debug|Win32
		{C2D72C78-BB50-4A36-833A-A61F57D3FDE6}.Debug|x86.Build.0 = Debug|Win32
		{C2D72C78-BB50-4A36-833A-A61F57D3FDE6}.Release|x64.ActiveCfg = Release|x64
		{C2D72C78-BB50-4A36-833A-A61F57D3FDE6}.Release|x64.Build.0 = Release|x64
		{C2D72C78-BB50-4A36-833A-A61F57D3FDE6}.Release|x86.ActiveCfg = Release|Win32
		{C2D72C78-BB50-4A36-833A-A61F57D3FDE6}.Release|x86.Build.0 = Release|Win32
		{D5DDAFCC-3256-474A-9884-DF2FE54BB59C}.Debug|x64.ActiveCfg = Debug|x64
		{D5DDAFCC-3256-474A-9884-DF2FE54BB59C}.Debug|x64.Build.0 = Debug|x64
		{D5DDAFCC-3256-474A-9884-DF2FE54BB59C}.Debug|x86.ActiveCfg = Debug|Win32
		{D5DDAFCC-3256-474A-9884-DF2FE54BB59C}.Debug|x86.Build.0 = Debug|Win32
		{D5DDAFCC-3256-474A-9884-DF2FE54BB59C}.Release|x64.ActiveCfg = Release|x64
		{D5DDAFCC-3256-474A-9884-DF2FE54BB59C}.Release|x64.Build.0 = Release|x64
		{D5DDAFCC-3256-474A-9884-DF2FE54BB59C}.Release|x86.ActiveCfg = Release|Win32
		{D5DDAFCC-3256-474A-9884-DF2FE54BB59C}.Release|x86.Build.0 = Release|Win32
		{AAA8C929-3FFB-4628-9ED4-57AFC5C0BDE8}.Debug|x64.ActiveCfg = Debug|x64
		{AAA8C929-3FFB-4628-9ED4-57AFC5C0BDE8}.Debug|x64.Build.0 = Debug|x64
		{AAA8C929-3FFB-4628-9ED4-57AFC5C0BDE8}.Debug|x86.ActiveCfg = Debug|Win32
		{AAA8C929-3FFB-4628-9ED4-57AFC5C0BDE8}.Debug|x86.Build.0 = Debug|Win32
		{AAA8C929-3FFB-4628-9ED4-57AFC5C0BDE8}.Release|x64.ActiveCfg = Release|x64
		{AAA8C929-3FFB-4628-9ED4-57AFC5C0BDE8}.Release|x64.Build.0 = Release|x64
		{AAA8C929-3FFB-4628-9ED4-57AFC5C0BDE8}.Release|x86.ActiveCfg = Release|Win32
		{AAA8C929-3FFB-4628-9ED4-57AFC5C0BDE8}.Release|x86.Build.0 = Release|Win32
		{1ECC65AD-F062-4AC5-9A1B-1709F75A7848}.Debug|x64.ActiveCfg = Debug|x64
		{1ECC65AD-F062-4AC5-9A1B-1709F75A7848}.Debug|x64.Build.0 = Debug|x64
		{1ECC65AD-F062-4AC5-9A1B-1709F75A7848}.Debug|x86.ActiveCfg = Debug|Win32
		{1ECC65AD-F062-4AC5-9A1B-1709F75A7848}.Debug|x86.Build.0 = Debug|Win32
		{1ECC65AD-F062-4AC5-9A1B-1709F75A7848}.Release|x64.ActiveCfg = Release|x64
		{1ECC65AD-F062-4AC5-9A1B-1709F75A7848}.Release|x64.Build.0 = Release|x64
		{1ECC65AD-F062-4AC5-9A1B-1709F75A7848}.Release|x86.ActiveCfg = Release|Win32
		{1ECC65AD-F062-4AC5-9A1B-1709F75A7848}.Release|x86.Build.0 = Release|Win32
		{9AABAFE3-E7E8-4B2C-A5E2-924BB897602C}.Debug|x64.ActiveCfg = Debug|x64
		{9AABAFE3-E7E8-4B2C-A5E2-924BB897602C}.Debug|x64.Build.0 = Debug|x64
		{9AABAFE3-E7E8-4B2C-A5E2-924BB897602C}.Debug|x86.ActiveCfg = Debug|Win32
		{9AABAFE3-E7E8-4B2C-A5E2-924BB897602C}.Debug|x86.Build.0 = Debug|Win32
		{9AABAFE3-E7E8-4B2C-A5E2-924BB897602C}.Release|x64.ActiveCfg = Release|x64
		{9AABAFE3-E7E8-4B2C-A5E2-924BB897602C}.Release|x64.Build.0 = Release|x64
		{9AABAFE3-E7E8-4B2C-A5E2-924BB897602C}.Release|x86.ActiveCfg = Release|Win32
		{9AABAFE3-E7E8-4B2C-A5E2-924BB897602C}.Release|x86.Build.0 = Release|Win32
		{C66BD765-37BD-49DA-A8A8-837A37BA01C8}.Debug|x64.ActiveCfg = Debug|x64
		{C66BD765-37BD-49DA-A8A8-837A37BA01C8}.Debug|x64.Build.0 = Debug|x64
		{C66BD765-37BD-49DA-A8A8-837A37BA01C8}.Debug|x86.ActiveCfg = Debug|Win32
		{C66BD765-37BD-49DA-A8A8-837A37BA01C8}.Debug|x86.Build.0 = Debug|Win32
		{C66BD765-37BD-49DA-A8A8-837A37BA01C8}.Release|x64.ActiveCfg = Release|x64
		{C66BD765-37BD-49DA-A8A8-837A37BA01C8}.Release|x64.Build.0 = Release|x64
		{C66BD765-37BD-49DA-A8A8-837A37BA01C8}.Release|x86.ActiveCfg = Release|Win32
		{C66BD765-37BD-49DA-A8A8-837A37BA01C8}.Release|x86.Build.0 = Release|Win32
		{1A621C3E-7CCC-4D9D-B6D0-083543C06C1B}.Debug|x64.ActiveCfg = Debug|x64
		{1A621C3E-7CCC-4D9D-B6D0-083543C06C1B}.Debug|x64.Build.0 = Debug|x64
		{1A621C3E-7CCC-4D9D-B6D0-083543C06C1B}.Debug|x86.ActiveCfg = Debug|Win32
		{1A621C3E-7CCC-4D9D-B6D0-083543C06C1B}.Debug|x86.Build.0 = Debug|Win32
		{1A621C3E-7CCC-4D9D-B6D0-083543C06C1B}.Release|x64.ActiveCfg = Release|x64
		{1A621C3E-7CCC-4D9D-B6D0-083543C06C1B}.Release|x64.Build.0 = Release|x64
		{1A621C3E-7CCC-4D9D-B6D0-083543C06C1B}.Release|x86.ActiveCfg = Release|Win32
		{1A621C3E-7CCC-4D9D-B6D0-083543C06C1B}.Release|x86.Build.0 = Release|Win32
	EndGlobalSection
	GlobalSection(SolutionProperties) = preSolution
		HideSolutionNode = FALSE
	EndGlobalSection
	GlobalSection(ExtensibilityGlobals) = postSolution
		SolutionGuid = {559B6C84-008B-491C-ABBB-27D3A28432DC}
	EndGlobalSection
EndGlobal
