
Microsoft Visual Studio Solution File, Format Version 12.00
# Visual Studio 15
VisualStudioVersion = 15.0.27130.2010
MinimumVisualStudioVersion = 10.0.40219.1
Project("{8BC9CEB8-8B4A-11D0-8D11-00A0C91BC942}") = "1로 만들기", "[DP]1로 만들기\[DP]1로 만들기.vcxproj", "{594FBF20-F9DD-4CB1-A971-61263A48D5C0}"
EndProject
Project("{8BC9CEB8-8B4A-11D0-8D11-00A0C91BC942}") = "욕심쟁이 판다", "[DP]욕심쟁이 판다\[DP]욕심쟁이 판다.vcxproj", "{C27FF94F-D59C-4D39-A9F1-2DE46D660662}"
EndProject
Project("{8BC9CEB8-8B4A-11D0-8D11-00A0C91BC942}") = "피보나치 함수", "[DP]피보나치 함수\[DP]피보나치 함수.vcxproj", "{A85EE9BF-4670-4264-9E00-874216039452}"
EndProject
Project("{8BC9CEB8-8B4A-11D0-8D11-00A0C91BC942}") = "Z", "[분할정복]Z\[분할정복]Z.vcxproj", "{FD08DDDB-2696-46F3-B502-67C8FC87E1EC}"
EndProject
Project("{8BC9CEB8-8B4A-11D0-8D11-00A0C91BC942}") = "종이의개수", "[분할정복]종이의개수\[분할정복]종이의개수.vcxproj", "{CA55FD85-84A8-4113-80DB-2D7CA166AB1B}"
EndProject
Project("{8BC9CEB8-8B4A-11D0-8D11-00A0C91BC942}") = "로또", "[완전탐색]로또\[완전탐색]로또.vcxproj", "{163FEA8F-43ED-48C3-A4BF-097E5799F90B}"
EndProject
Project("{8BC9CEB8-8B4A-11D0-8D11-00A0C91BC942}") = "일곱난쟁이", "[완전탐섹]일곱난쟁이\[완전탐섹]일곱난쟁이.vcxproj", "{C183459E-6C3E-41C8-86E9-FF52EFFA07D4}"
EndProject
Project("{8BC9CEB8-8B4A-11D0-8D11-00A0C91BC942}") = "A-B", "A-B\A-B.vcxproj", "{7A2649A6-6723-4266-8D4F-11F3B8C17F86}"
EndProject
Project("{8BC9CEB8-8B4A-11D0-8D11-00A0C91BC942}") = "막대기", "막대기\막대기.vcxproj", "{E2606293-23D7-4A8F-A8C3-EBE4E02BD691}"
EndProject
Project("{8BC9CEB8-8B4A-11D0-8D11-00A0C91BC942}") = "!___C++Test____", "!C++Test\!C++Test.vcxproj", "{56F73131-39AB-4E5B-9A20-4B3D32081318}"
EndProject
Project("{8BC9CEB8-8B4A-11D0-8D11-00A0C91BC942}") = "숫자의 개수", "숫자의 개수\숫자의 개수.vcxproj", "{E1A6EAA3-EFEB-4AB8-A813-7DD0072C11A6}"
EndProject
Project("{8BC9CEB8-8B4A-11D0-8D11-00A0C91BC942}") = "부녀회장이 될테야", "부녀회장이 될테야\부녀회장이 될테야.vcxproj", "{327CD8BE-48DD-4F6A-9D80-EB9AC7C46F05}"
EndProject
Project("{8BC9CEB8-8B4A-11D0-8D11-00A0C91BC942}") = "붕어빵 판매하기", "붕어빵 판매하기\붕어빵 판매하기.vcxproj", "{D35897AD-807E-426C-B44C-1AD78FF80E56}"
EndProject
Project("{8BC9CEB8-8B4A-11D0-8D11-00A0C91BC942}") = "OX퀴즈", "OX퀴즈\OX퀴즈.vcxproj", "{1A352A97-4805-4BAC-8292-622B1AD9F4C1}"
EndProject
Project("{8BC9CEB8-8B4A-11D0-8D11-00A0C91BC942}") = "셀프 넘버", "셀프 넘버\셀프 넘버.vcxproj", "{D8750082-B2B2-42F9-9E9A-0A0DCD9AEB11}"
EndProject
Project("{8BC9CEB8-8B4A-11D0-8D11-00A0C91BC942}") = "분수찾기", "분수찾기\분수찾기.vcxproj", "{DBD0FBE1-099B-43F9-85A9-50B4AFF88E9E}"
EndProject
Project("{8BC9CEB8-8B4A-11D0-8D11-00A0C91BC942}") = "이항 계수 1", "이항 계수 1\이항 계수 1.vcxproj", "{C2D72C78-BB50-4A36-833A-A61F57D3FDE6}"
EndProject
Project("{8BC9CEB8-8B4A-11D0-8D11-00A0C91BC942}") = "열 개씩 끊어 출력하기", "열 개씩 끊어 출력하기\열 개씩 끊어 출력하기.vcxproj", "{D5DDAFCC-3256-474A-9884-DF2FE54BB59C}"
EndProject
Project("{8BC9CEB8-8B4A-11D0-8D11-00A0C91BC942}") = "그룹 단어 체커", "그룹 단어 체커\그룹 단어 체커.vcxproj", "{AAA8C929-3FFB-4628-9ED4-57AFC5C0BDE8}"
EndProject
Project("{8BC9CEB8-8B4A-11D0-8D11-00A0C91BC942}") = "더하기 사이클", "더하기 사이클\더하기 사이클.vcxproj", "{1ECC65AD-F062-4AC5-9A1B-1709F75A7848}"
EndProject
Project("{8BC9CEB8-8B4A-11D0-8D11-00A0C91BC942}") = "벌집", "벌집\벌집.vcxproj", "{9AABAFE3-E7E8-4B2C-A5E2-924BB897602C}"
EndProject
Project("{8BC9CEB8-8B4A-11D0-8D11-00A0C91BC942}") = "평균", "평균\평균.vcxproj", "{C66BD765-37BD-49DA-A8A8-837A37BA01C8}"
EndProject
Project("{8BC9CEB8-8B4A-11D0-8D11-00A0C91BC942}") = "가장 큰 증가 부분 수열", "가장 큰 증가 부분 수열\가장 큰 증가 부분 수열.vcxproj", "{1A621C3E-7CCC-4D9D-B6D0-083543C06C1B}"
EndProject
Project("{8BC9CEB8-8B4A-11D0-8D11-00A0C91BC942}") = "큐", "큐\큐.vcxproj", "{F08A7F67-1D05-44F7-8C92-5C0A28736345}"
EndProject
Project("{8BC9CEB8-8B4A-11D0-8D11-00A0C91BC942}") = "최대공약수와 최소공배수", "최대공약수와 최소공배수\최대공약수와 최소공배수.vcxproj", "{837A339D-367B-4171-9152-DF756BB06640}"
EndProject
Project("{8BC9CEB8-8B4A-11D0-8D11-00A0C91BC942}") = "이동하기", "이동하기\이동하기.vcxproj", "{0AEF5682-4E54-4550-A49E-DDF1A8D21CA1}"
EndProject
Project("{8BC9CEB8-8B4A-11D0-8D11-00A0C91BC942}") = "한수", "한수\한수.vcxproj", "{168EC1BC-7CD2-4E99-89F5-FD99F6243816}"
EndProject
Project("{8BC9CEB8-8B4A-11D0-8D11-00A0C91BC942}") = "숫자의 합", "숫자의 합\숫자의 합.vcxproj", "{CCF69AD2-CE01-4541-BE41-00FF2B06F329}"
EndProject
Project("{8BC9CEB8-8B4A-11D0-8D11-00A0C91BC942}") = "2007년", "2007년\2007년.vcxproj", "{08CCCE4B-AAC2-4AC5-87EC-B7019303D7B0}"
EndProject
Project("{8BC9CEB8-8B4A-11D0-8D11-00A0C91BC942}") = "평균은 넘겠지", "평균은 넘겠지\평균은 넘겠지.vcxproj", "{C2817E12-D002-45CD-9519-05BA0584B6C3}"
EndProject
Project("{8BC9CEB8-8B4A-11D0-8D11-00A0C91BC942}") = "방 번호", "방 번호\방 번호.vcxproj", "{3FDDB1F9-5398-479D-AB4E-7B4860EE3BFE}"
EndProject
Project("{8BC9CEB8-8B4A-11D0-8D11-00A0C91BC942}") = "제곱수의 합", "제곱수의 합\제곱수의 합.vcxproj", "{689DBCB6-55DE-406F-B5F9-10D58E304F11}"
EndProject
Project("{8BC9CEB8-8B4A-11D0-8D11-00A0C91BC942}") = "스택", "스택\스택.vcxproj", "{D82CF23D-0213-4417-8006-87A5BA3D1DA3}"
EndProject
Project("{8BC9CEB8-8B4A-11D0-8D11-00A0C91BC942}") = "단지번호붙이기", "단지번호붙이기\단지번호붙이기.vcxproj", "{EF807B68-B62A-4147-B1E1-BFBF6E87A19C}"
EndProject
Project("{8BC9CEB8-8B4A-11D0-8D11-00A0C91BC942}") = "괄호", "괄호\괄호.vcxproj", "{7A1E5E74-F14F-42ED-805B-165D663BC215}"
EndProject
Project("{8BC9CEB8-8B4A-11D0-8D11-00A0C91BC942}") = "오르막 수", "오르막 수\오르막 수.vcxproj", "{2A22AA43-5D92-4D08-879D-7D60CD7351C3}"
EndProject
Project("{8BC9CEB8-8B4A-11D0-8D11-00A0C91BC942}") = "파도반 수열", "파도반 수열\파도반 수열.vcxproj", "{B5ABD590-450B-4FF2-ACA8-A2883E4998A6}"
EndProject
Project("{8BC9CEB8-8B4A-11D0-8D11-00A0C91BC942}") = "나이순 정렬", "나이순 정렬\나이순 정렬.vcxproj", "{DE5FC583-2B0D-45B5-8462-B3C41471E984}"
EndProject
Project("{8BC9CEB8-8B4A-11D0-8D11-00A0C91BC942}") = "ACM 호텔", "ACM 호텔\ACM 호텔.vcxproj", "{BAAAA189-D82F-4123-8571-B535C213EEED}"
EndProject
Project("{8BC9CEB8-8B4A-11D0-8D11-00A0C91BC942}") = "크로아티아 알파벳", "크로아티아 알파벳\크로아티아 알파벳.vcxproj", "{83FF6357-FDE4-45DF-8FDC-9EA7A6D9B1ED}"
EndProject
Project("{8BC9CEB8-8B4A-11D0-8D11-00A0C91BC942}") = "괄호의 값", "괄호의 값\괄호의 값.vcxproj", "{935B89C9-D930-4704-B781-5DAC6371A705}"
EndProject
Project("{8BC9CEB8-8B4A-11D0-8D11-00A0C91BC942}") = "경로 찾기", "경로 찾기\경로 찾기.vcxproj", "{D3E2811C-FA13-4229-8DBE-F953622E3711}"
EndProject
Project("{8BC9CEB8-8B4A-11D0-8D11-00A0C91BC942}") = "소수", "소수\소수.vcxproj", "{9F0FEC43-66D4-4946-97F6-CC0C76B98454}"
EndProject
Project("{8BC9CEB8-8B4A-11D0-8D11-00A0C91BC942}") = "단어 정렬", "단어 정렬\단어 정렬.vcxproj", "{57718D7F-F48F-4F94-BCAA-8F291297949B}"
EndProject
Project("{8BC9CEB8-8B4A-11D0-8D11-00A0C91BC942}") = "피보나치 수 2", "피보나치 수 2\피보나치 수 2.vcxproj", "{19C3704A-91EE-464E-A6B4-80F49D97A1F5}"
EndProject
Project("{8BC9CEB8-8B4A-11D0-8D11-00A0C91BC942}") = "이친수", "이친수\이친수.vcxproj", "{84401526-E36A-43BF-AD1E-B5FE984097B5}"
EndProject
Project("{8BC9CEB8-8B4A-11D0-8D11-00A0C91BC942}") = "알파벳", "알파벳\알파벳.vcxproj", "{F84115B4-614F-49BA-8D7E-0714CEF75E74}"
EndProject
Project("{8BC9CEB8-8B4A-11D0-8D11-00A0C91BC942}") = "조세퍼스 문제", "조세퍼스 문제\조세퍼스 문제.vcxproj", "{A7CBE76F-52A8-4118-990D-83F1EACA69C7}"
EndProject
Project("{8BC9CEB8-8B4A-11D0-8D11-00A0C91BC942}") = "연산자 끼워넣기", "연산자 끼워넣기\연산자 끼워넣기.vcxproj", "{9B378538-D441-439B-B7DD-109EA2240A99}"
EndProject
Project("{8BC9CEB8-8B4A-11D0-8D11-00A0C91BC942}") = "유기농 배추", "유기농 배추\유기농 배추.vcxproj", "{8A3B3721-EEAD-4C45-B910-5AE266AED9FB}"
EndProject
Project("{8BC9CEB8-8B4A-11D0-8D11-00A0C91BC942}") = "단어 공부", "단어 공부\단어 공부.vcxproj", "{093E4A69-CD91-4E94-8A90-735E9A24AA72}"
EndProject
Project("{8BC9CEB8-8B4A-11D0-8D11-00A0C91BC942}") = "팰린드롬", "팰린드롬\팰린드롬.vcxproj", "{91D96B21-226B-49EF-ADFA-540670F8B016}"
EndProject
Project("{8BC9CEB8-8B4A-11D0-8D11-00A0C91BC942}") = "소수 구하기", "소수 구하기\소수 구하기.vcxproj", "{4F809FCE-4206-4322-A35E-FD0E84B09B00}"
EndProject
Project("{8BC9CEB8-8B4A-11D0-8D11-00A0C91BC942}") = "휴대폰 자판", "휴대폰 자판\휴대폰 자판.vcxproj", "{E278B56B-D069-4197-81CD-A1FABAFA105E}"
EndProject
Global
	GlobalSection(SolutionConfigurationPlatforms) = preSolution
		Debug|x64 = Debug|x64
		Debug|x86 = Debug|x86
		Release|x64 = Release|x64
		Release|x86 = Release|x86
	EndGlobalSection
	GlobalSection(ProjectConfigurationPlatforms) = postSolution
		{594FBF20-F9DD-4CB1-A971-61263A48D5C0}.Debug|x64.ActiveCfg = Debug|x64
		{594FBF20-F9DD-4CB1-A971-61263A48D5C0}.Debug|x64.Build.0 = Debug|x64
		{594FBF20-F9DD-4CB1-A971-61263A48D5C0}.Debug|x86.ActiveCfg = Debug|Win32
		{594FBF20-F9DD-4CB1-A971-61263A48D5C0}.Debug|x86.Build.0 = Debug|Win32
		{594FBF20-F9DD-4CB1-A971-61263A48D5C0}.Release|x64.ActiveCfg = Release|x64
		{594FBF20-F9DD-4CB1-A971-61263A48D5C0}.Release|x64.Build.0 = Release|x64
		{594FBF20-F9DD-4CB1-A971-61263A48D5C0}.Release|x86.ActiveCfg = Release|Win32
		{594FBF20-F9DD-4CB1-A971-61263A48D5C0}.Release|x86.Build.0 = Release|Win32
		{C27FF94F-D59C-4D39-A9F1-2DE46D660662}.Debug|x64.ActiveCfg = Debug|x64
		{C27FF94F-D59C-4D39-A9F1-2DE46D660662}.Debug|x64.Build.0 = Debug|x64
		{C27FF94F-D59C-4D39-A9F1-2DE46D660662}.Debug|x86.ActiveCfg = Debug|Win32
		{C27FF94F-D59C-4D39-A9F1-2DE46D660662}.Debug|x86.Build.0 = Debug|Win32
		{C27FF94F-D59C-4D39-A9F1-2DE46D660662}.Release|x64.ActiveCfg = Release|x64
		{C27FF94F-D59C-4D39-A9F1-2DE46D660662}.Release|x64.Build.0 = Release|x64
		{C27FF94F-D59C-4D39-A9F1-2DE46D660662}.Release|x86.ActiveCfg = Release|Win32
		{C27FF94F-D59C-4D39-A9F1-2DE46D660662}.Release|x86.Build.0 = Release|Win32
		{A85EE9BF-4670-4264-9E00-874216039452}.Debug|x64.ActiveCfg = Debug|x64
		{A85EE9BF-4670-4264-9E00-874216039452}.Debug|x64.Build.0 = Debug|x64
		{A85EE9BF-4670-4264-9E00-874216039452}.Debug|x86.ActiveCfg = Debug|Win32
		{A85EE9BF-4670-4264-9E00-874216039452}.Debug|x86.Build.0 = Debug|Win32
		{A85EE9BF-4670-4264-9E00-874216039452}.Release|x64.ActiveCfg = Release|x64
		{A85EE9BF-4670-4264-9E00-874216039452}.Release|x64.Build.0 = Release|x64
		{A85EE9BF-4670-4264-9E00-874216039452}.Release|x86.ActiveCfg = Release|Win32
		{A85EE9BF-4670-4264-9E00-874216039452}.Release|x86.Build.0 = Release|Win32
		{FD08DDDB-2696-46F3-B502-67C8FC87E1EC}.Debug|x64.ActiveCfg = Debug|x64
		{FD08DDDB-2696-46F3-B502-67C8FC87E1EC}.Debug|x64.Build.0 = Debug|x64
		{FD08DDDB-2696-46F3-B502-67C8FC87E1EC}.Debug|x86.ActiveCfg = Debug|Win32
		{FD08DDDB-2696-46F3-B502-67C8FC87E1EC}.Debug|x86.Build.0 = Debug|Win32
		{FD08DDDB-2696-46F3-B502-67C8FC87E1EC}.Release|x64.ActiveCfg = Release|x64
		{FD08DDDB-2696-46F3-B502-67C8FC87E1EC}.Release|x64.Build.0 = Release|x64
		{FD08DDDB-2696-46F3-B502-67C8FC87E1EC}.Release|x86.ActiveCfg = Release|Win32
		{FD08DDDB-2696-46F3-B502-67C8FC87E1EC}.Release|x86.Build.0 = Release|Win32
		{CA55FD85-84A8-4113-80DB-2D7CA166AB1B}.Debug|x64.ActiveCfg = Debug|x64
		{CA55FD85-84A8-4113-80DB-2D7CA166AB1B}.Debug|x64.Build.0 = Debug|x64
		{CA55FD85-84A8-4113-80DB-2D7CA166AB1B}.Debug|x86.ActiveCfg = Debug|Win32
		{CA55FD85-84A8-4113-80DB-2D7CA166AB1B}.Debug|x86.Build.0 = Debug|Win32
		{CA55FD85-84A8-4113-80DB-2D7CA166AB1B}.Release|x64.ActiveCfg = Release|x64
		{CA55FD85-84A8-4113-80DB-2D7CA166AB1B}.Release|x64.Build.0 = Release|x64
		{CA55FD85-84A8-4113-80DB-2D7CA166AB1B}.Release|x86.ActiveCfg = Release|Win32
		{CA55FD85-84A8-4113-80DB-2D7CA166AB1B}.Release|x86.Build.0 = Release|Win32
		{163FEA8F-43ED-48C3-A4BF-097E5799F90B}.Debug|x64.ActiveCfg = Debug|x64
		{163FEA8F-43ED-48C3-A4BF-097E5799F90B}.Debug|x64.Build.0 = Debug|x64
		{163FEA8F-43ED-48C3-A4BF-097E5799F90B}.Debug|x86.ActiveCfg = Debug|Win32
		{163FEA8F-43ED-48C3-A4BF-097E5799F90B}.Debug|x86.Build.0 = Debug|Win32
		{163FEA8F-43ED-48C3-A4BF-097E5799F90B}.Release|x64.ActiveCfg = Release|x64
		{163FEA8F-43ED-48C3-A4BF-097E5799F90B}.Release|x64.Build.0 = Release|x64
		{163FEA8F-43ED-48C3-A4BF-097E5799F90B}.Release|x86.ActiveCfg = Release|Win32
		{163FEA8F-43ED-48C3-A4BF-097E5799F90B}.Release|x86.Build.0 = Release|Win32
		{C183459E-6C3E-41C8-86E9-FF52EFFA07D4}.Debug|x64.ActiveCfg = Debug|x64
		{C183459E-6C3E-41C8-86E9-FF52EFFA07D4}.Debug|x64.Build.0 = Debug|x64
		{C183459E-6C3E-41C8-86E9-FF52EFFA07D4}.Debug|x86.ActiveCfg = Debug|Win32
		{C183459E-6C3E-41C8-86E9-FF52EFFA07D4}.Debug|x86.Build.0 = Debug|Win32
		{C183459E-6C3E-41C8-86E9-FF52EFFA07D4}.Release|x64.ActiveCfg = Release|x64
		{C183459E-6C3E-41C8-86E9-FF52EFFA07D4}.Release|x64.Build.0 = Release|x64
		{C183459E-6C3E-41C8-86E9-FF52EFFA07D4}.Release|x86.ActiveCfg = Release|Win32
		{C183459E-6C3E-41C8-86E9-FF52EFFA07D4}.Release|x86.Build.0 = Release|Win32
		{7A2649A6-6723-4266-8D4F-11F3B8C17F86}.Debug|x64.ActiveCfg = Debug|x64
		{7A2649A6-6723-4266-8D4F-11F3B8C17F86}.Debug|x64.Build.0 = Debug|x64
		{7A2649A6-6723-4266-8D4F-11F3B8C17F86}.Debug|x86.ActiveCfg = Debug|Win32
		{7A2649A6-6723-4266-8D4F-11F3B8C17F86}.Debug|x86.Build.0 = Debug|Win32
		{7A2649A6-6723-4266-8D4F-11F3B8C17F86}.Release|x64.ActiveCfg = Release|x64
		{7A2649A6-6723-4266-8D4F-11F3B8C17F86}.Release|x64.Build.0 = Release|x64
		{7A2649A6-6723-4266-8D4F-11F3B8C17F86}.Release|x86.ActiveCfg = Release|Win32
		{7A2649A6-6723-4266-8D4F-11F3B8C17F86}.Release|x86.Build.0 = Release|Win32
		{E2606293-23D7-4A8F-A8C3-EBE4E02BD691}.Debug|x64.ActiveCfg = Debug|x64
		{E2606293-23D7-4A8F-A8C3-EBE4E02BD691}.Debug|x64.Build.0 = Debug|x64
		{E2606293-23D7-4A8F-A8C3-EBE4E02BD691}.Debug|x86.ActiveCfg = Debug|Win32
		{E2606293-23D7-4A8F-A8C3-EBE4E02BD691}.Debug|x86.Build.0 = Debug|Win32
		{E2606293-23D7-4A8F-A8C3-EBE4E02BD691}.Release|x64.ActiveCfg = Release|x64
		{E2606293-23D7-4A8F-A8C3-EBE4E02BD691}.Release|x64.Build.0 = Release|x64
		{E2606293-23D7-4A8F-A8C3-EBE4E02BD691}.Release|x86.ActiveCfg = Release|Win32
		{E2606293-23D7-4A8F-A8C3-EBE4E02BD691}.Release|x86.Build.0 = Release|Win32
		{56F73131-39AB-4E5B-9A20-4B3D32081318}.Debug|x64.ActiveCfg = Debug|x64
		{56F73131-39AB-4E5B-9A20-4B3D32081318}.Debug|x64.Build.0 = Debug|x64
		{56F73131-39AB-4E5B-9A20-4B3D32081318}.Debug|x86.ActiveCfg = Debug|Win32
		{56F73131-39AB-4E5B-9A20-4B3D32081318}.Debug|x86.Build.0 = Debug|Win32
		{56F73131-39AB-4E5B-9A20-4B3D32081318}.Release|x64.ActiveCfg = Release|x64
		{56F73131-39AB-4E5B-9A20-4B3D32081318}.Release|x64.Build.0 = Release|x64
		{56F73131-39AB-4E5B-9A20-4B3D32081318}.Release|x86.ActiveCfg = Release|Win32
		{56F73131-39AB-4E5B-9A20-4B3D32081318}.Release|x86.Build.0 = Release|Win32
		{E1A6EAA3-EFEB-4AB8-A813-7DD0072C11A6}.Debug|x64.ActiveCfg = Debug|x64
		{E1A6EAA3-EFEB-4AB8-A813-7DD0072C11A6}.Debug|x64.Build.0 = Debug|x64
		{E1A6EAA3-EFEB-4AB8-A813-7DD0072C11A6}.Debug|x86.ActiveCfg = Debug|Win32
		{E1A6EAA3-EFEB-4AB8-A813-7DD0072C11A6}.Debug|x86.Build.0 = Debug|Win32
		{E1A6EAA3-EFEB-4AB8-A813-7DD0072C11A6}.Release|x64.ActiveCfg = Release|x64
		{E1A6EAA3-EFEB-4AB8-A813-7DD0072C11A6}.Release|x64.Build.0 = Release|x64
		{E1A6EAA3-EFEB-4AB8-A813-7DD0072C11A6}.Release|x86.ActiveCfg = Release|Win32
		{E1A6EAA3-EFEB-4AB8-A813-7DD0072C11A6}.Release|x86.Build.0 = Release|Win32
		{327CD8BE-48DD-4F6A-9D80-EB9AC7C46F05}.Debug|x64.ActiveCfg = Debug|x64
		{327CD8BE-48DD-4F6A-9D80-EB9AC7C46F05}.Debug|x64.Build.0 = Debug|x64
		{327CD8BE-48DD-4F6A-9D80-EB9AC7C46F05}.Debug|x86.ActiveCfg = Debug|Win32
		{327CD8BE-48DD-4F6A-9D80-EB9AC7C46F05}.Debug|x86.Build.0 = Debug|Win32
		{327CD8BE-48DD-4F6A-9D80-EB9AC7C46F05}.Release|x64.ActiveCfg = Release|x64
		{327CD8BE-48DD-4F6A-9D80-EB9AC7C46F05}.Release|x64.Build.0 = Release|x64
		{327CD8BE-48DD-4F6A-9D80-EB9AC7C46F05}.Release|x86.ActiveCfg = Release|Win32
		{327CD8BE-48DD-4F6A-9D80-EB9AC7C46F05}.Release|x86.Build.0 = Release|Win32
		{D35897AD-807E-426C-B44C-1AD78FF80E56}.Debug|x64.ActiveCfg = Debug|x64
		{D35897AD-807E-426C-B44C-1AD78FF80E56}.Debug|x64.Build.0 = Debug|x64
		{D35897AD-807E-426C-B44C-1AD78FF80E56}.Debug|x86.ActiveCfg = Debug|Win32
		{D35897AD-807E-426C-B44C-1AD78FF80E56}.Debug|x86.Build.0 = Debug|Win32
		{D35897AD-807E-426C-B44C-1AD78FF80E56}.Release|x64.ActiveCfg = Release|x64
		{D35897AD-807E-426C-B44C-1AD78FF80E56}.Release|x64.Build.0 = Release|x64
		{D35897AD-807E-426C-B44C-1AD78FF80E56}.Release|x86.ActiveCfg = Release|Win32
		{D35897AD-807E-426C-B44C-1AD78FF80E56}.Release|x86.Build.0 = Release|Win32
		{1A352A97-4805-4BAC-8292-622B1AD9F4C1}.Debug|x64.ActiveCfg = Debug|x64
		{1A352A97-4805-4BAC-8292-622B1AD9F4C1}.Debug|x64.Build.0 = Debug|x64
		{1A352A97-4805-4BAC-8292-622B1AD9F4C1}.Debug|x86.ActiveCfg = Debug|Win32
		{1A352A97-4805-4BAC-8292-622B1AD9F4C1}.Debug|x86.Build.0 = Debug|Win32
		{1A352A97-4805-4BAC-8292-622B1AD9F4C1}.Release|x64.ActiveCfg = Release|x64
		{1A352A97-4805-4BAC-8292-622B1AD9F4C1}.Release|x64.Build.0 = Release|x64
		{1A352A97-4805-4BAC-8292-622B1AD9F4C1}.Release|x86.ActiveCfg = Release|Win32
		{1A352A97-4805-4BAC-8292-622B1AD9F4C1}.Release|x86.Build.0 = Release|Win32
		{D8750082-B2B2-42F9-9E9A-0A0DCD9AEB11}.Debug|x64.ActiveCfg = Debug|x64
		{D8750082-B2B2-42F9-9E9A-0A0DCD9AEB11}.Debug|x64.Build.0 = Debug|x64
		{D8750082-B2B2-42F9-9E9A-0A0DCD9AEB11}.Debug|x86.ActiveCfg = Debug|Win32
		{D8750082-B2B2-42F9-9E9A-0A0DCD9AEB11}.Debug|x86.Build.0 = Debug|Win32
		{D8750082-B2B2-42F9-9E9A-0A0DCD9AEB11}.Release|x64.ActiveCfg = Release|x64
		{D8750082-B2B2-42F9-9E9A-0A0DCD9AEB11}.Release|x64.Build.0 = Release|x64
		{D8750082-B2B2-42F9-9E9A-0A0DCD9AEB11}.Release|x86.ActiveCfg = Release|Win32
		{D8750082-B2B2-42F9-9E9A-0A0DCD9AEB11}.Release|x86.Build.0 = Release|Win32
		{DBD0FBE1-099B-43F9-85A9-50B4AFF88E9E}.Debug|x64.ActiveCfg = Debug|x64
		{DBD0FBE1-099B-43F9-85A9-50B4AFF88E9E}.Debug|x64.Build.0 = Debug|x64
		{DBD0FBE1-099B-43F9-85A9-50B4AFF88E9E}.Debug|x86.ActiveCfg = Debug|Win32
		{DBD0FBE1-099B-43F9-85A9-50B4AFF88E9E}.Debug|x86.Build.0 = Debug|Win32
		{DBD0FBE1-099B-43F9-85A9-50B4AFF88E9E}.Release|x64.ActiveCfg = Release|x64
		{DBD0FBE1-099B-43F9-85A9-50B4AFF88E9E}.Release|x64.Build.0 = Release|x64
		{DBD0FBE1-099B-43F9-85A9-50B4AFF88E9E}.Release|x86.ActiveCfg = Release|Win32
		{DBD0FBE1-099B-43F9-85A9-50B4AFF88E9E}.Release|x86.Build.0 = Release|Win32
		{C2D72C78-BB50-4A36-833A-A61F57D3FDE6}.Debug|x64.ActiveCfg = Debug|x64
		{C2D72C78-BB50-4A36-833A-A61F57D3FDE6}.Debug|x64.Build.0 = Debug|x64
		{C2D72C78-BB50-4A36-833A-A61F57D3FDE6}.Debug|x86.ActiveCfg = Debug|Win32
		{C2D72C78-BB50-4A36-833A-A61F57D3FDE6}.Debug|x86.Build.0 = Debug|Win32
		{C2D72C78-BB50-4A36-833A-A61F57D3FDE6}.Release|x64.ActiveCfg = Release|x64
		{C2D72C78-BB50-4A36-833A-A61F57D3FDE6}.Release|x64.Build.0 = Release|x64
		{C2D72C78-BB50-4A36-833A-A61F57D3FDE6}.Release|x86.ActiveCfg = Release|Win32
		{C2D72C78-BB50-4A36-833A-A61F57D3FDE6}.Release|x86.Build.0 = Release|Win32
		{D5DDAFCC-3256-474A-9884-DF2FE54BB59C}.Debug|x64.ActiveCfg = Debug|x64
		{D5DDAFCC-3256-474A-9884-DF2FE54BB59C}.Debug|x64.Build.0 = Debug|x64
		{D5DDAFCC-3256-474A-9884-DF2FE54BB59C}.Debug|x86.ActiveCfg = Debug|Win32
		{D5DDAFCC-3256-474A-9884-DF2FE54BB59C}.Debug|x86.Build.0 = Debug|Win32
		{D5DDAFCC-3256-474A-9884-DF2FE54BB59C}.Release|x64.ActiveCfg = Release|x64
		{D5DDAFCC-3256-474A-9884-DF2FE54BB59C}.Release|x64.Build.0 = Release|x64
		{D5DDAFCC-3256-474A-9884-DF2FE54BB59C}.Release|x86.ActiveCfg = Release|Win32
		{D5DDAFCC-3256-474A-9884-DF2FE54BB59C}.Release|x86.Build.0 = Release|Win32
		{AAA8C929-3FFB-4628-9ED4-57AFC5C0BDE8}.Debug|x64.ActiveCfg = Debug|x64
		{AAA8C929-3FFB-4628-9ED4-57AFC5C0BDE8}.Debug|x64.Build.0 = Debug|x64
		{AAA8C929-3FFB-4628-9ED4-57AFC5C0BDE8}.Debug|x86.ActiveCfg = Debug|Win32
		{AAA8C929-3FFB-4628-9ED4-57AFC5C0BDE8}.Debug|x86.Build.0 = Debug|Win32
		{AAA8C929-3FFB-4628-9ED4-57AFC5C0BDE8}.Release|x64.ActiveCfg = Release|x64
		{AAA8C929-3FFB-4628-9ED4-57AFC5C0BDE8}.Release|x64.Build.0 = Release|x64
		{AAA8C929-3FFB-4628-9ED4-57AFC5C0BDE8}.Release|x86.ActiveCfg = Release|Win32
		{AAA8C929-3FFB-4628-9ED4-57AFC5C0BDE8}.Release|x86.Build.0 = Release|Win32
		{1ECC65AD-F062-4AC5-9A1B-1709F75A7848}.Debug|x64.ActiveCfg = Debug|x64
		{1ECC65AD-F062-4AC5-9A1B-1709F75A7848}.Debug|x64.Build.0 = Debug|x64
		{1ECC65AD-F062-4AC5-9A1B-1709F75A7848}.Debug|x86.ActiveCfg = Debug|Win32
		{1ECC65AD-F062-4AC5-9A1B-1709F75A7848}.Debug|x86.Build.0 = Debug|Win32
		{1ECC65AD-F062-4AC5-9A1B-1709F75A7848}.Release|x64.ActiveCfg = Release|x64
		{1ECC65AD-F062-4AC5-9A1B-1709F75A7848}.Release|x64.Build.0 = Release|x64
		{1ECC65AD-F062-4AC5-9A1B-1709F75A7848}.Release|x86.ActiveCfg = Release|Win32
		{1ECC65AD-F062-4AC5-9A1B-1709F75A7848}.Release|x86.Build.0 = Release|Win32
		{9AABAFE3-E7E8-4B2C-A5E2-924BB897602C}.Debug|x64.ActiveCfg = Debug|x64
		{9AABAFE3-E7E8-4B2C-A5E2-924BB897602C}.Debug|x64.Build.0 = Debug|x64
		{9AABAFE3-E7E8-4B2C-A5E2-924BB897602C}.Debug|x86.ActiveCfg = Debug|Win32
		{9AABAFE3-E7E8-4B2C-A5E2-924BB897602C}.Debug|x86.Build.0 = Debug|Win32
		{9AABAFE3-E7E8-4B2C-A5E2-924BB897602C}.Release|x64.ActiveCfg = Release|x64
		{9AABAFE3-E7E8-4B2C-A5E2-924BB897602C}.Release|x64.Build.0 = Release|x64
		{9AABAFE3-E7E8-4B2C-A5E2-924BB897602C}.Release|x86.ActiveCfg = Release|Win32
		{9AABAFE3-E7E8-4B2C-A5E2-924BB897602C}.Release|x86.Build.0 = Release|Win32
		{C66BD765-37BD-49DA-A8A8-837A37BA01C8}.Debug|x64.ActiveCfg = Debug|x64
		{C66BD765-37BD-49DA-A8A8-837A37BA01C8}.Debug|x64.Build.0 = Debug|x64
		{C66BD765-37BD-49DA-A8A8-837A37BA01C8}.Debug|x86.ActiveCfg = Debug|Win32
		{C66BD765-37BD-49DA-A8A8-837A37BA01C8}.Debug|x86.Build.0 = Debug|Win32
		{C66BD765-37BD-49DA-A8A8-837A37BA01C8}.Release|x64.ActiveCfg = Release|x64
		{C66BD765-37BD-49DA-A8A8-837A37BA01C8}.Release|x64.Build.0 = Release|x64
		{C66BD765-37BD-49DA-A8A8-837A37BA01C8}.Release|x86.ActiveCfg = Release|Win32
		{C66BD765-37BD-49DA-A8A8-837A37BA01C8}.Release|x86.Build.0 = Release|Win32
		{1A621C3E-7CCC-4D9D-B6D0-083543C06C1B}.Debug|x64.ActiveCfg = Debug|x64
		{1A621C3E-7CCC-4D9D-B6D0-083543C06C1B}.Debug|x64.Build.0 = Debug|x64
		{1A621C3E-7CCC-4D9D-B6D0-083543C06C1B}.Debug|x86.ActiveCfg = Debug|Win32
		{1A621C3E-7CCC-4D9D-B6D0-083543C06C1B}.Debug|x86.Build.0 = Debug|Win32
		{1A621C3E-7CCC-4D9D-B6D0-083543C06C1B}.Release|x64.ActiveCfg = Release|x64
		{1A621C3E-7CCC-4D9D-B6D0-083543C06C1B}.Release|x64.Build.0 = Release|x64
		{1A621C3E-7CCC-4D9D-B6D0-083543C06C1B}.Release|x86.ActiveCfg = Release|Win32
		{1A621C3E-7CCC-4D9D-B6D0-083543C06C1B}.Release|x86.Build.0 = Release|Win32
		{F08A7F67-1D05-44F7-8C92-5C0A28736345}.Debug|x64.ActiveCfg = Debug|x64
		{F08A7F67-1D05-44F7-8C92-5C0A28736345}.Debug|x64.Build.0 = Debug|x64
		{F08A7F67-1D05-44F7-8C92-5C0A28736345}.Debug|x86.ActiveCfg = Debug|Win32
		{F08A7F67-1D05-44F7-8C92-5C0A28736345}.Debug|x86.Build.0 = Debug|Win32
		{F08A7F67-1D05-44F7-8C92-5C0A28736345}.Release|x64.ActiveCfg = Release|x64
		{F08A7F67-1D05-44F7-8C92-5C0A28736345}.Release|x64.Build.0 = Release|x64
		{F08A7F67-1D05-44F7-8C92-5C0A28736345}.Release|x86.ActiveCfg = Release|Win32
		{F08A7F67-1D05-44F7-8C92-5C0A28736345}.Release|x86.Build.0 = Release|Win32
		{837A339D-367B-4171-9152-DF756BB06640}.Debug|x64.ActiveCfg = Debug|x64
		{837A339D-367B-4171-9152-DF756BB06640}.Debug|x64.Build.0 = Debug|x64
		{837A339D-367B-4171-9152-DF756BB06640}.Debug|x86.ActiveCfg = Debug|Win32
		{837A339D-367B-4171-9152-DF756BB06640}.Debug|x86.Build.0 = Debug|Win32
		{837A339D-367B-4171-9152-DF756BB06640}.Release|x64.ActiveCfg = Release|x64
		{837A339D-367B-4171-9152-DF756BB06640}.Release|x64.Build.0 = Release|x64
		{837A339D-367B-4171-9152-DF756BB06640}.Release|x86.ActiveCfg = Release|Win32
		{837A339D-367B-4171-9152-DF756BB06640}.Release|x86.Build.0 = Release|Win32
		{0AEF5682-4E54-4550-A49E-DDF1A8D21CA1}.Debug|x64.ActiveCfg = Debug|x64
		{0AEF5682-4E54-4550-A49E-DDF1A8D21CA1}.Debug|x64.Build.0 = Debug|x64
		{0AEF5682-4E54-4550-A49E-DDF1A8D21CA1}.Debug|x86.ActiveCfg = Debug|Win32
		{0AEF5682-4E54-4550-A49E-DDF1A8D21CA1}.Debug|x86.Build.0 = Debug|Win32
		{0AEF5682-4E54-4550-A49E-DDF1A8D21CA1}.Release|x64.ActiveCfg = Release|x64
		{0AEF5682-4E54-4550-A49E-DDF1A8D21CA1}.Release|x64.Build.0 = Release|x64
		{0AEF5682-4E54-4550-A49E-DDF1A8D21CA1}.Release|x86.ActiveCfg = Release|Win32
		{0AEF5682-4E54-4550-A49E-DDF1A8D21CA1}.Release|x86.Build.0 = Release|Win32
		{168EC1BC-7CD2-4E99-89F5-FD99F6243816}.Debug|x64.ActiveCfg = Debug|x64
		{168EC1BC-7CD2-4E99-89F5-FD99F6243816}.Debug|x64.Build.0 = Debug|x64
		{168EC1BC-7CD2-4E99-89F5-FD99F6243816}.Debug|x86.ActiveCfg = Debug|Win32
		{168EC1BC-7CD2-4E99-89F5-FD99F6243816}.Debug|x86.Build.0 = Debug|Win32
		{168EC1BC-7CD2-4E99-89F5-FD99F6243816}.Release|x64.ActiveCfg = Release|x64
		{168EC1BC-7CD2-4E99-89F5-FD99F6243816}.Release|x64.Build.0 = Release|x64
		{168EC1BC-7CD2-4E99-89F5-FD99F6243816}.Release|x86.ActiveCfg = Release|Win32
		{168EC1BC-7CD2-4E99-89F5-FD99F6243816}.Release|x86.Build.0 = Release|Win32
		{CCF69AD2-CE01-4541-BE41-00FF2B06F329}.Debug|x64.ActiveCfg = Debug|x64
		{CCF69AD2-CE01-4541-BE41-00FF2B06F329}.Debug|x64.Build.0 = Debug|x64
		{CCF69AD2-CE01-4541-BE41-00FF2B06F329}.Debug|x86.ActiveCfg = Debug|Win32
		{CCF69AD2-CE01-4541-BE41-00FF2B06F329}.Debug|x86.Build.0 = Debug|Win32
		{CCF69AD2-CE01-4541-BE41-00FF2B06F329}.Release|x64.ActiveCfg = Release|x64
		{CCF69AD2-CE01-4541-BE41-00FF2B06F329}.Release|x64.Build.0 = Release|x64
		{CCF69AD2-CE01-4541-BE41-00FF2B06F329}.Release|x86.ActiveCfg = Release|Win32
		{CCF69AD2-CE01-4541-BE41-00FF2B06F329}.Release|x86.Build.0 = Release|Win32
		{08CCCE4B-AAC2-4AC5-87EC-B7019303D7B0}.Debug|x64.ActiveCfg = Debug|x64
		{08CCCE4B-AAC2-4AC5-87EC-B7019303D7B0}.Debug|x64.Build.0 = Debug|x64
		{08CCCE4B-AAC2-4AC5-87EC-B7019303D7B0}.Debug|x86.ActiveCfg = Debug|Win32
		{08CCCE4B-AAC2-4AC5-87EC-B7019303D7B0}.Debug|x86.Build.0 = Debug|Win32
		{08CCCE4B-AAC2-4AC5-87EC-B7019303D7B0}.Release|x64.ActiveCfg = Release|x64
		{08CCCE4B-AAC2-4AC5-87EC-B7019303D7B0}.Release|x64.Build.0 = Release|x64
		{08CCCE4B-AAC2-4AC5-87EC-B7019303D7B0}.Release|x86.ActiveCfg = Release|Win32
		{08CCCE4B-AAC2-4AC5-87EC-B7019303D7B0}.Release|x86.Build.0 = Release|Win32
		{C2817E12-D002-45CD-9519-05BA0584B6C3}.Debug|x64.ActiveCfg = Debug|x64
		{C2817E12-D002-45CD-9519-05BA0584B6C3}.Debug|x64.Build.0 = Debug|x64
		{C2817E12-D002-45CD-9519-05BA0584B6C3}.Debug|x86.ActiveCfg = Debug|Win32
		{C2817E12-D002-45CD-9519-05BA0584B6C3}.Debug|x86.Build.0 = Debug|Win32
		{C2817E12-D002-45CD-9519-05BA0584B6C3}.Release|x64.ActiveCfg = Release|x64
		{C2817E12-D002-45CD-9519-05BA0584B6C3}.Release|x64.Build.0 = Release|x64
		{C2817E12-D002-45CD-9519-05BA0584B6C3}.Release|x86.ActiveCfg = Release|Win32
		{C2817E12-D002-45CD-9519-05BA0584B6C3}.Release|x86.Build.0 = Release|Win32
		{3FDDB1F9-5398-479D-AB4E-7B4860EE3BFE}.Debug|x64.ActiveCfg = Debug|x64
		{3FDDB1F9-5398-479D-AB4E-7B4860EE3BFE}.Debug|x64.Build.0 = Debug|x64
		{3FDDB1F9-5398-479D-AB4E-7B4860EE3BFE}.Debug|x86.ActiveCfg = Debug|Win32
		{3FDDB1F9-5398-479D-AB4E-7B4860EE3BFE}.Debug|x86.Build.0 = Debug|Win32
		{3FDDB1F9-5398-479D-AB4E-7B4860EE3BFE}.Release|x64.ActiveCfg = Release|x64
		{3FDDB1F9-5398-479D-AB4E-7B4860EE3BFE}.Release|x64.Build.0 = Release|x64
		{3FDDB1F9-5398-479D-AB4E-7B4860EE3BFE}.Release|x86.ActiveCfg = Release|Win32
		{3FDDB1F9-5398-479D-AB4E-7B4860EE3BFE}.Release|x86.Build.0 = Release|Win32
		{689DBCB6-55DE-406F-B5F9-10D58E304F11}.Debug|x64.ActiveCfg = Debug|x64
		{689DBCB6-55DE-406F-B5F9-10D58E304F11}.Debug|x64.Build.0 = Debug|x64
		{689DBCB6-55DE-406F-B5F9-10D58E304F11}.Debug|x86.ActiveCfg = Debug|Win32
		{689DBCB6-55DE-406F-B5F9-10D58E304F11}.Debug|x86.Build.0 = Debug|Win32
		{689DBCB6-55DE-406F-B5F9-10D58E304F11}.Release|x64.ActiveCfg = Release|x64
		{689DBCB6-55DE-406F-B5F9-10D58E304F11}.Release|x64.Build.0 = Release|x64
		{689DBCB6-55DE-406F-B5F9-10D58E304F11}.Release|x86.ActiveCfg = Release|Win32
		{689DBCB6-55DE-406F-B5F9-10D58E304F11}.Release|x86.Build.0 = Release|Win32
		{D82CF23D-0213-4417-8006-87A5BA3D1DA3}.Debug|x64.ActiveCfg = Debug|x64
		{D82CF23D-0213-4417-8006-87A5BA3D1DA3}.Debug|x64.Build.0 = Debug|x64
		{D82CF23D-0213-4417-8006-87A5BA3D1DA3}.Debug|x86.ActiveCfg = Debug|Win32
		{D82CF23D-0213-4417-8006-87A5BA3D1DA3}.Debug|x86.Build.0 = Debug|Win32
		{D82CF23D-0213-4417-8006-87A5BA3D1DA3}.Release|x64.ActiveCfg = Release|x64
		{D82CF23D-0213-4417-8006-87A5BA3D1DA3}.Release|x64.Build.0 = Release|x64
		{D82CF23D-0213-4417-8006-87A5BA3D1DA3}.Release|x86.ActiveCfg = Release|Win32
		{D82CF23D-0213-4417-8006-87A5BA3D1DA3}.Release|x86.Build.0 = Release|Win32
		{EF807B68-B62A-4147-B1E1-BFBF6E87A19C}.Debug|x64.ActiveCfg = Debug|x64
		{EF807B68-B62A-4147-B1E1-BFBF6E87A19C}.Debug|x64.Build.0 = Debug|x64
		{EF807B68-B62A-4147-B1E1-BFBF6E87A19C}.Debug|x86.ActiveCfg = Debug|Win32
		{EF807B68-B62A-4147-B1E1-BFBF6E87A19C}.Debug|x86.Build.0 = Debug|Win32
		{EF807B68-B62A-4147-B1E1-BFBF6E87A19C}.Release|x64.ActiveCfg = Release|x64
		{EF807B68-B62A-4147-B1E1-BFBF6E87A19C}.Release|x64.Build.0 = Release|x64
		{EF807B68-B62A-4147-B1E1-BFBF6E87A19C}.Release|x86.ActiveCfg = Release|Win32
		{EF807B68-B62A-4147-B1E1-BFBF6E87A19C}.Release|x86.Build.0 = Release|Win32
		{7A1E5E74-F14F-42ED-805B-165D663BC215}.Debug|x64.ActiveCfg = Debug|x64
		{7A1E5E74-F14F-42ED-805B-165D663BC215}.Debug|x64.Build.0 = Debug|x64
		{7A1E5E74-F14F-42ED-805B-165D663BC215}.Debug|x86.ActiveCfg = Debug|Win32
		{7A1E5E74-F14F-42ED-805B-165D663BC215}.Debug|x86.Build.0 = Debug|Win32
		{7A1E5E74-F14F-42ED-805B-165D663BC215}.Release|x64.ActiveCfg = Release|x64
		{7A1E5E74-F14F-42ED-805B-165D663BC215}.Release|x64.Build.0 = Release|x64
		{7A1E5E74-F14F-42ED-805B-165D663BC215}.Release|x86.ActiveCfg = Release|Win32
		{7A1E5E74-F14F-42ED-805B-165D663BC215}.Release|x86.Build.0 = Release|Win32
		{2A22AA43-5D92-4D08-879D-7D60CD7351C3}.Debug|x64.ActiveCfg = Debug|x64
		{2A22AA43-5D92-4D08-879D-7D60CD7351C3}.Debug|x64.Build.0 = Debug|x64
		{2A22AA43-5D92-4D08-879D-7D60CD7351C3}.Debug|x86.ActiveCfg = Debug|Win32
		{2A22AA43-5D92-4D08-879D-7D60CD7351C3}.Debug|x86.Build.0 = Debug|Win32
		{2A22AA43-5D92-4D08-879D-7D60CD7351C3}.Release|x64.ActiveCfg = Release|x64
		{2A22AA43-5D92-4D08-879D-7D60CD7351C3}.Release|x64.Build.0 = Release|x64
		{2A22AA43-5D92-4D08-879D-7D60CD7351C3}.Release|x86.ActiveCfg = Release|Win32
		{2A22AA43-5D92-4D08-879D-7D60CD7351C3}.Release|x86.Build.0 = Release|Win32
		{B5ABD590-450B-4FF2-ACA8-A2883E4998A6}.Debug|x64.ActiveCfg = Debug|x64
		{B5ABD590-450B-4FF2-ACA8-A2883E4998A6}.Debug|x64.Build.0 = Debug|x64
		{B5ABD590-450B-4FF2-ACA8-A2883E4998A6}.Debug|x86.ActiveCfg = Debug|Win32
		{B5ABD590-450B-4FF2-ACA8-A2883E4998A6}.Debug|x86.Build.0 = Debug|Win32
		{B5ABD590-450B-4FF2-ACA8-A2883E4998A6}.Release|x64.ActiveCfg = Release|x64
		{B5ABD590-450B-4FF2-ACA8-A2883E4998A6}.Release|x64.Build.0 = Release|x64
		{B5ABD590-450B-4FF2-ACA8-A2883E4998A6}.Release|x86.ActiveCfg = Release|Win32
		{B5ABD590-450B-4FF2-ACA8-A2883E4998A6}.Release|x86.Build.0 = Release|Win32
		{DE5FC583-2B0D-45B5-8462-B3C41471E984}.Debug|x64.ActiveCfg = Debug|x64
		{DE5FC583-2B0D-45B5-8462-B3C41471E984}.Debug|x64.Build.0 = Debug|x64
		{DE5FC583-2B0D-45B5-8462-B3C41471E984}.Debug|x86.ActiveCfg = Debug|Win32
		{DE5FC583-2B0D-45B5-8462-B3C41471E984}.Debug|x86.Build.0 = Debug|Win32
		{DE5FC583-2B0D-45B5-8462-B3C41471E984}.Release|x64.ActiveCfg = Release|x64
		{DE5FC583-2B0D-45B5-8462-B3C41471E984}.Release|x64.Build.0 = Release|x64
		{DE5FC583-2B0D-45B5-8462-B3C41471E984}.Release|x86.ActiveCfg = Release|Win32
		{DE5FC583-2B0D-45B5-8462-B3C41471E984}.Release|x86.Build.0 = Release|Win32
		{BAAAA189-D82F-4123-8571-B535C213EEED}.Debug|x64.ActiveCfg = Debug|x64
		{BAAAA189-D82F-4123-8571-B535C213EEED}.Debug|x64.Build.0 = Debug|x64
		{BAAAA189-D82F-4123-8571-B535C213EEED}.Debug|x86.ActiveCfg = Debug|Win32
		{BAAAA189-D82F-4123-8571-B535C213EEED}.Debug|x86.Build.0 = Debug|Win32
		{BAAAA189-D82F-4123-8571-B535C213EEED}.Release|x64.ActiveCfg = Release|x64
		{BAAAA189-D82F-4123-8571-B535C213EEED}.Release|x64.Build.0 = Release|x64
		{BAAAA189-D82F-4123-8571-B535C213EEED}.Release|x86.ActiveCfg = Release|Win32
		{BAAAA189-D82F-4123-8571-B535C213EEED}.Release|x86.Build.0 = Release|Win32
		{83FF6357-FDE4-45DF-8FDC-9EA7A6D9B1ED}.Debug|x64.ActiveCfg = Debug|x64
		{83FF6357-FDE4-45DF-8FDC-9EA7A6D9B1ED}.Debug|x64.Build.0 = Debug|x64
		{83FF6357-FDE4-45DF-8FDC-9EA7A6D9B1ED}.Debug|x86.ActiveCfg = Debug|Win32
		{83FF6357-FDE4-45DF-8FDC-9EA7A6D9B1ED}.Debug|x86.Build.0 = Debug|Win32
		{83FF6357-FDE4-45DF-8FDC-9EA7A6D9B1ED}.Release|x64.ActiveCfg = Release|x64
		{83FF6357-FDE4-45DF-8FDC-9EA7A6D9B1ED}.Release|x64.Build.0 = Release|x64
		{83FF6357-FDE4-45DF-8FDC-9EA7A6D9B1ED}.Release|x86.ActiveCfg = Release|Win32
		{83FF6357-FDE4-45DF-8FDC-9EA7A6D9B1ED}.Release|x86.Build.0 = Release|Win32
		{935B89C9-D930-4704-B781-5DAC6371A705}.Debug|x64.ActiveCfg = Debug|x64
		{935B89C9-D930-4704-B781-5DAC6371A705}.Debug|x64.Build.0 = Debug|x64
		{935B89C9-D930-4704-B781-5DAC6371A705}.Debug|x86.ActiveCfg = Debug|Win32
		{935B89C9-D930-4704-B781-5DAC6371A705}.Debug|x86.Build.0 = Debug|Win32
		{935B89C9-D930-4704-B781-5DAC6371A705}.Release|x64.ActiveCfg = Release|x64
		{935B89C9-D930-4704-B781-5DAC6371A705}.Release|x64.Build.0 = Release|x64
		{935B89C9-D930-4704-B781-5DAC6371A705}.Release|x86.ActiveCfg = Release|Win32
		{935B89C9-D930-4704-B781-5DAC6371A705}.Release|x86.Build.0 = Release|Win32
		{D3E2811C-FA13-4229-8DBE-F953622E3711}.Debug|x64.ActiveCfg = Debug|x64
		{D3E2811C-FA13-4229-8DBE-F953622E3711}.Debug|x64.Build.0 = Debug|x64
		{D3E2811C-FA13-4229-8DBE-F953622E3711}.Debug|x86.ActiveCfg = Debug|Win32
		{D3E2811C-FA13-4229-8DBE-F953622E3711}.Debug|x86.Build.0 = Debug|Win32
		{D3E2811C-FA13-4229-8DBE-F953622E3711}.Release|x64.ActiveCfg = Release|x64
		{D3E2811C-FA13-4229-8DBE-F953622E3711}.Release|x64.Build.0 = Release|x64
		{D3E2811C-FA13-4229-8DBE-F953622E3711}.Release|x86.ActiveCfg = Release|Win32
		{D3E2811C-FA13-4229-8DBE-F953622E3711}.Release|x86.Build.0 = Release|Win32
		{9F0FEC43-66D4-4946-97F6-CC0C76B98454}.Debug|x64.ActiveCfg = Debug|x64
		{9F0FEC43-66D4-4946-97F6-CC0C76B98454}.Debug|x64.Build.0 = Debug|x64
		{9F0FEC43-66D4-4946-97F6-CC0C76B98454}.Debug|x86.ActiveCfg = Debug|Win32
		{9F0FEC43-66D4-4946-97F6-CC0C76B98454}.Debug|x86.Build.0 = Debug|Win32
		{9F0FEC43-66D4-4946-97F6-CC0C76B98454}.Release|x64.ActiveCfg = Release|x64
		{9F0FEC43-66D4-4946-97F6-CC0C76B98454}.Release|x64.Build.0 = Release|x64
		{9F0FEC43-66D4-4946-97F6-CC0C76B98454}.Release|x86.ActiveCfg = Release|Win32
		{9F0FEC43-66D4-4946-97F6-CC0C76B98454}.Release|x86.Build.0 = Release|Win32
		{57718D7F-F48F-4F94-BCAA-8F291297949B}.Debug|x64.ActiveCfg = Debug|x64
		{57718D7F-F48F-4F94-BCAA-8F291297949B}.Debug|x64.Build.0 = Debug|x64
		{57718D7F-F48F-4F94-BCAA-8F291297949B}.Debug|x86.ActiveCfg = Debug|Win32
		{57718D7F-F48F-4F94-BCAA-8F291297949B}.Debug|x86.Build.0 = Debug|Win32
		{57718D7F-F48F-4F94-BCAA-8F291297949B}.Release|x64.ActiveCfg = Release|x64
		{57718D7F-F48F-4F94-BCAA-8F291297949B}.Release|x64.Build.0 = Release|x64
		{57718D7F-F48F-4F94-BCAA-8F291297949B}.Release|x86.ActiveCfg = Release|Win32
		{57718D7F-F48F-4F94-BCAA-8F291297949B}.Release|x86.Build.0 = Release|Win32
		{19C3704A-91EE-464E-A6B4-80F49D97A1F5}.Debug|x64.ActiveCfg = Debug|x64
		{19C3704A-91EE-464E-A6B4-80F49D97A1F5}.Debug|x64.Build.0 = Debug|x64
		{19C3704A-91EE-464E-A6B4-80F49D97A1F5}.Debug|x86.ActiveCfg = Debug|Win32
		{19C3704A-91EE-464E-A6B4-80F49D97A1F5}.Debug|x86.Build.0 = Debug|Win32
		{19C3704A-91EE-464E-A6B4-80F49D97A1F5}.Release|x64.ActiveCfg = Release|x64
		{19C3704A-91EE-464E-A6B4-80F49D97A1F5}.Release|x64.Build.0 = Release|x64
		{19C3704A-91EE-464E-A6B4-80F49D97A1F5}.Release|x86.ActiveCfg = Release|Win32
		{19C3704A-91EE-464E-A6B4-80F49D97A1F5}.Release|x86.Build.0 = Release|Win32
		{84401526-E36A-43BF-AD1E-B5FE984097B5}.Debug|x64.ActiveCfg = Debug|x64
		{84401526-E36A-43BF-AD1E-B5FE984097B5}.Debug|x64.Build.0 = Debug|x64
		{84401526-E36A-43BF-AD1E-B5FE984097B5}.Debug|x86.ActiveCfg = Debug|Win32
		{84401526-E36A-43BF-AD1E-B5FE984097B5}.Debug|x86.Build.0 = Debug|Win32
		{84401526-E36A-43BF-AD1E-B5FE984097B5}.Release|x64.ActiveCfg = Release|x64
		{84401526-E36A-43BF-AD1E-B5FE984097B5}.Release|x64.Build.0 = Release|x64
		{84401526-E36A-43BF-AD1E-B5FE984097B5}.Release|x86.ActiveCfg = Release|Win32
		{84401526-E36A-43BF-AD1E-B5FE984097B5}.Release|x86.Build.0 = Release|Win32
		{F84115B4-614F-49BA-8D7E-0714CEF75E74}.Debug|x64.ActiveCfg = Debug|x64
		{F84115B4-614F-49BA-8D7E-0714CEF75E74}.Debug|x64.Build.0 = Debug|x64
		{F84115B4-614F-49BA-8D7E-0714CEF75E74}.Debug|x86.ActiveCfg = Debug|Win32
		{F84115B4-614F-49BA-8D7E-0714CEF75E74}.Debug|x86.Build.0 = Debug|Win32
		{F84115B4-614F-49BA-8D7E-0714CEF75E74}.Release|x64.ActiveCfg = Release|x64
		{F84115B4-614F-49BA-8D7E-0714CEF75E74}.Release|x64.Build.0 = Release|x64
		{F84115B4-614F-49BA-8D7E-0714CEF75E74}.Release|x86.ActiveCfg = Release|Win32
		{F84115B4-614F-49BA-8D7E-0714CEF75E74}.Release|x86.Build.0 = Release|Win32
		{A7CBE76F-52A8-4118-990D-83F1EACA69C7}.Debug|x64.ActiveCfg = Debug|x64
		{A7CBE76F-52A8-4118-990D-83F1EACA69C7}.Debug|x64.Build.0 = Debug|x64
		{A7CBE76F-52A8-4118-990D-83F1EACA69C7}.Debug|x86.ActiveCfg = Debug|Win32
		{A7CBE76F-52A8-4118-990D-83F1EACA69C7}.Debug|x86.Build.0 = Debug|Win32
		{A7CBE76F-52A8-4118-990D-83F1EACA69C7}.Release|x64.ActiveCfg = Release|x64
		{A7CBE76F-52A8-4118-990D-83F1EACA69C7}.Release|x64.Build.0 = Release|x64
		{A7CBE76F-52A8-4118-990D-83F1EACA69C7}.Release|x86.ActiveCfg = Release|Win32
		{A7CBE76F-52A8-4118-990D-83F1EACA69C7}.Release|x86.Build.0 = Release|Win32
		{9B378538-D441-439B-B7DD-109EA2240A99}.Debug|x64.ActiveCfg = Debug|x64
		{9B378538-D441-439B-B7DD-109EA2240A99}.Debug|x64.Build.0 = Debug|x64
		{9B378538-D441-439B-B7DD-109EA2240A99}.Debug|x86.ActiveCfg = Debug|Win32
		{9B378538-D441-439B-B7DD-109EA2240A99}.Debug|x86.Build.0 = Debug|Win32
		{9B378538-D441-439B-B7DD-109EA2240A99}.Release|x64.ActiveCfg = Release|x64
		{9B378538-D441-439B-B7DD-109EA2240A99}.Release|x64.Build.0 = Release|x64
		{9B378538-D441-439B-B7DD-109EA2240A99}.Release|x86.ActiveCfg = Release|Win32
		{9B378538-D441-439B-B7DD-109EA2240A99}.Release|x86.Build.0 = Release|Win32
		{8A3B3721-EEAD-4C45-B910-5AE266AED9FB}.Debug|x64.ActiveCfg = Debug|x64
		{8A3B3721-EEAD-4C45-B910-5AE266AED9FB}.Debug|x64.Build.0 = Debug|x64
		{8A3B3721-EEAD-4C45-B910-5AE266AED9FB}.Debug|x86.ActiveCfg = Debug|Win32
		{8A3B3721-EEAD-4C45-B910-5AE266AED9FB}.Debug|x86.Build.0 = Debug|Win32
		{8A3B3721-EEAD-4C45-B910-5AE266AED9FB}.Release|x64.ActiveCfg = Release|x64
		{8A3B3721-EEAD-4C45-B910-5AE266AED9FB}.Release|x64.Build.0 = Release|x64
		{8A3B3721-EEAD-4C45-B910-5AE266AED9FB}.Release|x86.ActiveCfg = Release|Win32
		{8A3B3721-EEAD-4C45-B910-5AE266AED9FB}.Release|x86.Build.0 = Release|Win32
		{093E4A69-CD91-4E94-8A90-735E9A24AA72}.Debug|x64.ActiveCfg = Debug|x64
		{093E4A69-CD91-4E94-8A90-735E9A24AA72}.Debug|x64.Build.0 = Debug|x64
		{093E4A69-CD91-4E94-8A90-735E9A24AA72}.Debug|x86.ActiveCfg = Debug|Win32
		{093E4A69-CD91-4E94-8A90-735E9A24AA72}.Debug|x86.Build.0 = Debug|Win32
		{093E4A69-CD91-4E94-8A90-735E9A24AA72}.Release|x64.ActiveCfg = Release|x64
		{093E4A69-CD91-4E94-8A90-735E9A24AA72}.Release|x64.Build.0 = Release|x64
		{093E4A69-CD91-4E94-8A90-735E9A24AA72}.Release|x86.ActiveCfg = Release|Win32
		{093E4A69-CD91-4E94-8A90-735E9A24AA72}.Release|x86.Build.0 = Release|Win32
		{91D96B21-226B-49EF-ADFA-540670F8B016}.Debug|x64.ActiveCfg = Debug|x64
		{91D96B21-226B-49EF-ADFA-540670F8B016}.Debug|x64.Build.0 = Debug|x64
		{91D96B21-226B-49EF-ADFA-540670F8B016}.Debug|x86.ActiveCfg = Debug|Win32
		{91D96B21-226B-49EF-ADFA-540670F8B016}.Debug|x86.Build.0 = Debug|Win32
		{91D96B21-226B-49EF-ADFA-540670F8B016}.Release|x64.ActiveCfg = Release|x64
		{91D96B21-226B-49EF-ADFA-540670F8B016}.Release|x64.Build.0 = Release|x64
		{91D96B21-226B-49EF-ADFA-540670F8B016}.Release|x86.ActiveCfg = Release|Win32
		{91D96B21-226B-49EF-ADFA-540670F8B016}.Release|x86.Build.0 = Release|Win32
		{4F809FCE-4206-4322-A35E-FD0E84B09B00}.Debug|x64.ActiveCfg = Debug|x64
		{4F809FCE-4206-4322-A35E-FD0E84B09B00}.Debug|x64.Build.0 = Debug|x64
		{4F809FCE-4206-4322-A35E-FD0E84B09B00}.Debug|x86.ActiveCfg = Debug|Win32
		{4F809FCE-4206-4322-A35E-FD0E84B09B00}.Debug|x86.Build.0 = Debug|Win32
		{4F809FCE-4206-4322-A35E-FD0E84B09B00}.Release|x64.ActiveCfg = Release|x64
		{4F809FCE-4206-4322-A35E-FD0E84B09B00}.Release|x64.Build.0 = Release|x64
		{4F809FCE-4206-4322-A35E-FD0E84B09B00}.Release|x86.ActiveCfg = Release|Win32
		{4F809FCE-4206-4322-A35E-FD0E84B09B00}.Release|x86.Build.0 = Release|Win32
		{E278B56B-D069-4197-81CD-A1FABAFA105E}.Debug|x64.ActiveCfg = Debug|x64
		{E278B56B-D069-4197-81CD-A1FABAFA105E}.Debug|x64.Build.0 = Debug|x64
		{E278B56B-D069-4197-81CD-A1FABAFA105E}.Debug|x86.ActiveCfg = Debug|Win32
		{E278B56B-D069-4197-81CD-A1FABAFA105E}.Debug|x86.Build.0 = Debug|Win32
		{E278B56B-D069-4197-81CD-A1FABAFA105E}.Release|x64.ActiveCfg = Release|x64
		{E278B56B-D069-4197-81CD-A1FABAFA105E}.Release|x64.Build.0 = Release|x64
		{E278B56B-D069-4197-81CD-A1FABAFA105E}.Release|x86.ActiveCfg = Release|Win32
		{E278B56B-D069-4197-81CD-A1FABAFA105E}.Release|x86.Build.0 = Release|Win32
	EndGlobalSection
	GlobalSection(SolutionProperties) = preSolution
		HideSolutionNode = FALSE
	EndGlobalSection
	GlobalSection(ExtensibilityGlobals) = postSolution
		SolutionGuid = {559B6C84-008B-491C-ABBB-27D3A28432DC}
	EndGlobalSection
EndGlobal
